// !$*UTF8*$!
{
	archiveVersion = 1;
	classes = {
	};
	objectVersion = 56;
	objects = {

/* Begin PBXBuildFile section */
		AA0000010000000000000001 /* CardGameApp.swift in Sources */ = {isa = PBXBuildFile; fileRef = AA0000020000000000000001 /* CardGameApp.swift */; };
		AA0000030000000000000001 /* ContentView.swift in Sources */ = {isa = PBXBuildFile; fileRef = AA0000040000000000000001 /* ContentView.swift */; };
		AA0000050000000000000001 /* Card.swift in Sources */ = {isa = PBXBuildFile; fileRef = AA0000060000000000000001 /* Card.swift */; };
		AA0000070000000000000001 /* CardType.swift in Sources */ = {isa = PBXBuildFile; fileRef = AA0000080000000000000001 /* CardType.swift */; };
		AA0000090000000000000001 /* Player.swift in Sources */ = {isa = PBXBuildFile; fileRef = AA0000100000000000000001 /* Player.swift */; };
		AA0000110000000000000001 /* GameState.swift in Sources */ = {isa = PBXBuildFile; fileRef = AA0000120000000000000001 /* GameState.swift */; };
		AA0000130000000000000001 /* CardView.swift in Sources */ = {isa = PBXBuildFile; fileRef = AA0000140000000000000001 /* CardView.swift */; };
		AA0000150000000000000001 /* PlayerHandView.swift in Sources */ = {isa = PBXBuildFile; fileRef = AA0000160000000000000001 /* PlayerHandView.swift */; };
		AA0000170000000000000001 /* GameBoardView.swift in Sources */ = {isa = PBXBuildFile; fileRef = AA0000180000000000000001 /* GameBoardView.swift */; };
		AA0000190000000000000001 /* SampleCards.swift in Sources */ = {isa = PBXBuildFile; fileRef = AA0000200000000000000001 /* SampleCards.swift */; };
		AA0000410000000000000001 /* Localization.swift in Sources */ = {isa = PBXBuildFile; fileRef = AA0000420000000000000001 /* Localization.swift */; };
		AA0000430000000000000001 /* Localizable.strings in Resources */ = {isa = PBXBuildFile; fileRef = AA0000450000000000000001 /* Localizable.strings */; };
		AA0000480000000000000001 /* RulesView.swift in Sources */ = {isa = PBXBuildFile; fileRef = AA0000490000000000000001 /* RulesView.swift */; };
		AA0000500000000000000001 /* TwilightMarchesCards.swift in Sources */ = {isa = PBXBuildFile; fileRef = AA0000510000000000000001 /* TwilightMarchesCards.swift */; };
		AA0000520000000000000001 /* GameSave.swift in Sources */ = {isa = PBXBuildFile; fileRef = AA0000530000000000000001 /* GameSave.swift */; };
		AA0000540000000000000001 /* StatisticsView.swift in Sources */ = {isa = PBXBuildFile; fileRef = AA0000550000000000000001 /* StatisticsView.swift */; };
/* End PBXBuildFile section */

/* Begin PBXFileReference section */
		AA0000210000000000000001 /* CardSampleGame.app */ = {isa = PBXFileReference; explicitFileType = wrapper.application; includeInIndex = 0; path = CardSampleGame.app; sourceTree = BUILT_PRODUCTS_DIR; };
		AA0000020000000000000001 /* CardGameApp.swift */ = {isa = PBXFileReference; lastKnownFileType = sourcecode.swift; path = CardGameApp.swift; sourceTree = "<group>"; };
		AA0000040000000000000001 /* ContentView.swift */ = {isa = PBXFileReference; lastKnownFileType = sourcecode.swift; path = ContentView.swift; sourceTree = "<group>"; };
		AA0000060000000000000001 /* Card.swift */ = {isa = PBXFileReference; lastKnownFileType = sourcecode.swift; path = Card.swift; sourceTree = "<group>"; };
		AA0000080000000000000001 /* CardType.swift */ = {isa = PBXFileReference; lastKnownFileType = sourcecode.swift; path = CardType.swift; sourceTree = "<group>"; };
		AA0000100000000000000001 /* Player.swift */ = {isa = PBXFileReference; lastKnownFileType = sourcecode.swift; path = Player.swift; sourceTree = "<group>"; };
		AA0000120000000000000001 /* GameState.swift */ = {isa = PBXFileReference; lastKnownFileType = sourcecode.swift; path = GameState.swift; sourceTree = "<group>"; };
		AA0000140000000000000001 /* CardView.swift */ = {isa = PBXFileReference; lastKnownFileType = sourcecode.swift; path = CardView.swift; sourceTree = "<group>"; };
		AA0000160000000000000001 /* PlayerHandView.swift */ = {isa = PBXFileReference; lastKnownFileType = sourcecode.swift; path = PlayerHandView.swift; sourceTree = "<group>"; };
		AA0000180000000000000001 /* GameBoardView.swift */ = {isa = PBXFileReference; lastKnownFileType = sourcecode.swift; path = GameBoardView.swift; sourceTree = "<group>"; };
		AA0000200000000000000001 /* SampleCards.swift */ = {isa = PBXFileReference; lastKnownFileType = sourcecode.swift; path = SampleCards.swift; sourceTree = "<group>"; };
		AA0000400000000000000001 /* CardSampleGame.entitlements */ = {isa = PBXFileReference; lastKnownFileType = text.plist.entitlements; path = CardSampleGame.entitlements; sourceTree = "<group>"; };
		AA0000420000000000000001 /* Localization.swift */ = {isa = PBXFileReference; lastKnownFileType = sourcecode.swift; path = Localization.swift; sourceTree = "<group>"; };
		AA0000440000000000000001 /* en */ = {isa = PBXFileReference; lastKnownFileType = text.plist.strings; name = en; path = en.lproj/Localizable.strings; sourceTree = "<group>"; };
		AA0000460000000000000001 /* ru */ = {isa = PBXFileReference; lastKnownFileType = text.plist.strings; name = ru; path = ru.lproj/Localizable.strings; sourceTree = "<group>"; };
		AA0000490000000000000001 /* RulesView.swift */ = {isa = PBXFileReference; lastKnownFileType = sourcecode.swift; path = RulesView.swift; sourceTree = "<group>"; };
		AA0000510000000000000001 /* TwilightMarchesCards.swift */ = {isa = PBXFileReference; lastKnownFileType = sourcecode.swift; path = TwilightMarchesCards.swift; sourceTree = "<group>"; };
		AA0000530000000000000001 /* GameSave.swift */ = {isa = PBXFileReference; lastKnownFileType = sourcecode.swift; path = GameSave.swift; sourceTree = "<group>"; };
		AA0000550000000000000001 /* StatisticsView.swift */ = {isa = PBXFileReference; lastKnownFileType = sourcecode.swift; path = StatisticsView.swift; sourceTree = "<group>"; };
/* End PBXFileReference section */

/* Begin PBXFrameworksBuildPhase section */
		AA0000230000000000000001 /* Frameworks */ = {
			isa = PBXFrameworksBuildPhase;
			buildActionMask = 2147483647;
			files = (
			);
			runOnlyForDeploymentPostprocessing = 0;
		};
/* End PBXFrameworksBuildPhase section */

/* Begin PBXGroup section */
		AA0000240000000000000001 = {
			isa = PBXGroup;
			children = (
				AA0000250000000000000001 /* CardSampleGame */,
				AA0000260000000000000001 /* Products */,
			);
			sourceTree = "<group>";
		};
		AA0000250000000000000001 /* CardSampleGame */ = {
			isa = PBXGroup;
			children = (
				AA0000400000000000000001 /* CardSampleGame.entitlements */,
				AA0000020000000000000001 /* CardGameApp.swift */,
				AA0000040000000000000001 /* ContentView.swift */,
				AA0000270000000000000001 /* Models */,
				AA0000280000000000000001 /* Views */,
				AA0000290000000000000001 /* Data */,
				AA0000470000000000000001 /* Helpers */,
				AA0000450000000000000001 /* Localizable.strings */,
			);
			path = ".";
			sourceTree = "<group>";
		};
		AA0000260000000000000001 /* Products */ = {
			isa = PBXGroup;
			children = (
				AA0000210000000000000001 /* CardSampleGame.app */,
			);
			name = Products;
			sourceTree = "<group>";
		};
		AA0000270000000000000001 /* Models */ = {
			isa = PBXGroup;
			children = (
				AA0000060000000000000001 /* Card.swift */,
				AA0000080000000000000001 /* CardType.swift */,
				AA0000100000000000000001 /* Player.swift */,
				AA0000120000000000000001 /* GameState.swift */,
				AA0000530000000000000001 /* GameSave.swift */,
			);
			path = Models;
			sourceTree = "<group>";
		};
		AA0000280000000000000001 /* Views */ = {
			isa = PBXGroup;
			children = (
				AA0000140000000000000001 /* CardView.swift */,
				AA0000160000000000000001 /* PlayerHandView.swift */,
				AA0000180000000000000001 /* GameBoardView.swift */,
				AA0000490000000000000001 /* RulesView.swift */,
				AA0000550000000000000001 /* StatisticsView.swift */,
			);
			path = Views;
			sourceTree = "<group>";
		};
		AA0000290000000000000001 /* Data */ = {
			isa = PBXGroup;
			children = (
				AA0000200000000000000001 /* SampleCards.swift */,
				AA0000510000000000000001 /* TwilightMarchesCards.swift */,
			);
			path = Data;
			sourceTree = "<group>";
		};
		AA0000470000000000000001 /* Helpers */ = {
			isa = PBXGroup;
			children = (
				AA0000420000000000000001 /* Localization.swift */,
			);
			path = Helpers;
			sourceTree = "<group>";
		};
/* End PBXGroup section */

/* Begin PBXVariantGroup section */
		AA0000450000000000000001 /* Localizable.strings */ = {
			isa = PBXVariantGroup;
			children = (
				AA0000440000000000000001 /* en */,
				AA0000460000000000000001 /* ru */,
			);
			name = Localizable.strings;
			sourceTree = "<group>";
		};
/* End PBXVariantGroup section */

/* Begin PBXNativeTarget section */
		AA0000300000000000000001 /* CardSampleGame */ = {
			isa = PBXNativeTarget;
			buildConfigurationList = AA0000310000000000000001 /* Build configuration list for PBXNativeTarget "CardSampleGame" */;
			buildPhases = (
				AA0000320000000000000001 /* Sources */,
				AA0000230000000000000001 /* Frameworks */,
				AA0000330000000000000001 /* Resources */,
			);
			buildRules = (
			);
			dependencies = (
			);
			name = CardSampleGame;
			productName = CardSampleGame;
			productReference = AA0000210000000000000001 /* CardSampleGame.app */;
			productType = "com.apple.product-type.application";
		};
/* End PBXNativeTarget section */

/* Begin PBXProject section */
		AA0000340000000000000001 /* Project object */ = {
			isa = PBXProject;
			attributes = {
				BuildIndependentTargetsInParallel = 1;
				LastSwiftUpdateCheck = 1500;
				LastUpgradeCheck = 1500;
				TargetAttributes = {
					AA0000300000000000000001 = {
						CreatedOnToolsVersion = 15.0;
					};
				};
			};
			buildConfigurationList = AA0000350000000000000001 /* Build configuration list for PBXProject "CardSampleGame" */;
			compatibilityVersion = "Xcode 14.0";
			developmentRegion = en;
			hasScannedForEncodings = 0;
			knownRegions = (
				en,
				Base,
				ru,
			);
			mainGroup = AA0000240000000000000001;
			productRefGroup = AA0000260000000000000001 /* Products */;
			projectDirPath = "";
			projectRoot = "";
			targets = (
				AA0000300000000000000001 /* CardSampleGame */,
			);
		};
/* End PBXProject section */

/* Begin PBXResourcesBuildPhase section */
		AA0000330000000000000001 /* Resources */ = {
			isa = PBXResourcesBuildPhase;
			buildActionMask = 2147483647;
			files = (
				AA0000430000000000000001 /* Localizable.strings in Resources */,
			);
			runOnlyForDeploymentPostprocessing = 0;
		};
/* End PBXResourcesBuildPhase section */

/* Begin PBXSourcesBuildPhase section */
		AA0000320000000000000001 /* Sources */ = {
			isa = PBXSourcesBuildPhase;
			buildActionMask = 2147483647;
			files = (
				AA0000030000000000000001 /* ContentView.swift in Sources */,
				AA0000010000000000000001 /* CardGameApp.swift in Sources */,
				AA0000050000000000000001 /* Card.swift in Sources */,
				AA0000070000000000000001 /* CardType.swift in Sources */,
				AA0000090000000000000001 /* Player.swift in Sources */,
				AA0000110000000000000001 /* GameState.swift in Sources */,
				AA0000130000000000000001 /* CardView.swift in Sources */,
				AA0000150000000000000001 /* PlayerHandView.swift in Sources */,
				AA0000170000000000000001 /* GameBoardView.swift in Sources */,
				AA0000190000000000000001 /* SampleCards.swift in Sources */,
				AA0000500000000000000001 /* TwilightMarchesCards.swift in Sources */,
				AA0000410000000000000001 /* Localization.swift in Sources */,
				AA0000480000000000000001 /* RulesView.swift in Sources */,
				AA0000520000000000000001 /* GameSave.swift in Sources */,
				AA0000540000000000000001 /* StatisticsView.swift in Sources */,
			);
			runOnlyForDeploymentPostprocessing = 0;
		};
/* End PBXSourcesBuildPhase section */

/* Begin XCBuildConfiguration section */
		AA0000360000000000000001 /* Debug */ = {
			isa = XCBuildConfiguration;
			buildSettings = {
				ALWAYS_SEARCH_USER_PATHS = NO;
				ASSETCATALOG_COMPILER_GENERATE_SWIFT_ASSET_SYMBOL_EXTENSIONS = YES;
				CLANG_ANALYZER_NONNULL = YES;
				CLANG_ANALYZER_NUMBER_OBJECT_CONVERSION = YES_AGGRESSIVE;
				CLANG_CXX_LANGUAGE_STANDARD = "gnu++20";
				CLANG_ENABLE_MODULES = YES;
				CLANG_ENABLE_OBJC_ARC = YES;
				CLANG_ENABLE_OBJC_WEAK = YES;
				CLANG_WARN_BLOCK_CAPTURE_AUTORELEASING = YES;
				CLANG_WARN_BOOL_CONVERSION = YES;
				CLANG_WARN_COMMA = YES;
				CLANG_WARN_CONSTANT_CONVERSION = YES;
				CLANG_WARN_DEPRECATED_OBJC_IMPLEMENTATIONS = YES;
				CLANG_WARN_DIRECT_OBJC_ISA_USAGE = YES_ERROR;
				CLANG_WARN_DOCUMENTATION_COMMENTS = YES;
				CLANG_WARN_EMPTY_BODY = YES;
				CLANG_WARN_ENUM_CONVERSION = YES;
				CLANG_WARN_INFINITE_RECURSION = YES;
				CLANG_WARN_INT_CONVERSION = YES;
				CLANG_WARN_NON_LITERAL_NULL_CONVERSION = YES;
				CLANG_WARN_OBJC_IMPLICIT_RETAIN_SELF = YES;
				CLANG_WARN_OBJC_LITERAL_CONVERSION = YES;
				CLANG_WARN_OBJC_ROOT_CLASS = YES_ERROR;
				CLANG_WARN_QUOTED_INCLUDE_IN_FRAMEWORK_HEADER = YES;
				CLANG_WARN_RANGE_LOOP_ANALYSIS = YES;
				CLANG_WARN_STRICT_PROTOTYPES = YES;
				CLANG_WARN_SUSPICIOUS_MOVE = YES;
				CLANG_WARN_UNGUARDED_AVAILABILITY = YES_AGGRESSIVE;
				CLANG_WARN_UNREACHABLE_CODE = YES;
				CLANG_WARN__DUPLICATE_METHOD_MATCH = YES;
				COPY_PHASE_STRIP = NO;
				DEBUG_INFORMATION_FORMAT = dwarf;
				ENABLE_STRICT_OBJC_MSGSEND = YES;
				ENABLE_TESTABILITY = YES;
				ENABLE_USER_SCRIPT_SANDBOXING = YES;
				GCC_C_LANGUAGE_STANDARD = gnu17;
				GCC_DYNAMIC_NO_PIC = NO;
				GCC_NO_COMMON_BLOCKS = YES;
				GCC_OPTIMIZATION_LEVEL = 0;
				GCC_PREPROCESSOR_DEFINITIONS = (
					"DEBUG=1",
					"$(inherited)",
				);
				GCC_WARN_64_TO_32_BIT_CONVERSION = YES;
				GCC_WARN_ABOUT_RETURN_TYPE = YES_ERROR;
				GCC_WARN_UNDECLARED_SELECTOR = YES;
				GCC_WARN_UNINITIALIZED_AUTOS = YES_AGGRESSIVE;
				GCC_WARN_UNUSED_FUNCTION = YES;
				GCC_WARN_UNUSED_VARIABLE = YES;
				IPHONEOS_DEPLOYMENT_TARGET = 16.0;
				LOCALIZATION_PREFERS_STRING_CATALOGS = YES;
				MTL_ENABLE_DEBUG_INFO = INCLUDE_SOURCE;
				MTL_FAST_MATH = YES;
				ONLY_ACTIVE_ARCH = YES;
				SDKROOT = iphoneos;
				SWIFT_ACTIVE_COMPILATION_CONDITIONS = "DEBUG $(inherited)";
				SWIFT_OPTIMIZATION_LEVEL = "-Onone";
			};
			name = Debug;
		};
		AA0000370000000000000001 /* Release */ = {
			isa = XCBuildConfiguration;
			buildSettings = {
				ALWAYS_SEARCH_USER_PATHS = NO;
				ASSETCATALOG_COMPILER_GENERATE_SWIFT_ASSET_SYMBOL_EXTENSIONS = YES;
				CLANG_ANALYZER_NONNULL = YES;
				CLANG_ANALYZER_NUMBER_OBJECT_CONVERSION = YES_AGGRESSIVE;
				CLANG_CXX_LANGUAGE_STANDARD = "gnu++20";
				CLANG_ENABLE_MODULES = YES;
				CLANG_ENABLE_OBJC_ARC = YES;
				CLANG_ENABLE_OBJC_WEAK = YES;
				CLANG_WARN_BLOCK_CAPTURE_AUTORELEASING = YES;
				CLANG_WARN_BOOL_CONVERSION = YES;
				CLANG_WARN_COMMA = YES;
				CLANG_WARN_CONSTANT_CONVERSION = YES;
				CLANG_WARN_DEPRECATED_OBJC_IMPLEMENTATIONS = YES;
				CLANG_WARN_DIRECT_OBJC_ISA_USAGE = YES_ERROR;
				CLANG_WARN_DOCUMENTATION_COMMENTS = YES;
				CLANG_WARN_EMPTY_BODY = YES;
				CLANG_WARN_ENUM_CONVERSION = YES;
				CLANG_WARN_INFINITE_RECURSION = YES;
				CLANG_WARN_INT_CONVERSION = YES;
				CLANG_WARN_NON_LITERAL_NULL_CONVERSION = YES;
				CLANG_WARN_OBJC_IMPLICIT_RETAIN_SELF = YES;
				CLANG_WARN_OBJC_LITERAL_CONVERSION = YES;
				CLANG_WARN_OBJC_ROOT_CLASS = YES_ERROR;
				CLANG_WARN_QUOTED_INCLUDE_IN_FRAMEWORK_HEADER = YES;
				CLANG_WARN_RANGE_LOOP_ANALYSIS = YES;
				CLANG_WARN_STRICT_PROTOTYPES = YES;
				CLANG_WARN_SUSPICIOUS_MOVE = YES;
				CLANG_WARN_UNGUARDED_AVAILABILITY = YES_AGGRESSIVE;
				CLANG_WARN_UNREACHABLE_CODE = YES;
				CLANG_WARN__DUPLICATE_METHOD_MATCH = YES;
				COPY_PHASE_STRIP = NO;
				DEBUG_INFORMATION_FORMAT = "dwarf-with-dsym";
				ENABLE_NS_ASSERTIONS = NO;
				ENABLE_STRICT_OBJC_MSGSEND = YES;
				ENABLE_USER_SCRIPT_SANDBOXING = YES;
				GCC_C_LANGUAGE_STANDARD = gnu17;
				GCC_NO_COMMON_BLOCKS = YES;
				GCC_WARN_64_TO_32_BIT_CONVERSION = YES;
				GCC_WARN_ABOUT_RETURN_TYPE = YES_ERROR;
				GCC_WARN_UNDECLARED_SELECTOR = YES;
				GCC_WARN_UNINITIALIZED_AUTOS = YES_AGGRESSIVE;
				GCC_WARN_UNUSED_FUNCTION = YES;
				GCC_WARN_UNUSED_VARIABLE = YES;
				IPHONEOS_DEPLOYMENT_TARGET = 16.0;
				LOCALIZATION_PREFERS_STRING_CATALOGS = YES;
				MTL_ENABLE_DEBUG_INFO = NO;
				MTL_FAST_MATH = YES;
				SDKROOT = iphoneos;
				SWIFT_COMPILATION_MODE = wholemodule;
				VALIDATE_PRODUCT = YES;
			};
			name = Release;
		};
		AA0000380000000000000001 /* Debug */ = {
			isa = XCBuildConfiguration;
			buildSettings = {
				ASSETCATALOG_COMPILER_APPICON_NAME = AppIcon;
				ASSETCATALOG_COMPILER_GLOBAL_ACCENT_COLOR_NAME = AccentColor;
				CODE_SIGN_ENTITLEMENTS = CardSampleGame.entitlements;
				CODE_SIGN_STYLE = Automatic;
				CURRENT_PROJECT_VERSION = 1;
				DEVELOPMENT_TEAM = "";
				ENABLE_PREVIEWS = YES;
				GENERATE_INFOPLIST_FILE = YES;
				INFOPLIST_KEY_CFBundleDisplayName = "Card Adventure";
				INFOPLIST_KEY_UIApplicationSceneManifest_Generation = YES;
				INFOPLIST_KEY_UIApplicationSupportsIndirectInputEvents = YES;
				INFOPLIST_KEY_UILaunchScreen_Generation = YES;
				INFOPLIST_KEY_UISupportedInterfaceOrientations = "UIInterfaceOrientationPortrait UIInterfaceOrientationLandscapeLeft UIInterfaceOrientationLandscapeRight";
				INFOPLIST_KEY_UISupportedInterfaceOrientations_iPad = "UIInterfaceOrientationPortrait UIInterfaceOrientationPortraitUpsideDown UIInterfaceOrientationLandscapeLeft UIInterfaceOrientationLandscapeRight";
				LD_RUNPATH_SEARCH_PATHS = (
					"$(inherited)",
					"@executable_path/Frameworks",
				);
				MARKETING_VERSION = 1.0;
				PRODUCT_BUNDLE_IDENTIFIER = com.cardgame.CardSampleGame;
				PRODUCT_NAME = "$(TARGET_NAME)";
				SWIFT_EMIT_LOC_STRINGS = YES;
				SWIFT_VERSION = 5.0;
				TARGETED_DEVICE_FAMILY = "1,2";
			};
			name = Debug;
		};
		AA0000390000000000000001 /* Release */ = {
			isa = XCBuildConfiguration;
			buildSettings = {
				ASSETCATALOG_COMPILER_APPICON_NAME = AppIcon;
				ASSETCATALOG_COMPILER_GLOBAL_ACCENT_COLOR_NAME = AccentColor;
				CODE_SIGN_ENTITLEMENTS = CardSampleGame.entitlements;
				CODE_SIGN_STYLE = Automatic;
				CURRENT_PROJECT_VERSION = 1;
				DEVELOPMENT_TEAM = "";
				ENABLE_PREVIEWS = YES;
				GENERATE_INFOPLIST_FILE = YES;
				INFOPLIST_KEY_CFBundleDisplayName = "Card Adventure";
				INFOPLIST_KEY_UIApplicationSceneManifest_Generation = YES;
				INFOPLIST_KEY_UIApplicationSupportsIndirectInputEvents = YES;
				INFOPLIST_KEY_UILaunchScreen_Generation = YES;
				INFOPLIST_KEY_UISupportedInterfaceOrientations = "UIInterfaceOrientationPortrait UIInterfaceOrientationLandscapeLeft UIInterfaceOrientationLandscapeRight";
				INFOPLIST_KEY_UISupportedInterfaceOrientations_iPad = "UIInterfaceOrientationPortrait UIInterfaceOrientationPortraitUpsideDown UIInterfaceOrientationLandscapeLeft UIInterfaceOrientationLandscapeRight";
				LD_RUNPATH_SEARCH_PATHS = (
					"$(inherited)",
					"@executable_path/Frameworks",
				);
				MARKETING_VERSION = 1.0;
				PRODUCT_BUNDLE_IDENTIFIER = com.cardgame.CardSampleGame;
				PRODUCT_NAME = "$(TARGET_NAME)";
				SWIFT_EMIT_LOC_STRINGS = YES;
				SWIFT_VERSION = 5.0;
				TARGETED_DEVICE_FAMILY = "1,2";
			};
			name = Release;
		};
/* End XCBuildConfiguration section */

/* Begin XCConfigurationList section */
		AA0000310000000000000001 /* Build configuration list for PBXNativeTarget "CardSampleGame" */ = {
			isa = XCConfigurationList;
			buildConfigurations = (
				AA0000380000000000000001 /* Debug */,
				AA0000390000000000000001 /* Release */,
			);
			defaultConfigurationIsVisible = 0;
			defaultConfigurationName = Release;
		};
		AA0000350000000000000001 /* Build configuration list for PBXProject "CardSampleGame" */ = {
			isa = XCConfigurationList;
			buildConfigurations = (
				AA0000360000000000000001 /* Debug */,
				AA0000370000000000000001 /* Release */,
			);
			defaultConfigurationIsVisible = 0;
			defaultConfigurationName = Release;
		};
/* End XCConfigurationList section */
	};
	rootObject = AA0000340000000000000001 /* Project object */;
}
