// !$*UTF8*$!
{
	archiveVersion = 1;
	classes = {
	};
	objectVersion = 56;
	objects = {

/* Begin PBXBuildFile section */
		01D384D3F190A3976183B126 /* EventView.swift in Sources */ = {isa = PBXBuildFile; fileRef = 43D4E3FBE4DC34B63B61E061 /* EventView.swift */; };
		CC0000020000000000000001 /* CombatView.swift in Sources */ = {isa = PBXBuildFile; fileRef = CC0000010000000000000001 /* CombatView.swift */; };
		CC0000040000000000000001 /* AccessibilityIdentifiers.swift in Sources */ = {isa = PBXBuildFile; fileRef = CC0000030000000000000001 /* AccessibilityIdentifiers.swift */; };
		8F035EDB750B2C0441F077B0 /* WorldMapView.swift in Sources */ = {isa = PBXBuildFile; fileRef = 6BEC0AA856AB6706612208E1 /* WorldMapView.swift */; };
		A4E4965164ED9C6373D15D1C /* ExplorationModels.swift in Sources */ = {isa = PBXBuildFile; fileRef = 0BE0C9930A837029C5CD71A5 /* ExplorationModels.swift */; };
		A56525B2E101A593EF7BE61A /* WorldState.swift in Sources */ = {isa = PBXBuildFile; fileRef = 2263FEB0CBAF703EC97141A7 /* WorldState.swift */; };
		AA0000010000000000000001 /* CardGameApp.swift in Sources */ = {isa = PBXBuildFile; fileRef = AA0000020000000000000001 /* CardGameApp.swift */; };
		AA0000030000000000000001 /* ContentView.swift in Sources */ = {isa = PBXBuildFile; fileRef = AA0000040000000000000001 /* ContentView.swift */; };
		AA0000050000000000000001 /* Card.swift in Sources */ = {isa = PBXBuildFile; fileRef = AA0000060000000000000001 /* Card.swift */; };
		AA0000070000000000000001 /* CardType.swift in Sources */ = {isa = PBXBuildFile; fileRef = AA0000080000000000000001 /* CardType.swift */; };
		AA0000090000000000000001 /* Player.swift in Sources */ = {isa = PBXBuildFile; fileRef = AA0000100000000000000001 /* Player.swift */; };
		AA0000110000000000000001 /* GameState.swift in Sources */ = {isa = PBXBuildFile; fileRef = AA0000120000000000000001 /* GameState.swift */; };
		AA0000130000000000000001 /* CardView.swift in Sources */ = {isa = PBXBuildFile; fileRef = AA0000140000000000000001 /* CardView.swift */; };
		AA0000150000000000000001 /* PlayerHandView.swift in Sources */ = {isa = PBXBuildFile; fileRef = AA0000160000000000000001 /* PlayerHandView.swift */; };
		AA0000170000000000000001 /* GameBoardView.swift in Sources */ = {isa = PBXBuildFile; fileRef = AA0000180000000000000001 /* GameBoardView.swift */; };
		AA0000190000000000000001 /* SampleCards.swift in Sources */ = {isa = PBXBuildFile; fileRef = AA0000200000000000000001 /* SampleCards.swift */; };
		AA0000410000000000000001 /* Localization.swift in Sources */ = {isa = PBXBuildFile; fileRef = AA0000420000000000000001 /* Localization.swift */; };
		AA0000430000000000000001 /* Localizable.strings in Resources */ = {isa = PBXBuildFile; fileRef = AA0000450000000000000001 /* Localizable.strings */; };
		AA0000480000000000000001 /* RulesView.swift in Sources */ = {isa = PBXBuildFile; fileRef = AA0000490000000000000001 /* RulesView.swift */; };
		AA0000500000000000000001 /* TwilightMarchesCards.swift in Sources */ = {isa = PBXBuildFile; fileRef = AA0000510000000000000001 /* TwilightMarchesCards.swift */; };
		AA0000520000000000000001 /* GameSave.swift in Sources */ = {isa = PBXBuildFile; fileRef = AA0000530000000000000001 /* GameSave.swift */; };
		AA0000540000000000000001 /* StatisticsView.swift in Sources */ = {isa = PBXBuildFile; fileRef = AA0000550000000000000001 /* StatisticsView.swift */; };
		/* Engine Core Build Files */
		EE0001010000000000000001 /* EngineProtocols.swift in Sources */ = {isa = PBXBuildFile; fileRef = EE0001020000000000000001 /* EngineProtocols.swift */; };
		EE0001030000000000000001 /* GameLoop.swift in Sources */ = {isa = PBXBuildFile; fileRef = EE0001040000000000000001 /* GameLoop.swift */; };
		EE0001050000000000000001 /* TimeEngine.swift in Sources */ = {isa = PBXBuildFile; fileRef = EE0001060000000000000001 /* TimeEngine.swift */; };
		EE0001070000000000000001 /* PressureEngine.swift in Sources */ = {isa = PBXBuildFile; fileRef = EE0001080000000000000001 /* PressureEngine.swift */; };
		EE0001090000000000000001 /* EconomyManager.swift in Sources */ = {isa = PBXBuildFile; fileRef = EE0001100000000000000001 /* EconomyManager.swift */; };
		/* Engine Config Build Files */
		EE0002010000000000000001 /* TwilightMarchesConfig.swift in Sources */ = {isa = PBXBuildFile; fileRef = EE0002020000000000000001 /* TwilightMarchesConfig.swift */; };
		/* Engine Definitions Build Files */
		EE0003010000000000000001 /* GameDefinition.swift in Sources */ = {isa = PBXBuildFile; fileRef = EE0003020000000000000001 /* GameDefinition.swift */; };
		EE0003030000000000000001 /* RegionDefinition.swift in Sources */ = {isa = PBXBuildFile; fileRef = EE0003040000000000000001 /* RegionDefinition.swift */; };
		EE0003050000000000000001 /* AnchorDefinition.swift in Sources */ = {isa = PBXBuildFile; fileRef = EE0003060000000000000001 /* AnchorDefinition.swift */; };
		EE0003070000000000000001 /* EventDefinition.swift in Sources */ = {isa = PBXBuildFile; fileRef = EE0003080000000000000001 /* EventDefinition.swift */; };
		EE0003090000000000000001 /* QuestDefinition.swift in Sources */ = {isa = PBXBuildFile; fileRef = EE0003100000000000000001 /* QuestDefinition.swift */; };
		EE0003110000000000000001 /* MiniGameChallengeDefinition.swift in Sources */ = {isa = PBXBuildFile; fileRef = EE0003120000000000000001 /* MiniGameChallengeDefinition.swift */; };
		/* Engine Providers Build Files */
		EE0004010000000000000001 /* ContentProvider.swift in Sources */ = {isa = PBXBuildFile; fileRef = EE0004020000000000000001 /* ContentProvider.swift */; };
		EE0004030000000000000001 /* CodeContentProvider.swift in Sources */ = {isa = PBXBuildFile; fileRef = EE0004040000000000000001 /* CodeContentProvider.swift */; };
		EE0004050000000000000001 /* JSONContentProvider.swift in Sources */ = {isa = PBXBuildFile; fileRef = EE0004060000000000000001 /* JSONContentProvider.swift */; };
		/* Engine Runtime Build Files */
		EE0005010000000000000001 /* WorldRuntimeState.swift in Sources */ = {isa = PBXBuildFile; fileRef = EE0005020000000000000001 /* WorldRuntimeState.swift */; };
		EE0005030000000000000001 /* EventRuntimeState.swift in Sources */ = {isa = PBXBuildFile; fileRef = EE0005040000000000000001 /* EventRuntimeState.swift */; };
		EE0005050000000000000001 /* QuestRuntimeState.swift in Sources */ = {isa = PBXBuildFile; fileRef = EE0005060000000000000001 /* QuestRuntimeState.swift */; };
		EE0005070000000000000001 /* PlayerRuntimeState.swift in Sources */ = {isa = PBXBuildFile; fileRef = EE0005080000000000000001 /* PlayerRuntimeState.swift */; };
		EE0005090000000000000001 /* GameRuntimeState.swift in Sources */ = {isa = PBXBuildFile; fileRef = EE0005100000000000000001 /* GameRuntimeState.swift */; };
		/* Engine Migration Build Files */
		EE0006010000000000000001 /* LegacyAdapters.swift in Sources */ = {isa = PBXBuildFile; fileRef = EE0006020000000000000001 /* LegacyAdapters.swift */; };
		/* Test Files */
		BB0001010000000000000001 /* WorldStateTests.swift in Sources */ = {isa = PBXBuildFile; fileRef = BB0001020000000000000001 /* WorldStateTests.swift */; };
		BB0001030000000000000001 /* PlayerTests.swift in Sources */ = {isa = PBXBuildFile; fileRef = BB0001040000000000000001 /* PlayerTests.swift */; };
		BB0001050000000000000001 /* EventSystemTests.swift in Sources */ = {isa = PBXBuildFile; fileRef = BB0001060000000000000001 /* EventSystemTests.swift */; };
		BB0001070000000000000001 /* QuestSystemTests.swift in Sources */ = {isa = PBXBuildFile; fileRef = BB0001080000000000000001 /* QuestSystemTests.swift */; };
		BB0001090000000000000001 /* CombatModifiersTests.swift in Sources */ = {isa = PBXBuildFile; fileRef = BB0001100000000000000001 /* CombatModifiersTests.swift */; };
		BB0001110000000000000001 /* CombatSystemTests.swift in Sources */ = {isa = PBXBuildFile; fileRef = BB0001120000000000000001 /* CombatSystemTests.swift */; };
		BB0001130000000000000001 /* DeckBuildingTests.swift in Sources */ = {isa = PBXBuildFile; fileRef = BB0001140000000000000001 /* DeckBuildingTests.swift */; };
		BB0001150000000000000001 /* SaveLoadTests.swift in Sources */ = {isa = PBXBuildFile; fileRef = BB0001160000000000000001 /* SaveLoadTests.swift */; };
		BB0001170000000000000001 /* WorldMapModelTests.swift in Sources */ = {isa = PBXBuildFile; fileRef = BB0001180000000000000001 /* WorldMapModelTests.swift */; };
		BB0001190000000000000001 /* RegionActionsModelTests.swift in Sources */ = {isa = PBXBuildFile; fileRef = BB0001200000000000000001 /* RegionActionsModelTests.swift */; };
		BB0001210000000000000001 /* EventFlowModelTests.swift in Sources */ = {isa = PBXBuildFile; fileRef = BB0001220000000000000001 /* EventFlowModelTests.swift */; };
		BB0001230000000000000001 /* ActIPlaythroughTests.swift in Sources */ = {isa = PBXBuildFile; fileRef = BB0001240000000000000001 /* ActIPlaythroughTests.swift */; };
		BB0001250000000000000001 /* SmokeConfigTests.swift in Sources */ = {isa = PBXBuildFile; fileRef = BB0001260000000000000001 /* SmokeConfigTests.swift */; };
		BB0001270000000000000001 /* PlaythroughSimulationTests.swift in Sources */ = {isa = PBXBuildFile; fileRef = BB0001280000000000000001 /* PlaythroughSimulationTests.swift */; };
		BB0001290000000000000001 /* CriticalSystemsTests.swift in Sources */ = {isa = PBXBuildFile; fileRef = BB0001300000000000000001 /* CriticalSystemsTests.swift */; };
		BB0001320000000000000001 /* MetricsDistributionTests.swift in Sources */ = {isa = PBXBuildFile; fileRef = BB0001310000000000000001 /* MetricsDistributionTests.swift */; };
		/* Engine Test Files */
		BB0004010000000000000001 /* EngineContractsTests.swift in Sources */ = {isa = PBXBuildFile; fileRef = BB0004020000000000000001 /* EngineContractsTests.swift */; };
		BB0004030000000000000001 /* EventModuleContractsTests.swift in Sources */ = {isa = PBXBuildFile; fileRef = BB0004040000000000000001 /* EventModuleContractsTests.swift */; };
		BB0004050000000000000001 /* DataSeparationTests.swift in Sources */ = {isa = PBXBuildFile; fileRef = BB0004060000000000000001 /* DataSeparationTests.swift */; };
		BB0004070000000000000001 /* RegressionPlaythroughTests.swift in Sources */ = {isa = PBXBuildFile; fileRef = BB0004080000000000000001 /* RegressionPlaythroughTests.swift */; };
		BB0004090000000000000001 /* Phase2ContractTests.swift in Sources */ = {isa = PBXBuildFile; fileRef = BB0004100000000000000001 /* Phase2ContractTests.swift */; };
		/* New Files - WorldRNG, DegradationRules, RequirementsEvaluator */
		FF0001010000000000000001 /* WorldRNG.swift in Sources */ = {isa = PBXBuildFile; fileRef = FF0001020000000000000001 /* WorldRNG.swift */; };
		FF0002010000000000000001 /* DegradationRules.swift in Sources */ = {isa = PBXBuildFile; fileRef = FF0002020000000000000001 /* DegradationRules.swift */; };
		FF0003010000000000000001 /* RequirementsEvaluator.swift in Sources */ = {isa = PBXBuildFile; fileRef = FF0003020000000000000001 /* RequirementsEvaluator.swift */; };
		/* Hero System Files */
		GG0001010000000000000001 /* HeroClass.swift in Sources */ = {isa = PBXBuildFile; fileRef = GG0001020000000000000001 /* HeroClass.swift */; };
		GG0002010000000000000001 /* HeroSelectionView.swift in Sources */ = {isa = PBXBuildFile; fileRef = GG0002020000000000000001 /* HeroSelectionView.swift */; };
		/* Hero Class Tests */
		HH0001010000000000000001 /* HeroClassTests.swift in Sources */ = {isa = PBXBuildFile; fileRef = HH0001020000000000000001 /* HeroClassTests.swift */; };
/* End PBXBuildFile section */

/* Begin PBXContainerItemProxy section */
		BB0002010000000000000001 /* PBXContainerItemProxy */ = {
			isa = PBXContainerItemProxy;
			containerPortal = AA0000340000000000000001 /* Project object */;
			proxyType = 1;
			remoteGlobalIDString = AA0000300000000000000001;
			remoteInfo = CardSampleGame;
		};
/* End PBXContainerItemProxy section */

/* Begin PBXFileReference section */
		0BE0C9930A837029C5CD71A5 /* ExplorationModels.swift */ = {isa = PBXFileReference; includeInIndex = 1; lastKnownFileType = sourcecode.swift; name = ExplorationModels.swift; path = Models/ExplorationModels.swift; sourceTree = "<group>"; };
		CC0000010000000000000001 /* CombatView.swift */ = {isa = PBXFileReference; lastKnownFileType = sourcecode.swift; name = CombatView.swift; path = Views/CombatView.swift; sourceTree = "<group>"; };
		CC0000030000000000000001 /* AccessibilityIdentifiers.swift */ = {isa = PBXFileReference; lastKnownFileType = sourcecode.swift; path = AccessibilityIdentifiers.swift; sourceTree = "<group>"; };
		2263FEB0CBAF703EC97141A7 /* WorldState.swift */ = {isa = PBXFileReference; includeInIndex = 1; lastKnownFileType = sourcecode.swift; name = WorldState.swift; path = Models/WorldState.swift; sourceTree = "<group>"; };
		43D4E3FBE4DC34B63B61E061 /* EventView.swift */ = {isa = PBXFileReference; includeInIndex = 1; lastKnownFileType = sourcecode.swift; name = EventView.swift; path = Views/EventView.swift; sourceTree = "<group>"; };
		6BEC0AA856AB6706612208E1 /* WorldMapView.swift */ = {isa = PBXFileReference; includeInIndex = 1; lastKnownFileType = sourcecode.swift; name = WorldMapView.swift; path = Views/WorldMapView.swift; sourceTree = "<group>"; };
		AA0000020000000000000001 /* CardGameApp.swift */ = {isa = PBXFileReference; lastKnownFileType = sourcecode.swift; path = CardGameApp.swift; sourceTree = "<group>"; };
		AA0000040000000000000001 /* ContentView.swift */ = {isa = PBXFileReference; lastKnownFileType = sourcecode.swift; path = ContentView.swift; sourceTree = "<group>"; };
		AA0000060000000000000001 /* Card.swift */ = {isa = PBXFileReference; lastKnownFileType = sourcecode.swift; path = Card.swift; sourceTree = "<group>"; };
		AA0000080000000000000001 /* CardType.swift */ = {isa = PBXFileReference; lastKnownFileType = sourcecode.swift; path = CardType.swift; sourceTree = "<group>"; };
		AA0000100000000000000001 /* Player.swift */ = {isa = PBXFileReference; lastKnownFileType = sourcecode.swift; path = Player.swift; sourceTree = "<group>"; };
		AA0000120000000000000001 /* GameState.swift */ = {isa = PBXFileReference; lastKnownFileType = sourcecode.swift; path = GameState.swift; sourceTree = "<group>"; };
		AA0000140000000000000001 /* CardView.swift */ = {isa = PBXFileReference; lastKnownFileType = sourcecode.swift; path = CardView.swift; sourceTree = "<group>"; };
		AA0000160000000000000001 /* PlayerHandView.swift */ = {isa = PBXFileReference; lastKnownFileType = sourcecode.swift; path = PlayerHandView.swift; sourceTree = "<group>"; };
		AA0000180000000000000001 /* GameBoardView.swift */ = {isa = PBXFileReference; lastKnownFileType = sourcecode.swift; path = GameBoardView.swift; sourceTree = "<group>"; };
		AA0000200000000000000001 /* SampleCards.swift */ = {isa = PBXFileReference; lastKnownFileType = sourcecode.swift; path = SampleCards.swift; sourceTree = "<group>"; };
		AA0000210000000000000001 /* CardSampleGame.app */ = {isa = PBXFileReference; explicitFileType = wrapper.application; includeInIndex = 0; path = CardSampleGame.app; sourceTree = BUILT_PRODUCTS_DIR; };
		AA0000400000000000000001 /* CardSampleGame.entitlements */ = {isa = PBXFileReference; lastKnownFileType = text.plist.entitlements; path = CardSampleGame.entitlements; sourceTree = "<group>"; };
		AA0000420000000000000001 /* Localization.swift */ = {isa = PBXFileReference; lastKnownFileType = sourcecode.swift; path = Localization.swift; sourceTree = "<group>"; };
		AA0000440000000000000001 /* en */ = {isa = PBXFileReference; lastKnownFileType = text.plist.strings; name = en; path = en.lproj/Localizable.strings; sourceTree = "<group>"; };
		AA0000460000000000000001 /* ru */ = {isa = PBXFileReference; lastKnownFileType = text.plist.strings; name = ru; path = ru.lproj/Localizable.strings; sourceTree = "<group>"; };
		AA0000490000000000000001 /* RulesView.swift */ = {isa = PBXFileReference; lastKnownFileType = sourcecode.swift; path = RulesView.swift; sourceTree = "<group>"; };
		AA0000510000000000000001 /* TwilightMarchesCards.swift */ = {isa = PBXFileReference; lastKnownFileType = sourcecode.swift; path = TwilightMarchesCards.swift; sourceTree = "<group>"; };
		AA0000530000000000000001 /* GameSave.swift */ = {isa = PBXFileReference; lastKnownFileType = sourcecode.swift; path = GameSave.swift; sourceTree = "<group>"; };
		AA0000550000000000000001 /* StatisticsView.swift */ = {isa = PBXFileReference; lastKnownFileType = sourcecode.swift; path = StatisticsView.swift; sourceTree = "<group>"; };
		/* Engine Core Files */
		EE0001020000000000000001 /* EngineProtocols.swift */ = {isa = PBXFileReference; lastKnownFileType = sourcecode.swift; path = EngineProtocols.swift; sourceTree = "<group>"; };
		EE0001040000000000000001 /* GameLoop.swift */ = {isa = PBXFileReference; lastKnownFileType = sourcecode.swift; path = GameLoop.swift; sourceTree = "<group>"; };
		EE0001060000000000000001 /* TimeEngine.swift */ = {isa = PBXFileReference; lastKnownFileType = sourcecode.swift; path = TimeEngine.swift; sourceTree = "<group>"; };
		EE0001080000000000000001 /* PressureEngine.swift */ = {isa = PBXFileReference; lastKnownFileType = sourcecode.swift; path = PressureEngine.swift; sourceTree = "<group>"; };
		EE0001100000000000000001 /* EconomyManager.swift */ = {isa = PBXFileReference; lastKnownFileType = sourcecode.swift; path = EconomyManager.swift; sourceTree = "<group>"; };
		/* Engine Config Files */
		EE0002020000000000000001 /* TwilightMarchesConfig.swift */ = {isa = PBXFileReference; lastKnownFileType = sourcecode.swift; path = TwilightMarchesConfig.swift; sourceTree = "<group>"; };
		/* Engine Definitions Files */
		EE0003020000000000000001 /* GameDefinition.swift */ = {isa = PBXFileReference; lastKnownFileType = sourcecode.swift; path = GameDefinition.swift; sourceTree = "<group>"; };
		EE0003040000000000000001 /* RegionDefinition.swift */ = {isa = PBXFileReference; lastKnownFileType = sourcecode.swift; path = RegionDefinition.swift; sourceTree = "<group>"; };
		EE0003060000000000000001 /* AnchorDefinition.swift */ = {isa = PBXFileReference; lastKnownFileType = sourcecode.swift; path = AnchorDefinition.swift; sourceTree = "<group>"; };
		EE0003080000000000000001 /* EventDefinition.swift */ = {isa = PBXFileReference; lastKnownFileType = sourcecode.swift; path = EventDefinition.swift; sourceTree = "<group>"; };
		EE0003100000000000000001 /* QuestDefinition.swift */ = {isa = PBXFileReference; lastKnownFileType = sourcecode.swift; path = QuestDefinition.swift; sourceTree = "<group>"; };
		EE0003120000000000000001 /* MiniGameChallengeDefinition.swift */ = {isa = PBXFileReference; lastKnownFileType = sourcecode.swift; path = MiniGameChallengeDefinition.swift; sourceTree = "<group>"; };
		/* Engine Providers Files */
		EE0004020000000000000001 /* ContentProvider.swift */ = {isa = PBXFileReference; lastKnownFileType = sourcecode.swift; path = ContentProvider.swift; sourceTree = "<group>"; };
		EE0004040000000000000001 /* CodeContentProvider.swift */ = {isa = PBXFileReference; lastKnownFileType = sourcecode.swift; path = CodeContentProvider.swift; sourceTree = "<group>"; };
		EE0004060000000000000001 /* JSONContentProvider.swift */ = {isa = PBXFileReference; lastKnownFileType = sourcecode.swift; path = JSONContentProvider.swift; sourceTree = "<group>"; };
		/* Engine Runtime Files */
		EE0005020000000000000001 /* WorldRuntimeState.swift */ = {isa = PBXFileReference; lastKnownFileType = sourcecode.swift; path = WorldRuntimeState.swift; sourceTree = "<group>"; };
		EE0005040000000000000001 /* EventRuntimeState.swift */ = {isa = PBXFileReference; lastKnownFileType = sourcecode.swift; path = EventRuntimeState.swift; sourceTree = "<group>"; };
		EE0005060000000000000001 /* QuestRuntimeState.swift */ = {isa = PBXFileReference; lastKnownFileType = sourcecode.swift; path = QuestRuntimeState.swift; sourceTree = "<group>"; };
		EE0005080000000000000001 /* PlayerRuntimeState.swift */ = {isa = PBXFileReference; lastKnownFileType = sourcecode.swift; path = PlayerRuntimeState.swift; sourceTree = "<group>"; };
		EE0005100000000000000001 /* GameRuntimeState.swift */ = {isa = PBXFileReference; lastKnownFileType = sourcecode.swift; path = GameRuntimeState.swift; sourceTree = "<group>"; };
		/* Engine Migration Files */
		EE0006020000000000000001 /* LegacyAdapters.swift */ = {isa = PBXFileReference; lastKnownFileType = sourcecode.swift; path = LegacyAdapters.swift; sourceTree = "<group>"; };
		/* Test Target */
		BB0000010000000000000001 /* CardSampleGameTests.xctest */ = {isa = PBXFileReference; explicitFileType = wrapper.cfbundle; includeInIndex = 0; path = CardSampleGameTests.xctest; sourceTree = BUILT_PRODUCTS_DIR; };
		/* Test Files */
		BB0001020000000000000001 /* WorldStateTests.swift */ = {isa = PBXFileReference; lastKnownFileType = sourcecode.swift; path = WorldStateTests.swift; sourceTree = "<group>"; };
		BB0001040000000000000001 /* PlayerTests.swift */ = {isa = PBXFileReference; lastKnownFileType = sourcecode.swift; path = PlayerTests.swift; sourceTree = "<group>"; };
		BB0001060000000000000001 /* EventSystemTests.swift */ = {isa = PBXFileReference; lastKnownFileType = sourcecode.swift; path = EventSystemTests.swift; sourceTree = "<group>"; };
		BB0001080000000000000001 /* QuestSystemTests.swift */ = {isa = PBXFileReference; lastKnownFileType = sourcecode.swift; path = QuestSystemTests.swift; sourceTree = "<group>"; };
		BB0001100000000000000001 /* CombatModifiersTests.swift */ = {isa = PBXFileReference; lastKnownFileType = sourcecode.swift; path = CombatModifiersTests.swift; sourceTree = "<group>"; };
		BB0001120000000000000001 /* CombatSystemTests.swift */ = {isa = PBXFileReference; lastKnownFileType = sourcecode.swift; path = CombatSystemTests.swift; sourceTree = "<group>"; };
		BB0001140000000000000001 /* DeckBuildingTests.swift */ = {isa = PBXFileReference; lastKnownFileType = sourcecode.swift; path = DeckBuildingTests.swift; sourceTree = "<group>"; };
		BB0001160000000000000001 /* SaveLoadTests.swift */ = {isa = PBXFileReference; lastKnownFileType = sourcecode.swift; path = SaveLoadTests.swift; sourceTree = "<group>"; };
		BB0001180000000000000001 /* WorldMapModelTests.swift */ = {isa = PBXFileReference; lastKnownFileType = sourcecode.swift; path = WorldMapModelTests.swift; sourceTree = "<group>"; };
		BB0001200000000000000001 /* RegionActionsModelTests.swift */ = {isa = PBXFileReference; lastKnownFileType = sourcecode.swift; path = RegionActionsModelTests.swift; sourceTree = "<group>"; };
		BB0001220000000000000001 /* EventFlowModelTests.swift */ = {isa = PBXFileReference; lastKnownFileType = sourcecode.swift; path = EventFlowModelTests.swift; sourceTree = "<group>"; };
		BB0001240000000000000001 /* ActIPlaythroughTests.swift */ = {isa = PBXFileReference; lastKnownFileType = sourcecode.swift; path = ActIPlaythroughTests.swift; sourceTree = "<group>"; };
		BB0001260000000000000001 /* SmokeConfigTests.swift */ = {isa = PBXFileReference; lastKnownFileType = sourcecode.swift; path = SmokeConfigTests.swift; sourceTree = "<group>"; };
		BB0001280000000000000001 /* PlaythroughSimulationTests.swift */ = {isa = PBXFileReference; lastKnownFileType = sourcecode.swift; path = PlaythroughSimulationTests.swift; sourceTree = "<group>"; };
		BB0001300000000000000001 /* CriticalSystemsTests.swift */ = {isa = PBXFileReference; lastKnownFileType = sourcecode.swift; path = CriticalSystemsTests.swift; sourceTree = "<group>"; };
		BB0001310000000000000001 /* MetricsDistributionTests.swift */ = {isa = PBXFileReference; lastKnownFileType = sourcecode.swift; path = MetricsDistributionTests.swift; sourceTree = "<group>"; };
		/* Engine Test Files */
		BB0004020000000000000001 /* EngineContractsTests.swift */ = {isa = PBXFileReference; lastKnownFileType = sourcecode.swift; path = EngineContractsTests.swift; sourceTree = "<group>"; };
		BB0004040000000000000001 /* EventModuleContractsTests.swift */ = {isa = PBXFileReference; lastKnownFileType = sourcecode.swift; path = EventModuleContractsTests.swift; sourceTree = "<group>"; };
		BB0004060000000000000001 /* DataSeparationTests.swift */ = {isa = PBXFileReference; lastKnownFileType = sourcecode.swift; path = DataSeparationTests.swift; sourceTree = "<group>"; };
		BB0004080000000000000001 /* RegressionPlaythroughTests.swift */ = {isa = PBXFileReference; lastKnownFileType = sourcecode.swift; path = RegressionPlaythroughTests.swift; sourceTree = "<group>"; };
		BB0004100000000000000001 /* Phase2ContractTests.swift */ = {isa = PBXFileReference; lastKnownFileType = sourcecode.swift; path = Phase2ContractTests.swift; sourceTree = "<group>"; };
		/* New Files - WorldRNG, DegradationRules, RequirementsEvaluator */
		FF0001020000000000000001 /* WorldRNG.swift */ = {isa = PBXFileReference; lastKnownFileType = sourcecode.swift; path = WorldRNG.swift; sourceTree = "<group>"; };
		FF0002020000000000000001 /* DegradationRules.swift */ = {isa = PBXFileReference; lastKnownFileType = sourcecode.swift; path = DegradationRules.swift; sourceTree = "<group>"; };
		FF0003020000000000000001 /* RequirementsEvaluator.swift */ = {isa = PBXFileReference; lastKnownFileType = sourcecode.swift; path = RequirementsEvaluator.swift; sourceTree = "<group>"; };
		/* Hero System Files */
		GG0001020000000000000001 /* HeroClass.swift */ = {isa = PBXFileReference; lastKnownFileType = sourcecode.swift; name = HeroClass.swift; path = Models/HeroClass.swift; sourceTree = "<group>"; };
		GG0002020000000000000001 /* HeroSelectionView.swift */ = {isa = PBXFileReference; lastKnownFileType = sourcecode.swift; name = HeroSelectionView.swift; path = Views/HeroSelectionView.swift; sourceTree = "<group>"; };
		/* Hero Class Tests */
		HH0001020000000000000001 /* HeroClassTests.swift */ = {isa = PBXFileReference; lastKnownFileType = sourcecode.swift; path = HeroClassTests.swift; sourceTree = "<group>"; };
/* End PBXFileReference section */

/* Begin PBXFrameworksBuildPhase section */
		AA0000230000000000000001 /* Frameworks */ = {
			isa = PBXFrameworksBuildPhase;
			buildActionMask = 2147483647;
			files = (
			);
			runOnlyForDeploymentPostprocessing = 0;
		};
		BB0000020000000000000001 /* Frameworks */ = {
			isa = PBXFrameworksBuildPhase;
			buildActionMask = 2147483647;
			files = (
			);
			runOnlyForDeploymentPostprocessing = 0;
		};
/* End PBXFrameworksBuildPhase section */

/* Begin PBXGroup section */
		400571CAB07A5DD68E7B0107 /* Models */ = {
			isa = PBXGroup;
			children = (
				0BE0C9930A837029C5CD71A5 /* ExplorationModels.swift */,
				2263FEB0CBAF703EC97141A7 /* WorldState.swift */,
			);
			name = Models;
			sourceTree = "<group>";
		};
		AA0000240000000000000001 = {
			isa = PBXGroup;
			children = (
				AA0000250000000000000001 /* . */,
				EE0000000000000000000001 /* Engine */,
				BB0003000000000000000001 /* CardSampleGameTests */,
				AA0000260000000000000001 /* Products */,
				E65102638302D3C4A04B78CD /* CardSampleGame */,
			);
			sourceTree = "<group>";
		};
		AA0000250000000000000001 /* . */ = {
			isa = PBXGroup;
			children = (
				AA0000400000000000000001 /* CardSampleGame.entitlements */,
				AA0000020000000000000001 /* CardGameApp.swift */,
				AA0000040000000000000001 /* ContentView.swift */,
				AA0000270000000000000001 /* Models */,
				AA0000280000000000000001 /* Views */,
				AA0000290000000000000001 /* Data */,
				AA0000470000000000000001 /* Helpers */,
				AA0000450000000000000001 /* Localizable.strings */,
			);
			path = .;
			sourceTree = "<group>";
		};
		AA0000260000000000000001 /* Products */ = {
			isa = PBXGroup;
			children = (
				AA0000210000000000000001 /* CardSampleGame.app */,
				BB0000010000000000000001 /* CardSampleGameTests.xctest */,
			);
			name = Products;
			sourceTree = "<group>";
		};
		AA0000270000000000000001 /* Models */ = {
			isa = PBXGroup;
			children = (
				AA0000060000000000000001 /* Card.swift */,
				AA0000080000000000000001 /* CardType.swift */,
				AA0000100000000000000001 /* Player.swift */,
				AA0000120000000000000001 /* GameState.swift */,
				AA0000530000000000000001 /* GameSave.swift */,
				GG0001020000000000000001 /* HeroClass.swift */,
			);
			path = Models;
			sourceTree = "<group>";
		};
		AA0000280000000000000001 /* Views */ = {
			isa = PBXGroup;
			children = (
				AA0000140000000000000001 /* CardView.swift */,
				AA0000160000000000000001 /* PlayerHandView.swift */,
				AA0000180000000000000001 /* GameBoardView.swift */,
				AA0000490000000000000001 /* RulesView.swift */,
				AA0000550000000000000001 /* StatisticsView.swift */,
				GG0002020000000000000001 /* HeroSelectionView.swift */,
			);
			path = Views;
			sourceTree = "<group>";
		};
		AA0000290000000000000001 /* Data */ = {
			isa = PBXGroup;
			children = (
				AA0000200000000000000001 /* SampleCards.swift */,
				AA0000510000000000000001 /* TwilightMarchesCards.swift */,
			);
			path = Data;
			sourceTree = "<group>";
		};
		AA0000470000000000000001 /* Helpers */ = {
			isa = PBXGroup;
			children = (
				AA0000420000000000000001 /* Localization.swift */,
			);
			path = Helpers;
			sourceTree = "<group>";
		};
		D0A7147A6DE85C304CAD50D7 /* Views */ = {
			isa = PBXGroup;
			children = (
				43D4E3FBE4DC34B63B61E061 /* EventView.swift */,
				6BEC0AA856AB6706612208E1 /* WorldMapView.swift */,
				CC0000010000000000000001 /* CombatView.swift */,
			);
			name = Views;
			sourceTree = "<group>";
		};
		E65102638302D3C4A04B78CD /* CardSampleGame */ = {
			isa = PBXGroup;
			children = (
				400571CAB07A5DD68E7B0107 /* Models */,
				D0A7147A6DE85C304CAD50D7 /* Views */,
				CC0000050000000000000001 /* Utilities */,
			);
			name = CardSampleGame;
			sourceTree = "<group>";
		};
		CC0000050000000000000001 /* Utilities */ = {
			isa = PBXGroup;
			children = (
				CC0000030000000000000001 /* AccessibilityIdentifiers.swift */,
				FF0001020000000000000001 /* WorldRNG.swift */,
			);
			name = Utilities;
			path = Utilities;
			sourceTree = "<group>";
		};
		/* Engine Groups */
		EE0000000000000000000001 /* Engine */ = {
			isa = PBXGroup;
			children = (
				EE0000010000000000000001 /* Core */,
				EE0000020000000000000001 /* Config */,
				EE0000030000000000000001 /* Data */,
				EE0000040000000000000001 /* Runtime */,
				EE0000050000000000000001 /* Migration */,
				EE0000060000000000000001 /* Modules */,
			);
			path = Engine;
			sourceTree = "<group>";
		};
		EE0000010000000000000001 /* Core */ = {
			isa = PBXGroup;
			children = (
				EE0001020000000000000001 /* EngineProtocols.swift */,
				EE0001040000000000000001 /* GameLoop.swift */,
				EE0001060000000000000001 /* TimeEngine.swift */,
				EE0001080000000000000001 /* PressureEngine.swift */,
				EE0001100000000000000001 /* EconomyManager.swift */,
				FF0003020000000000000001 /* RequirementsEvaluator.swift */,
			);
			path = Core;
			sourceTree = "<group>";
		};
		EE0000020000000000000001 /* Config */ = {
			isa = PBXGroup;
			children = (
				EE0002020000000000000001 /* TwilightMarchesConfig.swift */,
				FF0002020000000000000001 /* DegradationRules.swift */,
			);
			path = Config;
			sourceTree = "<group>";
		};
		EE0000030000000000000001 /* Data */ = {
			isa = PBXGroup;
			children = (
				EE0000070000000000000001 /* Definitions */,
				EE0000080000000000000001 /* Providers */,
			);
			path = Data;
			sourceTree = "<group>";
		};
		EE0000070000000000000001 /* Definitions */ = {
			isa = PBXGroup;
			children = (
				EE0003020000000000000001 /* GameDefinition.swift */,
				EE0003040000000000000001 /* RegionDefinition.swift */,
				EE0003060000000000000001 /* AnchorDefinition.swift */,
				EE0003080000000000000001 /* EventDefinition.swift */,
				EE0003100000000000000001 /* QuestDefinition.swift */,
				EE0003120000000000000001 /* MiniGameChallengeDefinition.swift */,
			);
			path = Definitions;
			sourceTree = "<group>";
		};
		EE0000080000000000000001 /* Providers */ = {
			isa = PBXGroup;
			children = (
				EE0004020000000000000001 /* ContentProvider.swift */,
				EE0004040000000000000001 /* CodeContentProvider.swift */,
				EE0004060000000000000001 /* JSONContentProvider.swift */,
			);
			path = Providers;
			sourceTree = "<group>";
		};
		EE0000040000000000000001 /* Runtime */ = {
			isa = PBXGroup;
			children = (
				EE0005020000000000000001 /* WorldRuntimeState.swift */,
				EE0005040000000000000001 /* EventRuntimeState.swift */,
				EE0005060000000000000001 /* QuestRuntimeState.swift */,
				EE0005080000000000000001 /* PlayerRuntimeState.swift */,
				EE0005100000000000000001 /* GameRuntimeState.swift */,
			);
			path = Runtime;
			sourceTree = "<group>";
		};
		EE0000050000000000000001 /* Migration */ = {
			isa = PBXGroup;
			children = (
				EE0006020000000000000001 /* LegacyAdapters.swift */,
			);
			path = Migration;
			sourceTree = "<group>";
		};
		EE0000060000000000000001 /* Modules */ = {
			isa = PBXGroup;
			children = (
			);
			path = Modules;
			sourceTree = "<group>";
		};
		/* Test Groups */
		BB0003000000000000000001 /* CardSampleGameTests */ = {
			isa = PBXGroup;
			children = (
				BB0003010000000000000001 /* Unit */,
				BB0003030000000000000001 /* Integration */,
				BB0003050000000000000001 /* Engine */,
			);
			path = CardSampleGameTests;
			sourceTree = "<group>";
		};
		BB0003010000000000000001 /* Unit */ = {
			isa = PBXGroup;
			children = (
				BB0001020000000000000001 /* WorldStateTests.swift */,
				BB0001040000000000000001 /* PlayerTests.swift */,
				BB0001060000000000000001 /* EventSystemTests.swift */,
				BB0001080000000000000001 /* QuestSystemTests.swift */,
				BB0001100000000000000001 /* CombatModifiersTests.swift */,
				BB0001120000000000000001 /* CombatSystemTests.swift */,
				BB0001140000000000000001 /* DeckBuildingTests.swift */,
				BB0001160000000000000001 /* SaveLoadTests.swift */,
				BB0001180000000000000001 /* WorldMapModelTests.swift */,
				BB0001200000000000000001 /* RegionActionsModelTests.swift */,
				BB0001220000000000000001 /* EventFlowModelTests.swift */,
				HH0001020000000000000001 /* HeroClassTests.swift */,
			);
			path = Unit;
			sourceTree = "<group>";
		};
		BB0003030000000000000001 /* Integration */ = {
			isa = PBXGroup;
			children = (
				BB0001240000000000000001 /* ActIPlaythroughTests.swift */,
				BB0001300000000000000001 /* CriticalSystemsTests.swift */,
				BB0001310000000000000001 /* MetricsDistributionTests.swift */,
				BB0001280000000000000001 /* PlaythroughSimulationTests.swift */,
				BB0001260000000000000001 /* SmokeConfigTests.swift */,
			);
			path = Integration;
			sourceTree = "<group>";
		};
		BB0003050000000000000001 /* Engine */ = {
			isa = PBXGroup;
			children = (
				BB0004020000000000000001 /* EngineContractsTests.swift */,
				BB0004040000000000000001 /* EventModuleContractsTests.swift */,
				BB0004060000000000000001 /* DataSeparationTests.swift */,
				BB0004080000000000000001 /* RegressionPlaythroughTests.swift */,
				BB0004100000000000000001 /* Phase2ContractTests.swift */,
			);
			path = Engine;
			sourceTree = "<group>";
		};
/* End PBXGroup section */

/* Begin PBXNativeTarget section */
		AA0000300000000000000001 /* CardSampleGame */ = {
			isa = PBXNativeTarget;
			buildConfigurationList = AA0000310000000000000001 /* Build configuration list for PBXNativeTarget "CardSampleGame" */;
			buildPhases = (
				AA0000320000000000000001 /* Sources */,
				AA0000230000000000000001 /* Frameworks */,
				AA0000330000000000000001 /* Resources */,
			);
			buildRules = (
			);
			dependencies = (
			);
			name = CardSampleGame;
			productName = CardSampleGame;
			productReference = AA0000210000000000000001 /* CardSampleGame.app */;
			productType = "com.apple.product-type.application";
		};
		BB0000030000000000000001 /* CardSampleGameTests */ = {
			isa = PBXNativeTarget;
			buildConfigurationList = BB0000040000000000000001 /* Build configuration list for PBXNativeTarget "CardSampleGameTests" */;
			buildPhases = (
				BB0000050000000000000001 /* Sources */,
				BB0000020000000000000001 /* Frameworks */,
				BB0000060000000000000001 /* Resources */,
			);
			buildRules = (
			);
			dependencies = (
				BB0002020000000000000001 /* PBXTargetDependency */,
			);
			name = CardSampleGameTests;
			productName = CardSampleGameTests;
			productReference = BB0000010000000000000001 /* CardSampleGameTests.xctest */;
			productType = "com.apple.product-type.bundle.unit-test";
		};
/* End PBXNativeTarget section */

/* Begin PBXProject section */
		AA0000340000000000000001 /* Project object */ = {
			isa = PBXProject;
			attributes = {
				BuildIndependentTargetsInParallel = 1;
				LastSwiftUpdateCheck = 1500;
				LastUpgradeCheck = 1500;
				TargetAttributes = {
					AA0000300000000000000001 = {
						CreatedOnToolsVersion = 15.0;
					};
					BB0000030000000000000001 = {
						CreatedOnToolsVersion = 15.0;
						TestTargetID = AA0000300000000000000001;
					};
				};
			};
			buildConfigurationList = AA0000350000000000000001 /* Build configuration list for PBXProject "CardSampleGame" */;
			compatibilityVersion = "Xcode 14.0";
			developmentRegion = en;
			hasScannedForEncodings = 0;
			knownRegions = (
				en,
				Base,
				ru,
			);
			mainGroup = AA0000240000000000000001;
			productRefGroup = AA0000260000000000000001 /* Products */;
			projectDirPath = "";
			projectRoot = "";
			targets = (
				AA0000300000000000000001 /* CardSampleGame */,
				BB0000030000000000000001 /* CardSampleGameTests */,
			);
		};
/* End PBXProject section */

/* Begin PBXResourcesBuildPhase section */
		AA0000330000000000000001 /* Resources */ = {
			isa = PBXResourcesBuildPhase;
			buildActionMask = 2147483647;
			files = (
				AA0000430000000000000001 /* Localizable.strings in Resources */,
			);
			runOnlyForDeploymentPostprocessing = 0;
		};
		BB0000060000000000000001 /* Resources */ = {
			isa = PBXResourcesBuildPhase;
			buildActionMask = 2147483647;
			files = (
			);
			runOnlyForDeploymentPostprocessing = 0;
		};
/* End PBXResourcesBuildPhase section */

/* Begin PBXSourcesBuildPhase section */
		AA0000320000000000000001 /* Sources */ = {
			isa = PBXSourcesBuildPhase;
			buildActionMask = 2147483647;
			files = (
				AA0000030000000000000001 /* ContentView.swift in Sources */,
				AA0000010000000000000001 /* CardGameApp.swift in Sources */,
				AA0000050000000000000001 /* Card.swift in Sources */,
				AA0000070000000000000001 /* CardType.swift in Sources */,
				AA0000090000000000000001 /* Player.swift in Sources */,
				AA0000110000000000000001 /* GameState.swift in Sources */,
				AA0000130000000000000001 /* CardView.swift in Sources */,
				AA0000150000000000000001 /* PlayerHandView.swift in Sources */,
				AA0000170000000000000001 /* GameBoardView.swift in Sources */,
				AA0000190000000000000001 /* SampleCards.swift in Sources */,
				AA0000500000000000000001 /* TwilightMarchesCards.swift in Sources */,
				AA0000410000000000000001 /* Localization.swift in Sources */,
				AA0000480000000000000001 /* RulesView.swift in Sources */,
				AA0000520000000000000001 /* GameSave.swift in Sources */,
				AA0000540000000000000001 /* StatisticsView.swift in Sources */,
				A4E4965164ED9C6373D15D1C /* ExplorationModels.swift in Sources */,
				A56525B2E101A593EF7BE61A /* WorldState.swift in Sources */,
				01D384D3F190A3976183B126 /* EventView.swift in Sources */,
				8F035EDB750B2C0441F077B0 /* WorldMapView.swift in Sources */,
				CC0000020000000000000001 /* CombatView.swift in Sources */,
				CC0000040000000000000001 /* AccessibilityIdentifiers.swift in Sources */,
				FF0001010000000000000001 /* WorldRNG.swift in Sources */,
				/* Engine Core */
				EE0001010000000000000001 /* EngineProtocols.swift in Sources */,
				EE0001030000000000000001 /* GameLoop.swift in Sources */,
				EE0001050000000000000001 /* TimeEngine.swift in Sources */,
				EE0001070000000000000001 /* PressureEngine.swift in Sources */,
				EE0001090000000000000001 /* EconomyManager.swift in Sources */,
				FF0003010000000000000001 /* RequirementsEvaluator.swift in Sources */,
				/* Engine Config */
				EE0002010000000000000001 /* TwilightMarchesConfig.swift in Sources */,
				FF0002010000000000000001 /* DegradationRules.swift in Sources */,
				/* Hero System */
				GG0001010000000000000001 /* HeroClass.swift in Sources */,
				GG0002010000000000000001 /* HeroSelectionView.swift in Sources */,
				/* Engine Definitions */
				EE0003010000000000000001 /* GameDefinition.swift in Sources */,
				EE0003030000000000000001 /* RegionDefinition.swift in Sources */,
				EE0003050000000000000001 /* AnchorDefinition.swift in Sources */,
				EE0003070000000000000001 /* EventDefinition.swift in Sources */,
				EE0003090000000000000001 /* QuestDefinition.swift in Sources */,
				EE0003110000000000000001 /* MiniGameChallengeDefinition.swift in Sources */,
				/* Engine Providers */
				EE0004010000000000000001 /* ContentProvider.swift in Sources */,
				EE0004030000000000000001 /* CodeContentProvider.swift in Sources */,
				EE0004050000000000000001 /* JSONContentProvider.swift in Sources */,
				/* Engine Runtime */
				EE0005010000000000000001 /* WorldRuntimeState.swift in Sources */,
				EE0005030000000000000001 /* EventRuntimeState.swift in Sources */,
				EE0005050000000000000001 /* QuestRuntimeState.swift in Sources */,
				EE0005070000000000000001 /* PlayerRuntimeState.swift in Sources */,
				EE0005090000000000000001 /* GameRuntimeState.swift in Sources */,
				/* Engine Migration */
				EE0006010000000000000001 /* LegacyAdapters.swift in Sources */,
			);
			runOnlyForDeploymentPostprocessing = 0;
		};
		BB0000050000000000000001 /* Sources */ = {
			isa = PBXSourcesBuildPhase;
			buildActionMask = 2147483647;
			files = (
				BB0001010000000000000001 /* WorldStateTests.swift in Sources */,
				BB0001030000000000000001 /* PlayerTests.swift in Sources */,
				BB0001050000000000000001 /* EventSystemTests.swift in Sources */,
				BB0001070000000000000001 /* QuestSystemTests.swift in Sources */,
				BB0001090000000000000001 /* CombatModifiersTests.swift in Sources */,
				BB0001110000000000000001 /* CombatSystemTests.swift in Sources */,
				BB0001130000000000000001 /* DeckBuildingTests.swift in Sources */,
				BB0001150000000000000001 /* SaveLoadTests.swift in Sources */,
				BB0001170000000000000001 /* WorldMapModelTests.swift in Sources */,
				BB0001190000000000000001 /* RegionActionsModelTests.swift in Sources */,
				BB0001210000000000000001 /* EventFlowModelTests.swift in Sources */,
				BB0001230000000000000001 /* ActIPlaythroughTests.swift in Sources */,
				BB0001290000000000000001 /* CriticalSystemsTests.swift in Sources */,
				BB0001320000000000000001 /* MetricsDistributionTests.swift in Sources */,
				BB0001270000000000000001 /* PlaythroughSimulationTests.swift in Sources */,
				BB0001250000000000000001 /* SmokeConfigTests.swift in Sources */,
				/* Hero Class Tests */
				HH0001010000000000000001 /* HeroClassTests.swift in Sources */,
				/* Engine Tests */
				BB0004010000000000000001 /* EngineContractsTests.swift in Sources */,
				BB0004030000000000000001 /* EventModuleContractsTests.swift in Sources */,
				BB0004050000000000000001 /* DataSeparationTests.swift in Sources */,
				BB0004070000000000000001 /* RegressionPlaythroughTests.swift in Sources */,
				BB0004090000000000000001 /* Phase2ContractTests.swift in Sources */,
			);
			runOnlyForDeploymentPostprocessing = 0;
		};
/* End PBXSourcesBuildPhase section */

/* Begin PBXTargetDependency section */
		BB0002020000000000000001 /* PBXTargetDependency */ = {
			isa = PBXTargetDependency;
			target = AA0000300000000000000001 /* CardSampleGame */;
			targetProxy = BB0002010000000000000001 /* PBXContainerItemProxy */;
		};
/* End PBXTargetDependency section */

/* Begin PBXVariantGroup section */
		AA0000450000000000000001 /* Localizable.strings */ = {
			isa = PBXVariantGroup;
			children = (
				AA0000440000000000000001 /* en */,
				AA0000460000000000000001 /* ru */,
			);
			name = Localizable.strings;
			sourceTree = "<group>";
		};
/* End PBXVariantGroup section */

/* Begin XCBuildConfiguration section */
		AA0000360000000000000001 /* Debug */ = {
			isa = XCBuildConfiguration;
			buildSettings = {
				ALWAYS_SEARCH_USER_PATHS = NO;
				ASSETCATALOG_COMPILER_GENERATE_SWIFT_ASSET_SYMBOL_EXTENSIONS = YES;
				CLANG_ANALYZER_NONNULL = YES;
				CLANG_ANALYZER_NUMBER_OBJECT_CONVERSION = YES_AGGRESSIVE;
				CLANG_CXX_LANGUAGE_STANDARD = "gnu++20";
				CLANG_ENABLE_MODULES = YES;
				CLANG_ENABLE_OBJC_ARC = YES;
				CLANG_ENABLE_OBJC_WEAK = YES;
				CLANG_WARN_BLOCK_CAPTURE_AUTORELEASING = YES;
				CLANG_WARN_BOOL_CONVERSION = YES;
				CLANG_WARN_COMMA = YES;
				CLANG_WARN_CONSTANT_CONVERSION = YES;
				CLANG_WARN_DEPRECATED_OBJC_IMPLEMENTATIONS = YES;
				CLANG_WARN_DIRECT_OBJC_ISA_USAGE = YES_ERROR;
				CLANG_WARN_DOCUMENTATION_COMMENTS = YES;
				CLANG_WARN_EMPTY_BODY = YES;
				CLANG_WARN_ENUM_CONVERSION = YES;
				CLANG_WARN_INFINITE_RECURSION = YES;
				CLANG_WARN_INT_CONVERSION = YES;
				CLANG_WARN_NON_LITERAL_NULL_CONVERSION = YES;
				CLANG_WARN_OBJC_IMPLICIT_RETAIN_SELF = YES;
				CLANG_WARN_OBJC_LITERAL_CONVERSION = YES;
				CLANG_WARN_OBJC_ROOT_CLASS = YES_ERROR;
				CLANG_WARN_QUOTED_INCLUDE_IN_FRAMEWORK_HEADER = YES;
				CLANG_WARN_RANGE_LOOP_ANALYSIS = YES;
				CLANG_WARN_STRICT_PROTOTYPES = YES;
				CLANG_WARN_SUSPICIOUS_MOVE = YES;
				CLANG_WARN_UNGUARDED_AVAILABILITY = YES_AGGRESSIVE;
				CLANG_WARN_UNREACHABLE_CODE = YES;
				CLANG_WARN__DUPLICATE_METHOD_MATCH = YES;
				COPY_PHASE_STRIP = NO;
				DEBUG_INFORMATION_FORMAT = dwarf;
				ENABLE_STRICT_OBJC_MSGSEND = YES;
				ENABLE_TESTABILITY = YES;
				ENABLE_USER_SCRIPT_SANDBOXING = YES;
				GCC_C_LANGUAGE_STANDARD = gnu17;
				GCC_DYNAMIC_NO_PIC = NO;
				GCC_NO_COMMON_BLOCKS = YES;
				GCC_OPTIMIZATION_LEVEL = 0;
				GCC_PREPROCESSOR_DEFINITIONS = (
					"DEBUG=1",
					"$(inherited)",
				);
				GCC_WARN_64_TO_32_BIT_CONVERSION = YES;
				GCC_WARN_ABOUT_RETURN_TYPE = YES_ERROR;
				GCC_WARN_UNDECLARED_SELECTOR = YES;
				GCC_WARN_UNINITIALIZED_AUTOS = YES_AGGRESSIVE;
				GCC_WARN_UNUSED_FUNCTION = YES;
				GCC_WARN_UNUSED_VARIABLE = YES;
				IPHONEOS_DEPLOYMENT_TARGET = 16.0;
				LOCALIZATION_PREFERS_STRING_CATALOGS = YES;
				MTL_ENABLE_DEBUG_INFO = INCLUDE_SOURCE;
				MTL_FAST_MATH = YES;
				ONLY_ACTIVE_ARCH = YES;
				SDKROOT = iphoneos;
				SWIFT_ACTIVE_COMPILATION_CONDITIONS = "DEBUG $(inherited)";
				SWIFT_OPTIMIZATION_LEVEL = "-Onone";
			};
			name = Debug;
		};
		AA0000370000000000000001 /* Release */ = {
			isa = XCBuildConfiguration;
			buildSettings = {
				ALWAYS_SEARCH_USER_PATHS = NO;
				ASSETCATALOG_COMPILER_GENERATE_SWIFT_ASSET_SYMBOL_EXTENSIONS = YES;
				CLANG_ANALYZER_NONNULL = YES;
				CLANG_ANALYZER_NUMBER_OBJECT_CONVERSION = YES_AGGRESSIVE;
				CLANG_CXX_LANGUAGE_STANDARD = "gnu++20";
				CLANG_ENABLE_MODULES = YES;
				CLANG_ENABLE_OBJC_ARC = YES;
				CLANG_ENABLE_OBJC_WEAK = YES;
				CLANG_WARN_BLOCK_CAPTURE_AUTORELEASING = YES;
				CLANG_WARN_BOOL_CONVERSION = YES;
				CLANG_WARN_COMMA = YES;
				CLANG_WARN_CONSTANT_CONVERSION = YES;
				CLANG_WARN_DEPRECATED_OBJC_IMPLEMENTATIONS = YES;
				CLANG_WARN_DIRECT_OBJC_ISA_USAGE = YES_ERROR;
				CLANG_WARN_DOCUMENTATION_COMMENTS = YES;
				CLANG_WARN_EMPTY_BODY = YES;
				CLANG_WARN_ENUM_CONVERSION = YES;
				CLANG_WARN_INFINITE_RECURSION = YES;
				CLANG_WARN_INT_CONVERSION = YES;
				CLANG_WARN_NON_LITERAL_NULL_CONVERSION = YES;
				CLANG_WARN_OBJC_IMPLICIT_RETAIN_SELF = YES;
				CLANG_WARN_OBJC_LITERAL_CONVERSION = YES;
				CLANG_WARN_OBJC_ROOT_CLASS = YES_ERROR;
				CLANG_WARN_QUOTED_INCLUDE_IN_FRAMEWORK_HEADER = YES;
				CLANG_WARN_RANGE_LOOP_ANALYSIS = YES;
				CLANG_WARN_STRICT_PROTOTYPES = YES;
				CLANG_WARN_SUSPICIOUS_MOVE = YES;
				CLANG_WARN_UNGUARDED_AVAILABILITY = YES_AGGRESSIVE;
				CLANG_WARN_UNREACHABLE_CODE = YES;
				CLANG_WARN__DUPLICATE_METHOD_MATCH = YES;
				COPY_PHASE_STRIP = NO;
				DEBUG_INFORMATION_FORMAT = "dwarf-with-dsym";
				ENABLE_NS_ASSERTIONS = NO;
				ENABLE_STRICT_OBJC_MSGSEND = YES;
				ENABLE_USER_SCRIPT_SANDBOXING = YES;
				GCC_C_LANGUAGE_STANDARD = gnu17;
				GCC_NO_COMMON_BLOCKS = YES;
				GCC_WARN_64_TO_32_BIT_CONVERSION = YES;
				GCC_WARN_ABOUT_RETURN_TYPE = YES_ERROR;
				GCC_WARN_UNDECLARED_SELECTOR = YES;
				GCC_WARN_UNINITIALIZED_AUTOS = YES_AGGRESSIVE;
				GCC_WARN_UNUSED_FUNCTION = YES;
				GCC_WARN_UNUSED_VARIABLE = YES;
				IPHONEOS_DEPLOYMENT_TARGET = 16.0;
				LOCALIZATION_PREFERS_STRING_CATALOGS = YES;
				MTL_ENABLE_DEBUG_INFO = NO;
				MTL_FAST_MATH = YES;
				SDKROOT = iphoneos;
				SWIFT_COMPILATION_MODE = wholemodule;
				VALIDATE_PRODUCT = YES;
			};
			name = Release;
		};
		AA0000380000000000000001 /* Debug */ = {
			isa = XCBuildConfiguration;
			buildSettings = {
				ASSETCATALOG_COMPILER_APPICON_NAME = AppIcon;
				ASSETCATALOG_COMPILER_GLOBAL_ACCENT_COLOR_NAME = AccentColor;
				CODE_SIGN_ENTITLEMENTS = CardSampleGame.entitlements;
				CODE_SIGN_STYLE = Automatic;
				CURRENT_PROJECT_VERSION = 1;
				DEVELOPMENT_TEAM = "";
				ENABLE_PREVIEWS = YES;
				GENERATE_INFOPLIST_FILE = YES;
				INFOPLIST_KEY_CFBundleDisplayName = "Card Adventure";
				INFOPLIST_KEY_UIApplicationSceneManifest_Generation = YES;
				INFOPLIST_KEY_UIApplicationSupportsIndirectInputEvents = YES;
				INFOPLIST_KEY_UILaunchScreen_Generation = YES;
				INFOPLIST_KEY_UISupportedInterfaceOrientations = "UIInterfaceOrientationPortrait UIInterfaceOrientationLandscapeLeft UIInterfaceOrientationLandscapeRight";
				INFOPLIST_KEY_UISupportedInterfaceOrientations_iPad = "UIInterfaceOrientationPortrait UIInterfaceOrientationPortraitUpsideDown UIInterfaceOrientationLandscapeLeft UIInterfaceOrientationLandscapeRight";
				LD_RUNPATH_SEARCH_PATHS = (
					"$(inherited)",
					"@executable_path/Frameworks",
				);
				MARKETING_VERSION = 1.0;
				PRODUCT_BUNDLE_IDENTIFIER = com.cardgame.CardSampleGame;
				PRODUCT_NAME = "$(TARGET_NAME)";
				SWIFT_EMIT_LOC_STRINGS = YES;
				SWIFT_VERSION = 5.0;
				TARGETED_DEVICE_FAMILY = "1,2";
			};
			name = Debug;
		};
		AA0000390000000000000001 /* Release */ = {
			isa = XCBuildConfiguration;
			buildSettings = {
				ASSETCATALOG_COMPILER_APPICON_NAME = AppIcon;
				ASSETCATALOG_COMPILER_GLOBAL_ACCENT_COLOR_NAME = AccentColor;
				CODE_SIGN_ENTITLEMENTS = CardSampleGame.entitlements;
				CODE_SIGN_STYLE = Automatic;
				CURRENT_PROJECT_VERSION = 1;
				DEVELOPMENT_TEAM = "";
				ENABLE_PREVIEWS = YES;
				GENERATE_INFOPLIST_FILE = YES;
				INFOPLIST_KEY_CFBundleDisplayName = "Card Adventure";
				INFOPLIST_KEY_UIApplicationSceneManifest_Generation = YES;
				INFOPLIST_KEY_UIApplicationSupportsIndirectInputEvents = YES;
				INFOPLIST_KEY_UILaunchScreen_Generation = YES;
				INFOPLIST_KEY_UISupportedInterfaceOrientations = "UIInterfaceOrientationPortrait UIInterfaceOrientationLandscapeLeft UIInterfaceOrientationLandscapeRight";
				INFOPLIST_KEY_UISupportedInterfaceOrientations_iPad = "UIInterfaceOrientationPortrait UIInterfaceOrientationPortraitUpsideDown UIInterfaceOrientationLandscapeLeft UIInterfaceOrientationLandscapeRight";
				LD_RUNPATH_SEARCH_PATHS = (
					"$(inherited)",
					"@executable_path/Frameworks",
				);
				MARKETING_VERSION = 1.0;
				PRODUCT_BUNDLE_IDENTIFIER = com.cardgame.CardSampleGame;
				PRODUCT_NAME = "$(TARGET_NAME)";
				SWIFT_EMIT_LOC_STRINGS = YES;
				SWIFT_VERSION = 5.0;
				TARGETED_DEVICE_FAMILY = "1,2";
			};
			name = Release;
		};
		/* Test Target Configurations */
		BB0000070000000000000001 /* Debug */ = {
			isa = XCBuildConfiguration;
			buildSettings = {
				BUNDLE_LOADER = "$(TEST_HOST)";
				CODE_SIGN_STYLE = Automatic;
				CURRENT_PROJECT_VERSION = 1;
				DEVELOPMENT_TEAM = "";
				GENERATE_INFOPLIST_FILE = YES;
				IPHONEOS_DEPLOYMENT_TARGET = 16.0;
				MARKETING_VERSION = 1.0;
				PRODUCT_BUNDLE_IDENTIFIER = com.cardgame.CardSampleGameTests;
				PRODUCT_NAME = "$(TARGET_NAME)";
				SWIFT_EMIT_LOC_STRINGS = NO;
				SWIFT_VERSION = 5.0;
				TARGETED_DEVICE_FAMILY = "1,2";
				TEST_HOST = "$(BUILT_PRODUCTS_DIR)/CardSampleGame.app/$(BUNDLE_EXECUTABLE_FOLDER_PATH)/CardSampleGame";
			};
			name = Debug;
		};
		BB0000080000000000000001 /* Release */ = {
			isa = XCBuildConfiguration;
			buildSettings = {
				BUNDLE_LOADER = "$(TEST_HOST)";
				CODE_SIGN_STYLE = Automatic;
				CURRENT_PROJECT_VERSION = 1;
				DEVELOPMENT_TEAM = "";
				GENERATE_INFOPLIST_FILE = YES;
				IPHONEOS_DEPLOYMENT_TARGET = 16.0;
				MARKETING_VERSION = 1.0;
				PRODUCT_BUNDLE_IDENTIFIER = com.cardgame.CardSampleGameTests;
				PRODUCT_NAME = "$(TARGET_NAME)";
				SWIFT_EMIT_LOC_STRINGS = NO;
				SWIFT_VERSION = 5.0;
				TARGETED_DEVICE_FAMILY = "1,2";
				TEST_HOST = "$(BUILT_PRODUCTS_DIR)/CardSampleGame.app/$(BUNDLE_EXECUTABLE_FOLDER_PATH)/CardSampleGame";
			};
			name = Release;
		};
/* End XCBuildConfiguration section */

/* Begin XCConfigurationList section */
		AA0000310000000000000001 /* Build configuration list for PBXNativeTarget "CardSampleGame" */ = {
			isa = XCConfigurationList;
			buildConfigurations = (
				AA0000380000000000000001 /* Debug */,
				AA0000390000000000000001 /* Release */,
			);
			defaultConfigurationIsVisible = 0;
			defaultConfigurationName = Release;
		};
		AA0000350000000000000001 /* Build configuration list for PBXProject "CardSampleGame" */ = {
			isa = XCConfigurationList;
			buildConfigurations = (
				AA0000360000000000000001 /* Debug */,
				AA0000370000000000000001 /* Release */,
			);
			defaultConfigurationIsVisible = 0;
			defaultConfigurationName = Release;
		};
		BB0000040000000000000001 /* Build configuration list for PBXNativeTarget "CardSampleGameTests" */ = {
			isa = XCConfigurationList;
			buildConfigurations = (
				BB0000070000000000000001 /* Debug */,
				BB0000080000000000000001 /* Release */,
			);
			defaultConfigurationIsVisible = 0;
			defaultConfigurationName = Release;
		};
/* End XCConfigurationList section */
	};
	rootObject = AA0000340000000000000001 /* Project object */;
}
