// !$*UTF8*$!
{
	archiveVersion = 1;
	classes = {
	};
	objectVersion = 56;
	objects = {

/* Begin PBXBuildFile section */
		01856FA4AED657E11739268F /* DesignSystemComplianceTests.swift in Sources */ = {isa = PBXBuildFile; fileRef = A0CA67A53A024B4CEDD6685C /* DesignSystemComplianceTests.swift */; };
		01D384D3F190A3976183B126 /* EventView.swift in Sources */ = {isa = PBXBuildFile; fileRef = 43D4E3FBE4DC34B63B61E061 /* EventView.swift */; };
		0869558992AD64C9C9AC00CB /* LocalizationValidatorTests.swift in Sources */ = {isa = PBXBuildFile; fileRef = 204A28A32636BB8C22E758C3 /* LocalizationValidatorTests.swift */; };
		0A1C2D3E4F5A6B7C8D9E0F1A /* LocalizationCompletenessTests.swift in Sources */ = {isa = PBXBuildFile; fileRef = 0B2C3D4E5F6A7B8C9D0E1F2A /* LocalizationCompletenessTests.swift */; };
		1EA4518FD1D6F207BD1464B5 /* DispositionArchBoundaryGateTests.swift in Sources */ = {isa = PBXBuildFile; fileRef = FFC9DD68CA8F29F281AF0C7A /* DispositionArchBoundaryGateTests.swift */; };
		21FA6506632F6BC34AAFCF46 /* DispositionCombatScene+Layout.swift in Sources */ = {isa = PBXBuildFile; fileRef = B6D1A14B68966E33DCED0A41 /* DispositionCombatScene+Layout.swift */; };
		24FDDC6E399F926DABA01174 /* DispositionCombatScene.swift in Sources */ = {isa = PBXBuildFile; fileRef = 67E74864AB7B6DA217261649 /* DispositionCombatScene.swift */; };
		4298DB1B512B7A46A1B6B129 /* DispositionCombatScene+GameLoop.swift in Sources */ = {isa = PBXBuildFile; fileRef = EA11A7E0D0F695D86A01092F /* DispositionCombatScene+GameLoop.swift */; };
		DCI000020000000000000001 /* DispositionCombatScene+CardInteraction.swift in Sources */ = {isa = PBXBuildFile; fileRef = DCI000010000000000000001 /* DispositionCombatScene+CardInteraction.swift */; };
		4748A720AAB2F6E8C7247419 /* DispositionCardPlayGateTests.swift in Sources */ = {isa = PBXBuildFile; fileRef = 1D23A7FDD58FA74AB0FA6657 /* DispositionCardPlayGateTests.swift */; };
		4A62B7903EAB9A19F55B061F /* DispositionCombatBridge.swift in Sources */ = {isa = PBXBuildFile; fileRef = 5875F2DCFC769778EAB9096A /* DispositionCombatBridge.swift */; };
		6352A5DDAB8A087797D247C9 /* ContentValidationTests.swift in Sources */ = {isa = PBXBuildFile; fileRef = E948FF6BD58A6370B765AD94 /* ContentValidationTests.swift */; };
		8835941EDB53C5A2FFF97D8C /* DispositionCombatSceneView.swift in Sources */ = {isa = PBXBuildFile; fileRef = 8E699A0AE1C17B5AF2389767 /* DispositionCombatSceneView.swift */; };
		8B5C529E75755A127084F62A /* SourcePathResolver.swift in Sources */ = {isa = PBXBuildFile; fileRef = 85E6536727E3995B16A50F82 /* SourcePathResolver.swift */; };
		8F035EDB750B2C0441F077B0 /* WorldMapView.swift in Sources */ = {isa = PBXBuildFile; fileRef = 6BEC0AA856AB6706612208E1 /* WorldMapView.swift */; };
		A17EABC43572E702B3A65946 /* DispositionSceneGateTests.swift in Sources */ = {isa = PBXBuildFile; fileRef = 8760BEC68C6999DAA517BA45 /* DispositionSceneGateTests.swift */; };
		AA0000000000000000000002 /* EchoCombatBridge.swift in Sources */ = {isa = PBXBuildFile; fileRef = AA0000000000000000000001 /* EchoCombatBridge.swift */; };
		AA0000130000000000000001 /* CardView.swift in Sources */ = {isa = PBXBuildFile; fileRef = AA0000140000000000000001 /* CardView.swift */; };
		AA0000150000000000000001 /* PlayerHandView.swift in Sources */ = {isa = PBXBuildFile; fileRef = AA0000160000000000000001 /* PlayerHandView.swift */; };
		AA0000430000000000000001 /* Localizable.strings in Resources */ = {isa = PBXBuildFile; fileRef = AA0000450000000000000001 /* Localizable.strings */; };
		AA0000480000000000000001 /* RulesView.swift in Sources */ = {isa = PBXBuildFile; fileRef = AA0000490000000000000001 /* RulesView.swift */; };
		AA0000520000000000000001 /* GameSave.swift in Sources */ = {isa = PBXBuildFile; fileRef = AA0000530000000000000001 /* GameSave.swift */; };
		AA0000540000000000000001 /* StatisticsView.swift in Sources */ = {isa = PBXBuildFile; fileRef = AA0000550000000000000001 /* StatisticsView.swift */; };
		AB36A0010000000000000001 /* AuditArchitectureBoundaryGateTests+ExternalCombatAndMutations.swift in Sources */ = {isa = PBXBuildFile; fileRef = AB36A1010000000000000001 /* AuditArchitectureBoundaryGateTests+ExternalCombatAndMutations.swift */; };
		AB36A0020000000000000001 /* AuditArchitectureBoundaryGateTests+DependenciesAndHygiene.swift in Sources */ = {isa = PBXBuildFile; fileRef = AB36A1020000000000000001 /* AuditArchitectureBoundaryGateTests+DependenciesAndHygiene.swift */; };
		AB36A0030000000000000001 /* AuditArchitectureBoundaryGateTests+BridgeCallsiteGates.swift in Sources */ = {isa = PBXBuildFile; fileRef = AB36A1030000000000000001 /* AuditArchitectureBoundaryGateTests+BridgeCallsiteGates.swift */; };
		AB36A0040000000000000001 /* AuditArchitectureBoundaryGateTests+LocaleGates.swift in Sources */ = {isa = PBXBuildFile; fileRef = AB36A1040000000000000001 /* AuditArchitectureBoundaryGateTests+LocaleGates.swift */; };
		AB37B0010000000000000001 /* AuditGateTests+ArchitectureAndIsolation.swift in Sources */ = {isa = PBXBuildFile; fileRef = AB37C1010000000000000001 /* AuditGateTests+ArchitectureAndIsolation.swift */; };
		AB37B0020000000000000001 /* AuditGateTests+StaticAndSerialization.swift in Sources */ = {isa = PBXBuildFile; fileRef = AB37C1020000000000000001 /* AuditGateTests+StaticAndSerialization.swift */; };
		AB37B0030000000000000001 /* AuditGateTests+LegacyAndDeterminism.swift in Sources */ = {isa = PBXBuildFile; fileRef = AB37C1030000000000000001 /* AuditGateTests+LegacyAndDeterminism.swift */; };
		AB37B0040000000000000001 /* AuditGateTests+AssetsAndRuntimeBoundaries.swift in Sources */ = {isa = PBXBuildFile; fileRef = AB37C1040000000000000001 /* AuditGateTests+AssetsAndRuntimeBoundaries.swift */; };
		APP00101000000000000001 /* CardGameApp.swift in Sources */ = {isa = PBXBuildFile; fileRef = APP00102000000000000001 /* CardGameApp.swift */; };
		APP00201000000000000001 /* ContentView.swift in Sources */ = {isa = PBXBuildFile; fileRef = APP00202000000000000001 /* ContentView.swift */; };
		APP00301000000000000001 /* BundledPackURLs.swift in Sources */ = {isa = PBXBuildFile; fileRef = APP00302000000000000001 /* BundledPackURLs.swift */; };
		APP00401000000000000001 /* ContentFlow.swift in Sources */ = {isa = PBXBuildFile; fileRef = APP00402000000000000001 /* ContentFlow.swift */; };
		APP00501000000000000001 /* AppServices.swift in Sources */ = {isa = PBXBuildFile; fileRef = APP00502000000000000001 /* AppServices.swift */; };
		APP00601000000000000001 /* LoadingItem.swift in Sources */ = {isa = PBXBuildFile; fileRef = APP00602000000000000001 /* LoadingItem.swift */; };
		APP00701000000000000001 /* ContentLoader.swift in Sources */ = {isa = PBXBuildFile; fileRef = APP00702000000000000001 /* ContentLoader.swift */; };
		APP00801000000000000001 /* LoadingView.swift in Sources */ = {isa = PBXBuildFile; fileRef = APP00802000000000000001 /* LoadingView.swift */; };
		APP00901000000000000001 /* LoadingItemRow.swift in Sources */ = {isa = PBXBuildFile; fileRef = APP00902000000000000001 /* LoadingItemRow.swift */; };
		APS00101000000000000001 /* CharacterSelectionScreen.swift in Sources */ = {isa = PBXBuildFile; fileRef = APS00102000000000000001 /* CharacterSelectionScreen.swift */; };
		APS00201000000000000001 /* SaveSlotSelectionScreen.swift in Sources */ = {isa = PBXBuildFile; fileRef = APS00202000000000000001 /* SaveSlotSelectionScreen.swift */; };
		APS00301000000000000001 /* LoadSlotSelectionScreen.swift in Sources */ = {isa = PBXBuildFile; fileRef = APS00302000000000000001 /* LoadSlotSelectionScreen.swift */; };
		AS00000000000010 /* Assets.xcassets in Resources */ = {isa = PBXBuildFile; fileRef = AS00000000000001 /* Assets.xcassets */; };
		B9A7179091F517C5A8B715B9 /* DispositionCombatViewModel.swift in Sources */ = {isa = PBXBuildFile; fileRef = 7281A0D5F94962EEED1D9DB2 /* DispositionCombatViewModel.swift */; };
		MBDG00020000000000000001 /* ModifierBadgeNode.swift in Sources */ = {isa = PBXBuildFile; fileRef = MBDG00010000000000000001 /* ModifierBadgeNode.swift */; };
		BAV0000100000000000000001 /* BattleArenaView.swift in Sources */ = {isa = PBXBuildFile; fileRef = BAV0000200000000000000001 /* BattleArenaView.swift */; };
		BB0001150000000000000001 /* SaveLoadTests.swift in Sources */ = {isa = PBXBuildFile; fileRef = BB0001160000000000000001 /* SaveLoadTests.swift */; };
		BB0004110000000000000001 /* AuditGateTests.swift in Sources */ = {isa = PBXBuildFile; fileRef = BB0004120000000000000001 /* AuditGateTests.swift */; };
		BB00AAB10000000000000001 /* AuditArchitectureBoundaryGateTests.swift in Sources */ = {isa = PBXBuildFile; fileRef = BB00AAB20000000000000001 /* AuditArchitectureBoundaryGateTests.swift */; };
		C554D44FD5BB996A504E842D /* DispositionCombatResult.swift in Sources */ = {isa = PBXBuildFile; fileRef = C21A3BAB00D2CD2E3996F903 /* DispositionCombatResult.swift */; };
		C80DC6128F371177237472A1 /* ConditionValidatorTests.swift in Sources */ = {isa = PBXBuildFile; fileRef = D72352D1C9BABFA97F62257B /* ConditionValidatorTests.swift */; };
		CB0000030000000000000001 /* EncounterViewModel.swift in Sources */ = {isa = PBXBuildFile; fileRef = CB0000040000000000000001 /* EncounterViewModel.swift */; };
		CB0000050000000000000001 /* CombatSubviews.swift in Sources */ = {isa = PBXBuildFile; fileRef = CB0000060000000000000001 /* CombatSubviews.swift */; };
		CB0000070000000000000001 /* EchoEncounterBridge.swift in Sources */ = {isa = PBXBuildFile; fileRef = CB0000080000000000000001 /* EchoEncounterBridge.swift */; };
		CB0000090000000000000001 /* CombatOutcomeAndCardsViews.swift in Sources */ = {isa = PBXBuildFile; fileRef = CB00000A0000000000000001 /* CombatOutcomeAndCardsViews.swift */; };
		CB00000B0000000000000001 /* EncounterViewModel+PlayerActions.swift in Sources */ = {isa = PBXBuildFile; fileRef = CB00000C0000000000000001 /* EncounterViewModel+PlayerActions.swift */; };
		CB00000D0000000000000001 /* EncounterViewModel+PhaseMachine.swift in Sources */ = {isa = PBXBuildFile; fileRef = CB00000E0000000000000001 /* EncounterViewModel+PhaseMachine.swift */; };
		CB00000F0000000000000001 /* EncounterViewModel+StateSyncAndLog.swift in Sources */ = {isa = PBXBuildFile; fileRef = CB0000100000000000000001 /* EncounterViewModel+StateSyncAndLog.swift */; };
		CC0000020000000000000001 /* AppCombatSummary.swift in Sources */ = {isa = PBXBuildFile; fileRef = CC0000010000000000000001 /* AppCombatSummary.swift */; };
		CC000002000000000000001B /* ContrastComplianceTests.swift in Sources */ = {isa = PBXBuildFile; fileRef = CC000001000000000000001A /* ContrastComplianceTests.swift */; };
		CHGXPI010000000000000001 /* CodeHygieneTests+XcodeProjectIntegrity.swift in Sources */ = {isa = PBXBuildFile; fileRef = CHGXPI020000000000000001 /* CodeHygieneTests+XcodeProjectIntegrity.swift */; };
		CHGXPR010000000000000001 /* CodeHygieneTests+XcodeProjectStructure.swift in Sources */ = {isa = PBXBuildFile; fileRef = CHGXPR020000000000000001 /* CodeHygieneTests+XcodeProjectStructure.swift */; };
		CM00000100000000000000001 /* ContentManagerView.swift in Sources */ = {isa = PBXBuildFile; fileRef = CM00000200000000000000001 /* ContentManagerView.swift */; };
		CM00000300000000000000001 /* ContentManagerVM.swift in Sources */ = {isa = PBXBuildFile; fileRef = CM00000400000000000000001 /* ContentManagerVM.swift */; };
		CM00000500000000000000001 /* ContentManagerComponents.swift in Sources */ = {isa = PBXBuildFile; fileRef = CM00000600000000000000001 /* ContentManagerComponents.swift */; };
		CMT0000100000000000000001 /* ContentManagerTests.swift in Sources */ = {isa = PBXBuildFile; fileRef = CMT0000200000000000000001 /* ContentManagerTests.swift */; };
		CT00000000000010 /* PackLoaderTests.swift in Sources */ = {isa = PBXBuildFile; fileRef = CT00000000000001 /* PackLoaderTests.swift */; };
		CT00000000000020 /* ContentRegistryTests.swift in Sources */ = {isa = PBXBuildFile; fileRef = CT00000000000002 /* ContentRegistryTests.swift */; };
		CVD0000100000000000000001 /* CardPresentation.swift in Sources */ = {isa = PBXBuildFile; fileRef = CVD0001100000000000000001 /* CardPresentation.swift */; };
		CVD0000200000000000000001 /* CompactCardView.swift in Sources */ = {isa = PBXBuildFile; fileRef = CVD0001200000000000000001 /* CompactCardView.swift */; };
		CVD0000300000000000000001 /* HandCardView.swift in Sources */ = {isa = PBXBuildFile; fileRef = CVD0001300000000000000001 /* HandCardView.swift */; };
		DD0000020000000000000001 /* DragDropController.swift in Sources */ = {isa = PBXBuildFile; fileRef = DD0000010000000000000001 /* DragDropController.swift */; };
		DHB0000100000000000000001 /* DualHealthBar.swift in Sources */ = {isa = PBXBuildFile; fileRef = DHB0000200000000000000001 /* DualHealthBar.swift */; };
		DS00000000000010 /* DesignSystem.swift in Sources */ = {isa = PBXBuildFile; fileRef = DS00000000000001 /* DesignSystem.swift */; };
		E9601DE7AB72AE3B9035899A /* CodeHygieneTests.swift in Sources */ = {isa = PBXBuildFile; fileRef = 60C1474DB750BB1D0378466E /* CodeHygieneTests.swift */; };
		ECV0000100000000000000001 /* EnemyCardView.swift in Sources */ = {isa = PBXBuildFile; fileRef = ECV0000200000000000000001 /* EnemyCardView.swift */; };
		EIV000010000000000000001 /* EnemyIntentView.swift in Sources */ = {isa = PBXBuildFile; fileRef = EIV000020000000000000001 /* EnemyIntentView.swift */; };
		ESC0000100000000000000001 /* EnemySelectionCard.swift in Sources */ = {isa = PBXBuildFile; fileRef = ESC0000200000000000000001 /* EnemySelectionCard.swift */; };
		EXPRBF010000000000000001 /* ExpressionParserTests.swift in Sources */ = {isa = PBXBuildFile; fileRef = EXPRFR010000000000000001 /* ExpressionParserTests.swift */; };
		FCCS000100000000000000001 /* FateCardChoiceSheet.swift in Sources */ = {isa = PBXBuildFile; fileRef = FCCS000200000000000000001 /* FateCardChoiceSheet.swift */; };
		FDW0000100000000000000001 /* FateDeckWidget.swift in Sources */ = {isa = PBXBuildFile; fileRef = FDW0000200000000000000001 /* FateDeckWidget.swift */; };
		FR0000020000000000000001 /* FateRevealDirector.swift in Sources */ = {isa = PBXBuildFile; fileRef = FR0000010000000000000001 /* FateRevealDirector.swift */; };
		FRV000010000000000000001 /* FateCardRevealView.swift in Sources */ = {isa = PBXBuildFile; fileRef = FRV000020000000000000001 /* FateCardRevealView.swift */; };
		GEO00301000000000000001 /* GameEngineObservable.swift in Sources */ = {isa = PBXBuildFile; fileRef = GEO00302000000000000001 /* GameEngineObservable.swift */; };
		GG0002010000000000000001 /* HeroSelectionView.swift in Sources */ = {isa = PBXBuildFile; fileRef = GG0002020000000000000001 /* HeroSelectionView.swift */; };
		GOV0000100000000000000001 /* GameOverView.swift in Sources */ = {isa = PBXBuildFile; fileRef = GOV0000200000000000000001 /* GameOverView.swift */; };
		HAP0000100000000000000001 /* HapticManager.swift in Sources */ = {isa = PBXBuildFile; fileRef = HAP0000200000000000000001 /* HapticManager.swift */; };
		HP00000000000010 /* HeroPanelTests.swift in Sources */ = {isa = PBXBuildFile; fileRef = HP00000000000001 /* HeroPanelTests.swift */; };
		HR00000000000010 /* HeroRegistryTests.swift in Sources */ = {isa = PBXBuildFile; fileRef = HR00000000000001 /* HeroRegistryTests.swift */; };
		HSC0000100000000000000001 /* HeroSelectionCard.swift in Sources */ = {isa = PBXBuildFile; fileRef = HSC0000200000000000000001 /* HeroSelectionCard.swift */; };
		LSC0000100000000000000001 /* LoadSlotCard.swift in Sources */ = {isa = PBXBuildFile; fileRef = LSC0000200000000000000001 /* LoadSlotCard.swift */; };
		PEAPBF0000000000PE000001 /* PackEditorApp in Frameworks */ = {isa = PBXBuildFile; productRef = PEAPPD0000000000PE000001 /* PackEditorApp */; };
		PEB0010000000000PE000001 /* PackEditorApp.swift in Sources */ = {isa = PBXBuildFile; fileRef = PEF0010000000000PE000001 /* PackEditorApp.swift */; };
		PEBPEK0000000000PE000001 /* PackEditorKit in Frameworks */ = {isa = PBXBuildFile; productRef = PEPKG30000000000PE000001 /* PackEditorKit */; };
		PEFB010000000000PE000001 /* TwilightEngine in Frameworks */ = {isa = PBXBuildFile; productRef = PEPKG10000000000PE000001 /* TwilightEngine */; };
		PEFB020000000000PE000001 /* PackAuthoring in Frameworks */ = {isa = PBXBuildFile; productRef = PEPKG20000000000PE000001 /* PackAuthoring */; };
		PG00000100000000000000001 /* PlayerProfile.swift in Sources */ = {isa = PBXBuildFile; fileRef = PG00000200000000000000001 /* PlayerProfile.swift */; };
		PG00000300000000000000001 /* ProfileManager.swift in Sources */ = {isa = PBXBuildFile; fileRef = PG00000400000000000000001 /* ProfileManager.swift */; };
		PG00000500000000000000001 /* AchievementDefinition.swift in Sources */ = {isa = PBXBuildFile; fileRef = PG00000600000000000000001 /* AchievementDefinition.swift */; };
		PG00000700000000000000001 /* AchievementEngine.swift in Sources */ = {isa = PBXBuildFile; fileRef = PG00000800000000000000001 /* AchievementEngine.swift */; };
		PG00000900000000000000001 /* BestiaryView.swift in Sources */ = {isa = PBXBuildFile; fileRef = PG00001000000000000000001 /* BestiaryView.swift */; };
		PG00001100000000000000001 /* CreatureDetailView.swift in Sources */ = {isa = PBXBuildFile; fileRef = PG00001200000000000000001 /* CreatureDetailView.swift */; };
		PG00001300000000000000001 /* AchievementsView.swift in Sources */ = {isa = PBXBuildFile; fileRef = PG00001400000000000000001 /* AchievementsView.swift */; };
		PG00001500000000000000001 /* ProfileGateTests.swift in Sources */ = {isa = PBXBuildFile; fileRef = PG00001600000000000000001 /* ProfileGateTests.swift */; };
		PHB0000100000000000000001 /* PhaseBanner.swift in Sources */ = {isa = PBXBuildFile; fileRef = PHB0000200000000000000001 /* PhaseBanner.swift */; };
		PKG0001000000000000000001 /* TwilightEngine in Frameworks */ = {isa = PBXBuildFile; productRef = PKG0002000000000000000001 /* TwilightEngine */; };
		PKG0018000000000000000001 /* CoreHeroesContent in Frameworks */ = {isa = PBXBuildFile; productRef = PKG0014000000000000000001 /* CoreHeroesContent */; };
		PKG0019000000000000000001 /* TwilightMarchesActIContent in Frameworks */ = {isa = PBXBuildFile; productRef = PKG0015000000000000000001 /* TwilightMarchesActIContent */; };
		PKG0020000000000000000001 /* CoreHeroesContent in Frameworks */ = {isa = PBXBuildFile; productRef = PKG0016000000000000000001 /* CoreHeroesContent */; };
		PKG0021000000000000000001 /* TwilightMarchesActIContent in Frameworks */ = {isa = PBXBuildFile; productRef = PKG0017000000000000000001 /* TwilightMarchesActIContent */; };
		PKG0022000000000000000001 /* PackAuthoring in Frameworks */ = {isa = PBXBuildFile; productRef = PKG0023000000000000000001 /* PackAuthoring */; };
		R4ID00020000000000000001 /* IdolNode.swift in Sources */ = {isa = PBXBuildFile; fileRef = R4ID00010000000000000001 /* IdolNode.swift */; };
		R5BF00020000000000000001 /* BonfireNode.swift in Sources */ = {isa = PBXBuildFile; fileRef = R5BF00010000000000000001 /* BonfireNode.swift */; };
		R5RC00020000000000000001 /* RitualCircleNode.swift in Sources */ = {isa = PBXBuildFile; fileRef = R5RC00010000000000000001 /* RitualCircleNode.swift */; };
		R5SN00020000000000000001 /* SealNode.swift in Sources */ = {isa = PBXBuildFile; fileRef = R5SN00010000000000000001 /* SealNode.swift */; };
		R8AM00020000000000000001 /* AmuletNode.swift in Sources */ = {isa = PBXBuildFile; fileRef = R8AM00010000000000000001 /* AmuletNode.swift */; };
		R8RR00020000000000000001 /* ResonanceRuneNode.swift in Sources */ = {isa = PBXBuildFile; fileRef = R8RR00010000000000000001 /* ResonanceRuneNode.swift */; };
		R9CL00020000000000000001 /* CombatLogOverlay.swift in Sources */ = {isa = PBXBuildFile; fileRef = R9CL00010000000000000001 /* CombatLogOverlay.swift */; };
		R9TC00020000000000000001 /* RitualThemeConstants.swift in Sources */ = {isa = PBXBuildFile; fileRef = R9TC00010000000000000001 /* RitualThemeConstants.swift */; };
		RA0000020000000000000001 /* ResonanceAtmosphereController.swift in Sources */ = {isa = PBXBuildFile; fileRef = RA0000010000000000000001 /* ResonanceAtmosphereController.swift */; };
		RW00000100000000000000001 /* ResonanceWidget.swift in Sources */ = {isa = PBXBuildFile; fileRef = RW00000200000000000000001 /* ResonanceWidget.swift */; };
		SND0000100000000000000001 /* SoundManager.swift in Sources */ = {isa = PBXBuildFile; fileRef = SND0000200000000000000001 /* SoundManager.swift */; };
		SSC0000100000000000000001 /* SaveSlotCard.swift in Sources */ = {isa = PBXBuildFile; fileRef = SSC0000200000000000000001 /* SaveSlotCard.swift */; };
		STD0000100000000000000001 /* StatDisplay.swift in Sources */ = {isa = PBXBuildFile; fileRef = STD0000200000000000000001 /* StatDisplay.swift */; };
		STM0000100000000000000001 /* StatMini.swift in Sources */ = {isa = PBXBuildFile; fileRef = STM0000200000000000000001 /* StatMini.swift */; };
		STV0000100000000000000001 /* SettingsView.swift in Sources */ = {isa = PBXBuildFile; fileRef = STV0000200000000000000001 /* SettingsView.swift */; };
		TH00000300000000000000001 /* TestContentLoader.swift in Sources */ = {isa = PBXBuildFile; fileRef = TH00000200000000000000001 /* TestContentLoader.swift */; };
		TOV0000100000000000000001 /* TutorialOverlayView.swift in Sources */ = {isa = PBXBuildFile; fileRef = TOV0000200000000000000001 /* TutorialOverlayView.swift */; };
		UT00000000000010 /* Localization.swift in Sources */ = {isa = PBXBuildFile; fileRef = UT00000000000001 /* Localization.swift */; };
		UT00000000000030 /* SafeImage.swift in Sources */ = {isa = PBXBuildFile; fileRef = UT00000000000003 /* SafeImage.swift */; };
		UT00000000000040 /* AssetRegistry.swift in Sources */ = {isa = PBXBuildFile; fileRef = UT00000000000004 /* AssetRegistry.swift */; };
		UT00000000000050 /* Localization+AdvancedSystems.swift in Sources */ = {isa = PBXBuildFile; fileRef = UT00000000000005 /* Localization+AdvancedSystems.swift */; };
		UT00000000000060 /* Localization+CoreAndRules.swift in Sources */ = {isa = PBXBuildFile; fileRef = UT00000000000006 /* Localization+CoreAndRules.swift */; };
		UT00000000000070 /* Localization+WorldAndNavigation.swift in Sources */ = {isa = PBXBuildFile; fileRef = UT00000000000007 /* Localization+WorldAndNavigation.swift */; };
		UT00000000000080 /* Localization+RemainingKeys.swift in Sources */ = {isa = PBXBuildFile; fileRef = UT00000000000008 /* Localization+RemainingKeys.swift */; };
		VWC00101000000000000001 /* HeroPanel.swift in Sources */ = {isa = PBXBuildFile; fileRef = VWC00102000000000000001 /* HeroPanel.swift */; };
		WM0000010000000000000001 /* EventLogEntryView.swift in Sources */ = {isa = PBXBuildFile; fileRef = WM0000020000000000000001 /* EventLogEntryView.swift */; };
		WM0000030000000000000001 /* EngineRegionCardView.swift in Sources */ = {isa = PBXBuildFile; fileRef = WM0000040000000000000001 /* EngineRegionCardView.swift */; };
		WM0000050000000000000001 /* EngineRegionDetailView.swift in Sources */ = {isa = PBXBuildFile; fileRef = WM0000060000000000000001 /* EngineRegionDetailView.swift */; };
		WM0000070000000000000001 /* EngineEventLogView.swift in Sources */ = {isa = PBXBuildFile; fileRef = WM0000080000000000000001 /* EngineEventLogView.swift */; };
		WM0000090000000000000001 /* CardReceivedNotificationOverlay.swift in Sources */ = {isa = PBXBuildFile; fileRef = WM0000100000000000000001 /* CardReceivedNotificationOverlay.swift */; };
/* End PBXBuildFile section */

/* Begin PBXContainerItemProxy section */
		BB0002010000000000000001 /* PBXContainerItemProxy */ = {
			isa = PBXContainerItemProxy;
			containerPortal = AA0000340000000000000001 /* Project object */;
			proxyType = 1;
			remoteGlobalIDString = AA0000300000000000000001;
			remoteInfo = CardSampleGame;
		};
/* End PBXContainerItemProxy section */

/* Begin PBXFileReference section */
		0B2C3D4E5F6A7B8C9D0E1F2A /* LocalizationCompletenessTests.swift */ = {isa = PBXFileReference; includeInIndex = 1; lastKnownFileType = sourcecode.swift; path = LocalizationCompletenessTests.swift; sourceTree = "<group>"; };
		1D23A7FDD58FA74AB0FA6657 /* DispositionCardPlayGateTests.swift */ = {isa = PBXFileReference; includeInIndex = 1; lastKnownFileType = sourcecode.swift; path = DispositionCardPlayGateTests.swift; sourceTree = "<group>"; };
		204A28A32636BB8C22E758C3 /* LocalizationValidatorTests.swift */ = {isa = PBXFileReference; includeInIndex = 1; lastKnownFileType = sourcecode.swift; path = LocalizationValidatorTests.swift; sourceTree = "<group>"; };
		43D4E3FBE4DC34B63B61E061 /* EventView.swift */ = {isa = PBXFileReference; includeInIndex = 1; lastKnownFileType = sourcecode.swift; name = EventView.swift; path = EventView.swift; sourceTree = "<group>"; };
		5875F2DCFC769778EAB9096A /* DispositionCombatBridge.swift */ = {isa = PBXFileReference; includeInIndex = 1; lastKnownFileType = sourcecode.swift; path = DispositionCombatBridge.swift; sourceTree = "<group>"; };
		60C1474DB750BB1D0378466E /* CodeHygieneTests.swift */ = {isa = PBXFileReference; includeInIndex = 1; lastKnownFileType = sourcecode.swift; path = CodeHygieneTests.swift; sourceTree = "<group>"; };
		67E74864AB7B6DA217261649 /* DispositionCombatScene.swift */ = {isa = PBXFileReference; includeInIndex = 1; lastKnownFileType = sourcecode.swift; path = DispositionCombatScene.swift; sourceTree = "<group>"; };
		6BEC0AA856AB6706612208E1 /* WorldMapView.swift */ = {isa = PBXFileReference; includeInIndex = 1; lastKnownFileType = sourcecode.swift; name = WorldMapView.swift; path = WorldMapView.swift; sourceTree = "<group>"; };
		7281A0D5F94962EEED1D9DB2 /* DispositionCombatViewModel.swift */ = {isa = PBXFileReference; includeInIndex = 1; lastKnownFileType = sourcecode.swift; path = DispositionCombatViewModel.swift; sourceTree = "<group>"; };
		MBDG00010000000000000001 /* ModifierBadgeNode.swift */ = {isa = PBXFileReference; lastKnownFileType = sourcecode.swift; path = ModifierBadgeNode.swift; sourceTree = "<group>"; };
		85E6536727E3995B16A50F82 /* SourcePathResolver.swift */ = {isa = PBXFileReference; includeInIndex = 1; lastKnownFileType = sourcecode.swift; path = SourcePathResolver.swift; sourceTree = "<group>"; };
		8760BEC68C6999DAA517BA45 /* DispositionSceneGateTests.swift */ = {isa = PBXFileReference; includeInIndex = 1; lastKnownFileType = sourcecode.swift; name = DispositionSceneGateTests.swift; path = ../../CardSampleGameTests/GateTests/DispositionSceneGateTests.swift; sourceTree = "<group>"; };
		8E699A0AE1C17B5AF2389767 /* DispositionCombatSceneView.swift */ = {isa = PBXFileReference; includeInIndex = 1; lastKnownFileType = sourcecode.swift; path = DispositionCombatSceneView.swift; sourceTree = "<group>"; };
		A0CA67A53A024B4CEDD6685C /* DesignSystemComplianceTests.swift */ = {isa = PBXFileReference; includeInIndex = 1; lastKnownFileType = sourcecode.swift; path = DesignSystemComplianceTests.swift; sourceTree = "<group>"; };
		AA0000000000000000000001 /* EchoCombatBridge.swift */ = {isa = PBXFileReference; lastKnownFileType = sourcecode.swift; path = EchoCombatBridge.swift; sourceTree = "<group>"; };
		AA0000140000000000000001 /* CardView.swift */ = {isa = PBXFileReference; lastKnownFileType = sourcecode.swift; path = CardView.swift; sourceTree = "<group>"; };
		AA0000160000000000000001 /* PlayerHandView.swift */ = {isa = PBXFileReference; lastKnownFileType = sourcecode.swift; path = PlayerHandView.swift; sourceTree = "<group>"; };
		AA0000210000000000000001 /* CardSampleGame.app */ = {isa = PBXFileReference; explicitFileType = wrapper.application; includeInIndex = 0; path = CardSampleGame.app; sourceTree = BUILT_PRODUCTS_DIR; };
		AA0000400000000000000001 /* CardSampleGame.entitlements */ = {isa = PBXFileReference; lastKnownFileType = text.plist.entitlements; path = CardSampleGame.entitlements; sourceTree = "<group>"; };
		AA0000440000000000000001 /* en */ = {isa = PBXFileReference; lastKnownFileType = text.plist.strings; name = en; path = en.lproj/Localizable.strings; sourceTree = "<group>"; };
		AA0000460000000000000001 /* ru */ = {isa = PBXFileReference; lastKnownFileType = text.plist.strings; name = ru; path = ru.lproj/Localizable.strings; sourceTree = "<group>"; };
		AA0000490000000000000001 /* RulesView.swift */ = {isa = PBXFileReference; lastKnownFileType = sourcecode.swift; path = RulesView.swift; sourceTree = "<group>"; };
		AA0000530000000000000001 /* GameSave.swift */ = {isa = PBXFileReference; lastKnownFileType = sourcecode.swift; path = GameSave.swift; sourceTree = "<group>"; };
		AA0000550000000000000001 /* StatisticsView.swift */ = {isa = PBXFileReference; lastKnownFileType = sourcecode.swift; path = StatisticsView.swift; sourceTree = "<group>"; };
		AB36A1010000000000000001 /* AuditArchitectureBoundaryGateTests+ExternalCombatAndMutations.swift */ = {isa = PBXFileReference; lastKnownFileType = sourcecode.swift; path = "AuditArchitectureBoundaryGateTests+ExternalCombatAndMutations.swift"; sourceTree = "<group>"; };
		AB36A1020000000000000001 /* AuditArchitectureBoundaryGateTests+DependenciesAndHygiene.swift */ = {isa = PBXFileReference; lastKnownFileType = sourcecode.swift; path = "AuditArchitectureBoundaryGateTests+DependenciesAndHygiene.swift"; sourceTree = "<group>"; };
		AB36A1030000000000000001 /* AuditArchitectureBoundaryGateTests+BridgeCallsiteGates.swift */ = {isa = PBXFileReference; lastKnownFileType = sourcecode.swift; path = "AuditArchitectureBoundaryGateTests+BridgeCallsiteGates.swift"; sourceTree = "<group>"; };
		AB36A1040000000000000001 /* AuditArchitectureBoundaryGateTests+LocaleGates.swift */ = {isa = PBXFileReference; lastKnownFileType = sourcecode.swift; path = "AuditArchitectureBoundaryGateTests+LocaleGates.swift"; sourceTree = "<group>"; };
		AB37C1010000000000000001 /* AuditGateTests+ArchitectureAndIsolation.swift */ = {isa = PBXFileReference; lastKnownFileType = sourcecode.swift; path = "AuditGateTests+ArchitectureAndIsolation.swift"; sourceTree = "<group>"; };
		AB37C1020000000000000001 /* AuditGateTests+StaticAndSerialization.swift */ = {isa = PBXFileReference; lastKnownFileType = sourcecode.swift; path = "AuditGateTests+StaticAndSerialization.swift"; sourceTree = "<group>"; };
		AB37C1030000000000000001 /* AuditGateTests+LegacyAndDeterminism.swift */ = {isa = PBXFileReference; lastKnownFileType = sourcecode.swift; path = "AuditGateTests+LegacyAndDeterminism.swift"; sourceTree = "<group>"; };
		AB37C1040000000000000001 /* AuditGateTests+AssetsAndRuntimeBoundaries.swift */ = {isa = PBXFileReference; lastKnownFileType = sourcecode.swift; path = "AuditGateTests+AssetsAndRuntimeBoundaries.swift"; sourceTree = "<group>"; };
		APP00102000000000000001 /* CardGameApp.swift */ = {isa = PBXFileReference; lastKnownFileType = sourcecode.swift; path = CardGameApp.swift; sourceTree = "<group>"; };
		APP00202000000000000001 /* ContentView.swift */ = {isa = PBXFileReference; lastKnownFileType = sourcecode.swift; path = ContentView.swift; sourceTree = "<group>"; };
		APP00302000000000000001 /* BundledPackURLs.swift */ = {isa = PBXFileReference; lastKnownFileType = sourcecode.swift; path = BundledPackURLs.swift; sourceTree = "<group>"; };
		APP00402000000000000001 /* ContentFlow.swift */ = {isa = PBXFileReference; lastKnownFileType = sourcecode.swift; path = ContentFlow.swift; sourceTree = "<group>"; };
		APP00502000000000000001 /* AppServices.swift */ = {isa = PBXFileReference; lastKnownFileType = sourcecode.swift; path = AppServices.swift; sourceTree = "<group>"; };
		APP00602000000000000001 /* LoadingItem.swift */ = {isa = PBXFileReference; lastKnownFileType = sourcecode.swift; path = LoadingItem.swift; sourceTree = "<group>"; };
		APP00702000000000000001 /* ContentLoader.swift */ = {isa = PBXFileReference; lastKnownFileType = sourcecode.swift; path = ContentLoader.swift; sourceTree = "<group>"; };
		APP00802000000000000001 /* LoadingView.swift */ = {isa = PBXFileReference; lastKnownFileType = sourcecode.swift; path = LoadingView.swift; sourceTree = "<group>"; };
		APP00902000000000000001 /* LoadingItemRow.swift */ = {isa = PBXFileReference; lastKnownFileType = sourcecode.swift; path = LoadingItemRow.swift; sourceTree = "<group>"; };
		APS00102000000000000001 /* CharacterSelectionScreen.swift */ = {isa = PBXFileReference; lastKnownFileType = sourcecode.swift; path = CharacterSelectionScreen.swift; sourceTree = "<group>"; };
		APS00202000000000000001 /* SaveSlotSelectionScreen.swift */ = {isa = PBXFileReference; lastKnownFileType = sourcecode.swift; path = SaveSlotSelectionScreen.swift; sourceTree = "<group>"; };
		APS00302000000000000001 /* LoadSlotSelectionScreen.swift */ = {isa = PBXFileReference; lastKnownFileType = sourcecode.swift; path = LoadSlotSelectionScreen.swift; sourceTree = "<group>"; };
		AS00000000000001 /* Assets.xcassets */ = {isa = PBXFileReference; lastKnownFileType = folder.assetcatalog; path = Assets.xcassets; sourceTree = "<group>"; };
		B6D1A14B68966E33DCED0A41 /* DispositionCombatScene+Layout.swift */ = {isa = PBXFileReference; includeInIndex = 1; lastKnownFileType = sourcecode.swift; path = "DispositionCombatScene+Layout.swift"; sourceTree = "<group>"; };
		BAV0000200000000000000001 /* BattleArenaView.swift */ = {isa = PBXFileReference; lastKnownFileType = sourcecode.swift; path = BattleArenaView.swift; sourceTree = "<group>"; };
		BB0000010000000000000001 /* CardSampleGameTests.xctest */ = {isa = PBXFileReference; explicitFileType = wrapper.cfbundle; includeInIndex = 0; path = CardSampleGameTests.xctest; sourceTree = BUILT_PRODUCTS_DIR; };
		BB0001160000000000000001 /* SaveLoadTests.swift */ = {isa = PBXFileReference; lastKnownFileType = sourcecode.swift; path = SaveLoadTests.swift; sourceTree = "<group>"; };
		BB0004120000000000000001 /* AuditGateTests.swift */ = {isa = PBXFileReference; lastKnownFileType = sourcecode.swift; path = AuditGateTests.swift; sourceTree = "<group>"; };
		BB00AAB20000000000000001 /* AuditArchitectureBoundaryGateTests.swift */ = {isa = PBXFileReference; lastKnownFileType = sourcecode.swift; path = AuditArchitectureBoundaryGateTests.swift; sourceTree = "<group>"; };
		C21A3BAB00D2CD2E3996F903 /* DispositionCombatResult.swift */ = {isa = PBXFileReference; includeInIndex = 1; lastKnownFileType = sourcecode.swift; path = DispositionCombatResult.swift; sourceTree = "<group>"; };
		CB0000040000000000000001 /* EncounterViewModel.swift */ = {isa = PBXFileReference; lastKnownFileType = sourcecode.swift; path = EncounterViewModel.swift; sourceTree = "<group>"; };
		CB0000060000000000000001 /* CombatSubviews.swift */ = {isa = PBXFileReference; lastKnownFileType = sourcecode.swift; path = CombatSubviews.swift; sourceTree = "<group>"; };
		CB0000080000000000000001 /* EchoEncounterBridge.swift */ = {isa = PBXFileReference; lastKnownFileType = sourcecode.swift; path = EchoEncounterBridge.swift; sourceTree = "<group>"; };
		CB00000A0000000000000001 /* CombatOutcomeAndCardsViews.swift */ = {isa = PBXFileReference; lastKnownFileType = sourcecode.swift; path = CombatOutcomeAndCardsViews.swift; sourceTree = "<group>"; };
		CB00000C0000000000000001 /* EncounterViewModel+PlayerActions.swift */ = {isa = PBXFileReference; lastKnownFileType = sourcecode.swift; path = "EncounterViewModel+PlayerActions.swift"; sourceTree = "<group>"; };
		CB00000E0000000000000001 /* EncounterViewModel+PhaseMachine.swift */ = {isa = PBXFileReference; lastKnownFileType = sourcecode.swift; path = "EncounterViewModel+PhaseMachine.swift"; sourceTree = "<group>"; };
		CB0000100000000000000001 /* EncounterViewModel+StateSyncAndLog.swift */ = {isa = PBXFileReference; lastKnownFileType = sourcecode.swift; path = "EncounterViewModel+StateSyncAndLog.swift"; sourceTree = "<group>"; };
		CC0000010000000000000001 /* AppCombatSummary.swift */ = {isa = PBXFileReference; lastKnownFileType = sourcecode.swift; path = AppCombatSummary.swift; sourceTree = "<group>"; };
		CC000001000000000000001A /* ContrastComplianceTests.swift */ = {isa = PBXFileReference; lastKnownFileType = sourcecode.swift; path = ContrastComplianceTests.swift; sourceTree = "<group>"; };
		CHGXPI020000000000000001 /* CodeHygieneTests+XcodeProjectIntegrity.swift */ = {isa = PBXFileReference; includeInIndex = 1; lastKnownFileType = sourcecode.swift; path = "CodeHygieneTests+XcodeProjectIntegrity.swift"; sourceTree = "<group>"; };
		CHGXPR020000000000000001 /* CodeHygieneTests+XcodeProjectStructure.swift */ = {isa = PBXFileReference; includeInIndex = 1; lastKnownFileType = sourcecode.swift; path = "CodeHygieneTests+XcodeProjectStructure.swift"; sourceTree = "<group>"; };
		CM00000200000000000000001 /* ContentManagerView.swift */ = {isa = PBXFileReference; lastKnownFileType = sourcecode.swift; path = ContentManagerView.swift; sourceTree = "<group>"; };
		CM00000400000000000000001 /* ContentManagerVM.swift */ = {isa = PBXFileReference; lastKnownFileType = sourcecode.swift; path = ContentManagerVM.swift; sourceTree = "<group>"; };
		CM00000600000000000000001 /* ContentManagerComponents.swift */ = {isa = PBXFileReference; lastKnownFileType = sourcecode.swift; path = ContentManagerComponents.swift; sourceTree = "<group>"; };
		CMT0000200000000000000001 /* ContentManagerTests.swift */ = {isa = PBXFileReference; lastKnownFileType = sourcecode.swift; path = ContentManagerTests.swift; sourceTree = "<group>"; };
		CT00000000000001 /* PackLoaderTests.swift */ = {isa = PBXFileReference; lastKnownFileType = sourcecode.swift; path = PackLoaderTests.swift; sourceTree = "<group>"; };
		CT00000000000002 /* ContentRegistryTests.swift */ = {isa = PBXFileReference; lastKnownFileType = sourcecode.swift; path = ContentRegistryTests.swift; sourceTree = "<group>"; };
		CVD0001100000000000000001 /* CardPresentation.swift */ = {isa = PBXFileReference; lastKnownFileType = sourcecode.swift; path = CardPresentation.swift; sourceTree = "<group>"; };
		CVD0001200000000000000001 /* CompactCardView.swift */ = {isa = PBXFileReference; lastKnownFileType = sourcecode.swift; path = CompactCardView.swift; sourceTree = "<group>"; };
		CVD0001300000000000000001 /* HandCardView.swift */ = {isa = PBXFileReference; lastKnownFileType = sourcecode.swift; path = HandCardView.swift; sourceTree = "<group>"; };
		D72352D1C9BABFA97F62257B /* ConditionValidatorTests.swift */ = {isa = PBXFileReference; includeInIndex = 1; lastKnownFileType = sourcecode.swift; path = ConditionValidatorTests.swift; sourceTree = "<group>"; };
		DD0000010000000000000001 /* DragDropController.swift */ = {isa = PBXFileReference; lastKnownFileType = sourcecode.swift; path = DragDropController.swift; sourceTree = "<group>"; };
		DHB0000200000000000000001 /* DualHealthBar.swift */ = {isa = PBXFileReference; lastKnownFileType = sourcecode.swift; path = DualHealthBar.swift; sourceTree = "<group>"; };
		DS00000000000001 /* DesignSystem.swift */ = {isa = PBXFileReference; lastKnownFileType = sourcecode.swift; path = DesignSystem.swift; sourceTree = "<group>"; };
		E948FF6BD58A6370B765AD94 /* ContentValidationTests.swift */ = {isa = PBXFileReference; includeInIndex = 1; lastKnownFileType = sourcecode.swift; path = ContentValidationTests.swift; sourceTree = "<group>"; };
		EA11A7E0D0F695D86A01092F /* DispositionCombatScene+GameLoop.swift */ = {isa = PBXFileReference; includeInIndex = 1; lastKnownFileType = sourcecode.swift; path = "DispositionCombatScene+GameLoop.swift"; sourceTree = "<group>"; };
		DCI000010000000000000001 /* DispositionCombatScene+CardInteraction.swift */ = {isa = PBXFileReference; lastKnownFileType = sourcecode.swift; path = "DispositionCombatScene+CardInteraction.swift"; sourceTree = "<group>"; };
		ECV0000200000000000000001 /* EnemyCardView.swift */ = {isa = PBXFileReference; lastKnownFileType = sourcecode.swift; path = EnemyCardView.swift; sourceTree = "<group>"; };
		EIV000020000000000000001 /* EnemyIntentView.swift */ = {isa = PBXFileReference; lastKnownFileType = sourcecode.swift; path = EnemyIntentView.swift; sourceTree = "<group>"; };
		ESC0000200000000000000001 /* EnemySelectionCard.swift */ = {isa = PBXFileReference; lastKnownFileType = sourcecode.swift; path = EnemySelectionCard.swift; sourceTree = "<group>"; };
		EXPRFR010000000000000001 /* ExpressionParserTests.swift */ = {isa = PBXFileReference; lastKnownFileType = sourcecode.swift; path = ExpressionParserTests.swift; sourceTree = "<group>"; };
		FCCS000200000000000000001 /* FateCardChoiceSheet.swift */ = {isa = PBXFileReference; lastKnownFileType = sourcecode.swift; path = FateCardChoiceSheet.swift; sourceTree = "<group>"; };
		FDW0000200000000000000001 /* FateDeckWidget.swift */ = {isa = PBXFileReference; lastKnownFileType = sourcecode.swift; path = FateDeckWidget.swift; sourceTree = "<group>"; };
		FFC9DD68CA8F29F281AF0C7A /* DispositionArchBoundaryGateTests.swift */ = {isa = PBXFileReference; includeInIndex = 1; lastKnownFileType = sourcecode.swift; path = DispositionArchBoundaryGateTests.swift; sourceTree = "<group>"; };
		FR0000010000000000000001 /* FateRevealDirector.swift */ = {isa = PBXFileReference; lastKnownFileType = sourcecode.swift; path = FateRevealDirector.swift; sourceTree = "<group>"; };
		FRV000020000000000000001 /* FateCardRevealView.swift */ = {isa = PBXFileReference; lastKnownFileType = sourcecode.swift; path = FateCardRevealView.swift; sourceTree = "<group>"; };
		GEO00302000000000000001 /* GameEngineObservable.swift */ = {isa = PBXFileReference; lastKnownFileType = sourcecode.swift; path = GameEngineObservable.swift; sourceTree = "<group>"; };
		GG0002020000000000000001 /* HeroSelectionView.swift */ = {isa = PBXFileReference; lastKnownFileType = sourcecode.swift; path = HeroSelectionView.swift; sourceTree = "<group>"; };
		GOV0000200000000000000001 /* GameOverView.swift */ = {isa = PBXFileReference; lastKnownFileType = sourcecode.swift; path = GameOverView.swift; sourceTree = "<group>"; };
		HAP0000200000000000000001 /* HapticManager.swift */ = {isa = PBXFileReference; lastKnownFileType = sourcecode.swift; path = HapticManager.swift; sourceTree = "<group>"; };
		HP00000000000001 /* HeroPanelTests.swift */ = {isa = PBXFileReference; lastKnownFileType = sourcecode.swift; path = HeroPanelTests.swift; sourceTree = "<group>"; };
		HR00000000000001 /* HeroRegistryTests.swift */ = {isa = PBXFileReference; lastKnownFileType = sourcecode.swift; path = HeroRegistryTests.swift; sourceTree = "<group>"; };
		HSC0000200000000000000001 /* HeroSelectionCard.swift */ = {isa = PBXFileReference; lastKnownFileType = sourcecode.swift; path = HeroSelectionCard.swift; sourceTree = "<group>"; };
		LSC0000200000000000000001 /* LoadSlotCard.swift */ = {isa = PBXFileReference; lastKnownFileType = sourcecode.swift; path = LoadSlotCard.swift; sourceTree = "<group>"; };
		PEF0010000000000PE000001 /* PackEditorApp.swift */ = {isa = PBXFileReference; lastKnownFileType = sourcecode.swift; path = PackEditorApp.swift; sourceTree = "<group>"; };
		PEP0010000000000PE000001 /* PackEditor.app */ = {isa = PBXFileReference; explicitFileType = wrapper.application; includeInIndex = 0; path = PackEditor.app; sourceTree = BUILT_PRODUCTS_DIR; };
		PG00000200000000000000001 /* PlayerProfile.swift */ = {isa = PBXFileReference; lastKnownFileType = sourcecode.swift; path = PlayerProfile.swift; sourceTree = "<group>"; };
		PG00000400000000000000001 /* ProfileManager.swift */ = {isa = PBXFileReference; lastKnownFileType = sourcecode.swift; path = ProfileManager.swift; sourceTree = "<group>"; };
		PG00000600000000000000001 /* AchievementDefinition.swift */ = {isa = PBXFileReference; lastKnownFileType = sourcecode.swift; path = AchievementDefinition.swift; sourceTree = "<group>"; };
		PG00000800000000000000001 /* AchievementEngine.swift */ = {isa = PBXFileReference; lastKnownFileType = sourcecode.swift; path = AchievementEngine.swift; sourceTree = "<group>"; };
		PG00001000000000000000001 /* BestiaryView.swift */ = {isa = PBXFileReference; lastKnownFileType = sourcecode.swift; path = BestiaryView.swift; sourceTree = "<group>"; };
		PG00001200000000000000001 /* CreatureDetailView.swift */ = {isa = PBXFileReference; lastKnownFileType = sourcecode.swift; path = CreatureDetailView.swift; sourceTree = "<group>"; };
		PG00001400000000000000001 /* AchievementsView.swift */ = {isa = PBXFileReference; lastKnownFileType = sourcecode.swift; path = AchievementsView.swift; sourceTree = "<group>"; };
		PG00001600000000000000001 /* ProfileGateTests.swift */ = {isa = PBXFileReference; lastKnownFileType = sourcecode.swift; path = ProfileGateTests.swift; sourceTree = "<group>"; };
		PHB0000200000000000000001 /* PhaseBanner.swift */ = {isa = PBXFileReference; lastKnownFileType = sourcecode.swift; path = PhaseBanner.swift; sourceTree = "<group>"; };
		R4ID00010000000000000001 /* IdolNode.swift */ = {isa = PBXFileReference; lastKnownFileType = sourcecode.swift; path = IdolNode.swift; sourceTree = "<group>"; };
		R5BF00010000000000000001 /* BonfireNode.swift */ = {isa = PBXFileReference; lastKnownFileType = sourcecode.swift; path = BonfireNode.swift; sourceTree = "<group>"; };
		R5RC00010000000000000001 /* RitualCircleNode.swift */ = {isa = PBXFileReference; lastKnownFileType = sourcecode.swift; path = RitualCircleNode.swift; sourceTree = "<group>"; };
		R5SN00010000000000000001 /* SealNode.swift */ = {isa = PBXFileReference; lastKnownFileType = sourcecode.swift; path = SealNode.swift; sourceTree = "<group>"; };
		R8AM00010000000000000001 /* AmuletNode.swift */ = {isa = PBXFileReference; lastKnownFileType = sourcecode.swift; path = AmuletNode.swift; sourceTree = "<group>"; };
		R8RR00010000000000000001 /* ResonanceRuneNode.swift */ = {isa = PBXFileReference; lastKnownFileType = sourcecode.swift; path = ResonanceRuneNode.swift; sourceTree = "<group>"; };
		R9CL00010000000000000001 /* CombatLogOverlay.swift */ = {isa = PBXFileReference; lastKnownFileType = sourcecode.swift; path = CombatLogOverlay.swift; sourceTree = "<group>"; };
		R9TC00010000000000000001 /* RitualThemeConstants.swift */ = {isa = PBXFileReference; lastKnownFileType = sourcecode.swift; path = RitualThemeConstants.swift; sourceTree = "<group>"; };
		RA0000010000000000000001 /* ResonanceAtmosphereController.swift */ = {isa = PBXFileReference; lastKnownFileType = sourcecode.swift; path = ResonanceAtmosphereController.swift; sourceTree = "<group>"; };
		RW00000200000000000000001 /* ResonanceWidget.swift */ = {isa = PBXFileReference; lastKnownFileType = sourcecode.swift; path = ResonanceWidget.swift; sourceTree = "<group>"; };
		SND0000200000000000000001 /* SoundManager.swift */ = {isa = PBXFileReference; lastKnownFileType = sourcecode.swift; path = SoundManager.swift; sourceTree = "<group>"; };
		SSC0000200000000000000001 /* SaveSlotCard.swift */ = {isa = PBXFileReference; lastKnownFileType = sourcecode.swift; path = SaveSlotCard.swift; sourceTree = "<group>"; };
		STD0000200000000000000001 /* StatDisplay.swift */ = {isa = PBXFileReference; lastKnownFileType = sourcecode.swift; path = StatDisplay.swift; sourceTree = "<group>"; };
		STM0000200000000000000001 /* StatMini.swift */ = {isa = PBXFileReference; lastKnownFileType = sourcecode.swift; path = StatMini.swift; sourceTree = "<group>"; };
		STV0000200000000000000001 /* SettingsView.swift */ = {isa = PBXFileReference; lastKnownFileType = sourcecode.swift; path = SettingsView.swift; sourceTree = "<group>"; };
		TH00000200000000000000001 /* TestContentLoader.swift */ = {isa = PBXFileReference; lastKnownFileType = sourcecode.swift; path = TestContentLoader.swift; sourceTree = "<group>"; };
		TOV0000200000000000000001 /* TutorialOverlayView.swift */ = {isa = PBXFileReference; lastKnownFileType = sourcecode.swift; path = TutorialOverlayView.swift; sourceTree = "<group>"; };
		UT00000000000001 /* Localization.swift */ = {isa = PBXFileReference; lastKnownFileType = sourcecode.swift; path = Localization.swift; sourceTree = "<group>"; };
		UT00000000000003 /* SafeImage.swift */ = {isa = PBXFileReference; lastKnownFileType = sourcecode.swift; path = SafeImage.swift; sourceTree = "<group>"; };
		UT00000000000004 /* AssetRegistry.swift */ = {isa = PBXFileReference; lastKnownFileType = sourcecode.swift; path = AssetRegistry.swift; sourceTree = "<group>"; };
		UT00000000000005 /* Localization+AdvancedSystems.swift */ = {isa = PBXFileReference; lastKnownFileType = sourcecode.swift; path = "Localization+AdvancedSystems.swift"; sourceTree = "<group>"; };
		UT00000000000006 /* Localization+CoreAndRules.swift */ = {isa = PBXFileReference; lastKnownFileType = sourcecode.swift; path = "Localization+CoreAndRules.swift"; sourceTree = "<group>"; };
		UT00000000000007 /* Localization+WorldAndNavigation.swift */ = {isa = PBXFileReference; lastKnownFileType = sourcecode.swift; path = "Localization+WorldAndNavigation.swift"; sourceTree = "<group>"; };
		UT00000000000008 /* Localization+RemainingKeys.swift */ = {isa = PBXFileReference; lastKnownFileType = sourcecode.swift; path = "Localization+RemainingKeys.swift"; sourceTree = "<group>"; };
		VWC00102000000000000001 /* HeroPanel.swift */ = {isa = PBXFileReference; lastKnownFileType = sourcecode.swift; path = HeroPanel.swift; sourceTree = "<group>"; };
		WM0000020000000000000001 /* EventLogEntryView.swift */ = {isa = PBXFileReference; includeInIndex = 1; lastKnownFileType = sourcecode.swift; path = EventLogEntryView.swift; sourceTree = "<group>"; };
		WM0000040000000000000001 /* EngineRegionCardView.swift */ = {isa = PBXFileReference; includeInIndex = 1; lastKnownFileType = sourcecode.swift; path = EngineRegionCardView.swift; sourceTree = "<group>"; };
		WM0000060000000000000001 /* EngineRegionDetailView.swift */ = {isa = PBXFileReference; includeInIndex = 1; lastKnownFileType = sourcecode.swift; path = EngineRegionDetailView.swift; sourceTree = "<group>"; };
		WM0000080000000000000001 /* EngineEventLogView.swift */ = {isa = PBXFileReference; includeInIndex = 1; lastKnownFileType = sourcecode.swift; path = EngineEventLogView.swift; sourceTree = "<group>"; };
		WM0000100000000000000001 /* CardReceivedNotificationOverlay.swift */ = {isa = PBXFileReference; includeInIndex = 1; lastKnownFileType = sourcecode.swift; path = CardReceivedNotificationOverlay.swift; sourceTree = "<group>"; };
/* End PBXFileReference section */

/* Begin PBXFrameworksBuildPhase section */
		AA0000230000000000000001 /* Frameworks */ = {
			isa = PBXFrameworksBuildPhase;
			buildActionMask = 2147483647;
			files = (
				PKG0001000000000000000001 /* TwilightEngine in Frameworks */,
				PKG0018000000000000000001 /* CoreHeroesContent in Frameworks */,
				PKG0019000000000000000001 /* TwilightMarchesActIContent in Frameworks */,
			);
			runOnlyForDeploymentPostprocessing = 0;
		};
		BB0000020000000000000001 /* Frameworks */ = {
			isa = PBXFrameworksBuildPhase;
			buildActionMask = 2147483647;
			files = (
				PKG0022000000000000000001 /* PackAuthoring in Frameworks */,
				PKG0020000000000000000001 /* CoreHeroesContent in Frameworks */,
				PKG0021000000000000000001 /* TwilightMarchesActIContent in Frameworks */,
			);
			runOnlyForDeploymentPostprocessing = 0;
		};
		PEK0010000000000PE000001 /* Frameworks */ = {
			isa = PBXFrameworksBuildPhase;
			buildActionMask = 2147483647;
			files = (
				PEFB010000000000PE000001 /* TwilightEngine in Frameworks */,
				PEFB020000000000PE000001 /* PackAuthoring in Frameworks */,
				PEBPEK0000000000PE000001 /* PackEditorKit in Frameworks */,
				PEAPBF0000000000PE000001 /* PackEditorApp in Frameworks */,
			);
			runOnlyForDeploymentPostprocessing = 0;
		};
/* End PBXFrameworksBuildPhase section */

/* Begin PBXGroup section */
		3F1287A150688FE074AEA41D /* Views */ = {
			isa = PBXGroup;
			children = (
				820A672EFDA7E8FC5F9DB6E5 /* Combat */,
			);
			name = Views;
			sourceTree = "<group>";
		};
		820A672EFDA7E8FC5F9DB6E5 /* Combat */ = {
			isa = PBXGroup;
			children = (
				67E74864AB7B6DA217261649 /* DispositionCombatScene.swift */,
				B6D1A14B68966E33DCED0A41 /* DispositionCombatScene+Layout.swift */,
				EA11A7E0D0F695D86A01092F /* DispositionCombatScene+GameLoop.swift */,
				DCI000010000000000000001 /* DispositionCombatScene+CardInteraction.swift */,
				8E699A0AE1C17B5AF2389767 /* DispositionCombatSceneView.swift */,
			);
			name = Combat;
			path = Views/Combat;
			sourceTree = SOURCE_ROOT;
		};
		AA0000240000000000000001 = {
			isa = PBXGroup;
			children = (
				AA0000250000000000000001 /* SourceRoot */,
				PEG0010000000000PE000001 /* PackEditor */,
				BB0003000000000000000001 /* CardSampleGameTests */,
				AA0000260000000000000001 /* Products */,
				3F1287A150688FE074AEA41D /* Views */,
			);
			sourceTree = "<group>";
		};
		AA0000250000000000000001 /* SourceRoot */ = {
			isa = PBXGroup;
			children = (
				AA0000400000000000000001 /* CardSampleGame.entitlements */,
				AS00000000000001 /* Assets.xcassets */,
				APPGRP000000000000000001 /* App */,
				AA0000270000000000000001 /* Models */,
				AA0000280000000000000001 /* Views */,
				VM00000000000001 /* ViewModels */,
				UT00000000000100 /* Utilities */,
				MGR0000000000000000000001 /* Managers */,
				AA0000450000000000000001 /* Localizable.strings */,
			);
			name = SourceRoot;
			path = .;
			sourceTree = "<group>";
		};
		AA0000260000000000000001 /* Products */ = {
			isa = PBXGroup;
			children = (
				AA0000210000000000000001 /* CardSampleGame.app */,
				BB0000010000000000000001 /* CardSampleGameTests.xctest */,
				PEP0010000000000PE000001 /* PackEditor.app */,
			);
			name = Products;
			sourceTree = "<group>";
		};
		AA0000270000000000000001 /* Models */ = {
			isa = PBXGroup;
			children = (
				AA0000530000000000000001 /* GameSave.swift */,
				PG00000200000000000000001 /* PlayerProfile.swift */,
				PG00000400000000000000001 /* ProfileManager.swift */,
				PG00000600000000000000001 /* AchievementDefinition.swift */,
				PG00000800000000000000001 /* AchievementEngine.swift */,
				MDLCMB000000000000000001 /* Combat */,
			);
			path = Models;
			sourceTree = "<group>";
		};
		AA0000280000000000000001 /* Views */ = {
			isa = PBXGroup;
			children = (
				VIEWCOMP00001 /* Components */,
				AA0000140000000000000001 /* CardView.swift */,
				CVD0001100000000000000001 /* CardPresentation.swift */,
				CVD0001200000000000000001 /* CompactCardView.swift */,
				CVD0001300000000000000001 /* HandCardView.swift */,
				AA0000160000000000000001 /* PlayerHandView.swift */,
				AA0000490000000000000001 /* RulesView.swift */,
				AA0000550000000000000001 /* StatisticsView.swift */,
				GG0002020000000000000001 /* HeroSelectionView.swift */,
				43D4E3FBE4DC34B63B61E061 /* EventView.swift */,
				6BEC0AA856AB6706612208E1 /* WorldMapView.swift */,
				VWMGRP000000000000000001 /* WorldMap */,
				COMBATGRP000001 /* Combat */,
				BAV0000200000000000000001 /* BattleArenaView.swift */,
				CM00000200000000000000001 /* ContentManagerView.swift */,
				CM00000600000000000000001 /* ContentManagerComponents.swift */,
				GOV0000200000000000000001 /* GameOverView.swift */,
				TOV0000200000000000000001 /* TutorialOverlayView.swift */,
				STV0000200000000000000001 /* SettingsView.swift */,
				PG00001000000000000000001 /* BestiaryView.swift */,
				PG00001200000000000000001 /* CreatureDetailView.swift */,
				PG00001400000000000000001 /* AchievementsView.swift */,
			);
			path = Views;
			sourceTree = "<group>";
		};
		APPGRP000000000000000001 /* App */ = {
			isa = PBXGroup;
			children = (
				APP00102000000000000001 /* CardGameApp.swift */,
				APP00202000000000000001 /* ContentView.swift */,
				APP00302000000000000001 /* BundledPackURLs.swift */,
				APP00402000000000000001 /* ContentFlow.swift */,
				APP00502000000000000001 /* AppServices.swift */,
				GEO00302000000000000001 /* GameEngineObservable.swift */,
				APPLOD000000000000000001 /* Loading */,
				APPSCR000000000000000001 /* Screens */,
			);
			path = App;
			sourceTree = "<group>";
		};
		APPLOD000000000000000001 /* Loading */ = {
			isa = PBXGroup;
			children = (
				APP00602000000000000001 /* LoadingItem.swift */,
				APP00702000000000000001 /* ContentLoader.swift */,
				APP00802000000000000001 /* LoadingView.swift */,
				APP00902000000000000001 /* LoadingItemRow.swift */,
			);
			path = Loading;
			sourceTree = "<group>";
		};
		APPSCR000000000000000001 /* Screens */ = {
			isa = PBXGroup;
			children = (
				APS00102000000000000001 /* CharacterSelectionScreen.swift */,
				APS00202000000000000001 /* SaveSlotSelectionScreen.swift */,
				APS00302000000000000001 /* LoadSlotSelectionScreen.swift */,
			);
			path = Screens;
			sourceTree = "<group>";
		};
		BB0003000000000000000001 /* CardSampleGameTests */ = {
			isa = PBXGroup;
			children = (
				TH00000100000000000000001 /* TestHelpers */,
				BB0003010000000000000001 /* Unit */,
				BB0003050000000000000001 /* GateTests */,
				BB0003060000000000000001 /* Views */,
			);
			path = CardSampleGameTests;
			sourceTree = "<group>";
		};
		BB0003010000000000000001 /* Unit */ = {
			isa = PBXGroup;
			children = (
				CT00000000000003 /* ContentPackTests */,
				BB0001160000000000000001 /* SaveLoadTests.swift */,
				HR00000000000001 /* HeroRegistryTests.swift */,
			);
			path = Unit;
			sourceTree = "<group>";
		};
		BB0003050000000000000001 /* GateTests */ = {
			isa = PBXGroup;
			children = (
				BB0004120000000000000001 /* AuditGateTests.swift */,
				BB00AAB20000000000000001 /* AuditArchitectureBoundaryGateTests.swift */,
				AB36A1010000000000000001 /* AuditArchitectureBoundaryGateTests+ExternalCombatAndMutations.swift */,
				AB36A1020000000000000001 /* AuditArchitectureBoundaryGateTests+DependenciesAndHygiene.swift */,
				AB36A1030000000000000001 /* AuditArchitectureBoundaryGateTests+BridgeCallsiteGates.swift */,
				AB36A1040000000000000001 /* AuditArchitectureBoundaryGateTests+LocaleGates.swift */,
				AB37C1010000000000000001 /* AuditGateTests+ArchitectureAndIsolation.swift */,
				AB37C1020000000000000001 /* AuditGateTests+StaticAndSerialization.swift */,
				AB37C1030000000000000001 /* AuditGateTests+LegacyAndDeterminism.swift */,
				AB37C1040000000000000001 /* AuditGateTests+AssetsAndRuntimeBoundaries.swift */,
				PG00001600000000000000001 /* ProfileGateTests.swift */,
				EXPRFR010000000000000001 /* ExpressionParserTests.swift */,
				A0CA67A53A024B4CEDD6685C /* DesignSystemComplianceTests.swift */,
				CC000001000000000000001A /* ContrastComplianceTests.swift */,
				60C1474DB750BB1D0378466E /* CodeHygieneTests.swift */,
				CHGXPR020000000000000001 /* CodeHygieneTests+XcodeProjectStructure.swift */,
				CHGXPI020000000000000001 /* CodeHygieneTests+XcodeProjectIntegrity.swift */,
				E948FF6BD58A6370B765AD94 /* ContentValidationTests.swift */,
				D72352D1C9BABFA97F62257B /* ConditionValidatorTests.swift */,
				204A28A32636BB8C22E758C3 /* LocalizationValidatorTests.swift */,
				0B2C3D4E5F6A7B8C9D0E1F2A /* LocalizationCompletenessTests.swift */,
				1D23A7FDD58FA74AB0FA6657 /* DispositionCardPlayGateTests.swift */,
				FFC9DD68CA8F29F281AF0C7A /* DispositionArchBoundaryGateTests.swift */,
				8760BEC68C6999DAA517BA45 /* DispositionSceneGateTests.swift */,
			);
			path = GateTests;
			sourceTree = "<group>";
		};
		BB0003060000000000000001 /* Views */ = {
			isa = PBXGroup;
			children = (
				HP00000000000001 /* HeroPanelTests.swift */,
			);
			path = Views;
			sourceTree = "<group>";
		};
		COMBATGRP000001 /* Combat */ = {
			isa = PBXGroup;
			children = (
				CB0000040000000000000001 /* EncounterViewModel.swift */,
				CB00000C0000000000000001 /* EncounterViewModel+PlayerActions.swift */,
				CB00000E0000000000000001 /* EncounterViewModel+PhaseMachine.swift */,
				CB0000100000000000000001 /* EncounterViewModel+StateSyncAndLog.swift */,
				CB0000060000000000000001 /* CombatSubviews.swift */,
				CB00000A0000000000000001 /* CombatOutcomeAndCardsViews.swift */,
				CB0000080000000000000001 /* EchoEncounterBridge.swift */,
				AA0000000000000000000001 /* EchoCombatBridge.swift */,
				R9TC00010000000000000001 /* RitualThemeConstants.swift */,
				R9CL00010000000000000001 /* CombatLogOverlay.swift */,
				DD0000010000000000000001 /* DragDropController.swift */,
				FR0000010000000000000001 /* FateRevealDirector.swift */,
				RA0000010000000000000001 /* ResonanceAtmosphereController.swift */,
				R5SN00010000000000000001 /* SealNode.swift */,
				R5RC00010000000000000001 /* RitualCircleNode.swift */,
				R5BF00010000000000000001 /* BonfireNode.swift */,
				R4ID00010000000000000001 /* IdolNode.swift */,
				MBDG00010000000000000001 /* ModifierBadgeNode.swift */,
				R8AM00010000000000000001 /* AmuletNode.swift */,
				R8RR00010000000000000001 /* ResonanceRuneNode.swift */,
				C21A3BAB00D2CD2E3996F903 /* DispositionCombatResult.swift */,
				5875F2DCFC769778EAB9096A /* DispositionCombatBridge.swift */,
				7281A0D5F94962EEED1D9DB2 /* DispositionCombatViewModel.swift */,
			);
			path = Combat;
			sourceTree = "<group>";
		};
		CT00000000000003 /* ContentPackTests */ = {
			isa = PBXGroup;
			children = (
				CT00000000000001 /* PackLoaderTests.swift */,
				CT00000000000002 /* ContentRegistryTests.swift */,
				CMT0000200000000000000001 /* ContentManagerTests.swift */,
			);
			path = ContentPackTests;
			sourceTree = "<group>";
		};
		MDLCMB000000000000000001 /* Combat */ = {
			isa = PBXGroup;
			children = (
				CC0000010000000000000001 /* AppCombatSummary.swift */,
			);
			path = Combat;
			sourceTree = "<group>";
		};
		MGR0000000000000000000001 /* Managers */ = {
			isa = PBXGroup;
			children = (
				HAP0000200000000000000001 /* HapticManager.swift */,
				SND0000200000000000000001 /* SoundManager.swift */,
			);
			path = Managers;
			sourceTree = "<group>";
		};
		PEG0010000000000PE000001 /* PackEditor */ = {
			isa = PBXGroup;
			children = (
				PEF0010000000000PE000001 /* PackEditorApp.swift */,
			);
			path = PackEditor;
			sourceTree = "<group>";
		};
		TH00000100000000000000001 /* TestHelpers */ = {
			isa = PBXGroup;
			children = (
				TH00000200000000000000001 /* TestContentLoader.swift */,
				85E6536727E3995B16A50F82 /* SourcePathResolver.swift */,
			);
			path = TestHelpers;
			sourceTree = "<group>";
		};
		UT00000000000100 /* Utilities */ = {
			isa = PBXGroup;
			children = (
				UT00000000000001 /* Localization.swift */,
				UT00000000000005 /* Localization+AdvancedSystems.swift */,
				UT00000000000006 /* Localization+CoreAndRules.swift */,
				UT00000000000007 /* Localization+WorldAndNavigation.swift */,
				UT00000000000008 /* Localization+RemainingKeys.swift */,
				UT00000000000003 /* SafeImage.swift */,
				UT00000000000004 /* AssetRegistry.swift */,
				DS00000000000001 /* DesignSystem.swift */,
			);
			path = Utilities;
			sourceTree = "<group>";
		};
		VIEWCOMP00001 /* Components */ = {
			isa = PBXGroup;
			children = (
				VWC00102000000000000001 /* HeroPanel.swift */,
				HSC0000200000000000000001 /* HeroSelectionCard.swift */,
				STD0000200000000000000001 /* StatDisplay.swift */,
				STM0000200000000000000001 /* StatMini.swift */,
				LSC0000200000000000000001 /* LoadSlotCard.swift */,
				SSC0000200000000000000001 /* SaveSlotCard.swift */,
				RW00000200000000000000001 /* ResonanceWidget.swift */,
				DHB0000200000000000000001 /* DualHealthBar.swift */,
				ECV0000200000000000000001 /* EnemyCardView.swift */,
				PHB0000200000000000000001 /* PhaseBanner.swift */,
				FDW0000200000000000000001 /* FateDeckWidget.swift */,
				FCCS000200000000000000001 /* FateCardChoiceSheet.swift */,
				ESC0000200000000000000001 /* EnemySelectionCard.swift */,
				EIV000020000000000000001 /* EnemyIntentView.swift */,
				FRV000020000000000000001 /* FateCardRevealView.swift */,
			);
			path = Components;
			sourceTree = "<group>";
		};
		VM00000000000001 /* ViewModels */ = {
			isa = PBXGroup;
			children = (
				CM00000400000000000000001 /* ContentManagerVM.swift */,
			);
			path = ViewModels;
			sourceTree = "<group>";
		};
		VWMGRP000000000000000001 /* WorldMap */ = {
			isa = PBXGroup;
			children = (
				WM0000020000000000000001 /* EventLogEntryView.swift */,
				WM0000040000000000000001 /* EngineRegionCardView.swift */,
				WM0000060000000000000001 /* EngineRegionDetailView.swift */,
				WM0000080000000000000001 /* EngineEventLogView.swift */,
				WM0000100000000000000001 /* CardReceivedNotificationOverlay.swift */,
			);
			path = WorldMap;
			sourceTree = "<group>";
		};
/* End PBXGroup section */

/* Begin PBXNativeTarget section */
		AA0000300000000000000001 /* CardSampleGame */ = {
			isa = PBXNativeTarget;
			buildConfigurationList = AA0000310000000000000001 /* Build configuration list for PBXNativeTarget "CardSampleGame" */;
			buildPhases = (
				AA0000320000000000000001 /* Sources */,
				AA0000230000000000000001 /* Frameworks */,
				AA0000330000000000000001 /* Resources */,
			);
			buildRules = (
			);
			dependencies = (
			);
			name = CardSampleGame;
			packageProductDependencies = (
				PKG0002000000000000000001 /* TwilightEngine */,
				PKG0014000000000000000001 /* CoreHeroesContent */,
				PKG0015000000000000000001 /* TwilightMarchesActIContent */,
				PKG0042000000000000000001 /* EchoEngine */,
				PKG0043000000000000000001 /* EchoScenes */,
			);
			productName = CardSampleGame;
			productReference = AA0000210000000000000001 /* CardSampleGame.app */;
			productType = "com.apple.product-type.application";
		};
		BB0000030000000000000001 /* CardSampleGameTests */ = {
			isa = PBXNativeTarget;
			buildConfigurationList = BB0000040000000000000001 /* Build configuration list for PBXNativeTarget "CardSampleGameTests" */;
			buildPhases = (
				BB0000050000000000000001 /* Sources */,
				BB0000020000000000000001 /* Frameworks */,
				BB0000060000000000000001 /* Resources */,
			);
			buildRules = (
			);
			dependencies = (
				BB0002020000000000000001 /* PBXTargetDependency */,
			);
			name = CardSampleGameTests;
			packageProductDependencies = (
				PKG0023000000000000000001 /* PackAuthoring */,
				PKG0016000000000000000001 /* CoreHeroesContent */,
				PKG0017000000000000000001 /* TwilightMarchesActIContent */,
			);
			productName = CardSampleGameTests;
			productReference = BB0000010000000000000001 /* CardSampleGameTests.xctest */;
			productType = "com.apple.product-type.bundle.unit-test";
		};
		PET0010000000000PE000001 /* PackEditor */ = {
			isa = PBXNativeTarget;
			buildConfigurationList = PEC0010000000000PE000001 /* Build configuration list for PBXNativeTarget "PackEditor" */;
			buildPhases = (
				PES0010000000000PE000001 /* Sources */,
				PEK0010000000000PE000001 /* Frameworks */,
				PER0010000000000PE000001 /* Resources */,
			);
			buildRules = (
			);
			dependencies = (
			);
			name = PackEditor;
			packageProductDependencies = (
				PEPKG10000000000PE000001 /* TwilightEngine */,
				PEPKG20000000000PE000001 /* PackAuthoring */,
				PEPKG30000000000PE000001 /* PackEditorKit */,
				PEAPPD0000000000PE000001 /* PackEditorApp */,
			);
			productName = PackEditor;
			productReference = PEP0010000000000PE000001 /* PackEditor.app */;
			productType = "com.apple.product-type.application";
		};
/* End PBXNativeTarget section */

/* Begin PBXProject section */
		AA0000340000000000000001 /* Project object */ = {
			isa = PBXProject;
			attributes = {
				BuildIndependentTargetsInParallel = 1;
				LastSwiftUpdateCheck = 1500;
				LastUpgradeCheck = 1500;
				TargetAttributes = {
					AA0000300000000000000001 = {
						CreatedOnToolsVersion = 15.0;
					};
					BB0000030000000000000001 = {
						CreatedOnToolsVersion = 15.0;
						TestTargetID = AA0000300000000000000001;
					};
					PET0010000000000PE000001 = {
						CreatedOnToolsVersion = 15.0;
					};
				};
			};
			buildConfigurationList = AA0000350000000000000001 /* Build configuration list for PBXProject "CardSampleGame" */;
			compatibilityVersion = "Xcode 14.0";
			developmentRegion = en;
			hasScannedForEncodings = 0;
			knownRegions = (
				en,
				Base,
				ru,
			);
			mainGroup = AA0000240000000000000001;
			packageReferences = (
				PKG0010000000000000000001 /* XCLocalSwiftPackageReference "TwilightEngine" */,
				PKG0012000000000000000001 /* XCLocalSwiftPackageReference "CoreHeroes" */,
				PKG0013000000000000000001 /* XCLocalSwiftPackageReference "TwilightMarchesActI" */,
				PKG0030000000000000000001 /* XCLocalSwiftPackageReference "PackEditorKit" */,
				PKG0040000000000000000001 /* XCLocalSwiftPackageReference "EchoEngine" */,
				PKG0041000000000000000001 /* XCLocalSwiftPackageReference "EchoScenes" */,
				PEAPKG0000000000PE000001 /* XCLocalSwiftPackageReference "PackEditorApp" */,
			);
			productRefGroup = AA0000260000000000000001 /* Products */;
			projectDirPath = "";
			projectRoot = "";
			targets = (
				AA0000300000000000000001 /* CardSampleGame */,
				BB0000030000000000000001 /* CardSampleGameTests */,
				PET0010000000000PE000001 /* PackEditor */,
			);
		};
/* End PBXProject section */

/* Begin PBXResourcesBuildPhase section */
		AA0000330000000000000001 /* Resources */ = {
			isa = PBXResourcesBuildPhase;
			buildActionMask = 2147483647;
			files = (
				AA0000430000000000000001 /* Localizable.strings in Resources */,
				AS00000000000010 /* Assets.xcassets in Resources */,
			);
			runOnlyForDeploymentPostprocessing = 0;
		};
		BB0000060000000000000001 /* Resources */ = {
			isa = PBXResourcesBuildPhase;
			buildActionMask = 2147483647;
			files = (
			);
			runOnlyForDeploymentPostprocessing = 0;
		};
		PER0010000000000PE000001 /* Resources */ = {
			isa = PBXResourcesBuildPhase;
			buildActionMask = 2147483647;
			files = (
			);
			runOnlyForDeploymentPostprocessing = 0;
		};
/* End PBXResourcesBuildPhase section */

/* Begin PBXSourcesBuildPhase section */
		AA0000320000000000000001 /* Sources */ = {
			isa = PBXSourcesBuildPhase;
			buildActionMask = 2147483647;
			files = (
				APP00101000000000000001 /* CardGameApp.swift in Sources */,
				APP00201000000000000001 /* ContentView.swift in Sources */,
				APP00301000000000000001 /* BundledPackURLs.swift in Sources */,
				APP00401000000000000001 /* ContentFlow.swift in Sources */,
				APP00501000000000000001 /* AppServices.swift in Sources */,
				APP00601000000000000001 /* LoadingItem.swift in Sources */,
				APP00701000000000000001 /* ContentLoader.swift in Sources */,
				APP00801000000000000001 /* LoadingView.swift in Sources */,
				APP00901000000000000001 /* LoadingItemRow.swift in Sources */,
				APS00101000000000000001 /* CharacterSelectionScreen.swift in Sources */,
				APS00201000000000000001 /* SaveSlotSelectionScreen.swift in Sources */,
				APS00301000000000000001 /* LoadSlotSelectionScreen.swift in Sources */,
				GEO00301000000000000001 /* GameEngineObservable.swift in Sources */,
				VWC00101000000000000001 /* HeroPanel.swift in Sources */,
				HSC0000100000000000000001 /* HeroSelectionCard.swift in Sources */,
				STD0000100000000000000001 /* StatDisplay.swift in Sources */,
				STM0000100000000000000001 /* StatMini.swift in Sources */,
				LSC0000100000000000000001 /* LoadSlotCard.swift in Sources */,
				SSC0000100000000000000001 /* SaveSlotCard.swift in Sources */,
				RW00000100000000000000001 /* ResonanceWidget.swift in Sources */,
				DHB0000100000000000000001 /* DualHealthBar.swift in Sources */,
				ECV0000100000000000000001 /* EnemyCardView.swift in Sources */,
				PHB0000100000000000000001 /* PhaseBanner.swift in Sources */,
				FDW0000100000000000000001 /* FateDeckWidget.swift in Sources */,
				FCCS000100000000000000001 /* FateCardChoiceSheet.swift in Sources */,
				BAV0000100000000000000001 /* BattleArenaView.swift in Sources */,
				ESC0000100000000000000001 /* EnemySelectionCard.swift in Sources */,
				GOV0000100000000000000001 /* GameOverView.swift in Sources */,
				TOV0000100000000000000001 /* TutorialOverlayView.swift in Sources */,
				STV0000100000000000000001 /* SettingsView.swift in Sources */,
				HAP0000100000000000000001 /* HapticManager.swift in Sources */,
				SND0000100000000000000001 /* SoundManager.swift in Sources */,
				AA0000130000000000000001 /* CardView.swift in Sources */,
				CVD0000100000000000000001 /* CardPresentation.swift in Sources */,
				CVD0000200000000000000001 /* CompactCardView.swift in Sources */,
				CVD0000300000000000000001 /* HandCardView.swift in Sources */,
				AA0000150000000000000001 /* PlayerHandView.swift in Sources */,
				AA0000480000000000000001 /* RulesView.swift in Sources */,
				AA0000520000000000000001 /* GameSave.swift in Sources */,
				AA0000540000000000000001 /* StatisticsView.swift in Sources */,
				01D384D3F190A3976183B126 /* EventView.swift in Sources */,
				8F035EDB750B2C0441F077B0 /* WorldMapView.swift in Sources */,
				WM0000010000000000000001 /* EventLogEntryView.swift in Sources */,
				WM0000030000000000000001 /* EngineRegionCardView.swift in Sources */,
				WM0000050000000000000001 /* EngineRegionDetailView.swift in Sources */,
				WM0000090000000000000001 /* CardReceivedNotificationOverlay.swift in Sources */,
				WM0000070000000000000001 /* EngineEventLogView.swift in Sources */,
				CC0000020000000000000001 /* AppCombatSummary.swift in Sources */,
				CB0000030000000000000001 /* EncounterViewModel.swift in Sources */,
				CB00000B0000000000000001 /* EncounterViewModel+PlayerActions.swift in Sources */,
				CB00000D0000000000000001 /* EncounterViewModel+PhaseMachine.swift in Sources */,
				CB00000F0000000000000001 /* EncounterViewModel+StateSyncAndLog.swift in Sources */,
				CB0000050000000000000001 /* CombatSubviews.swift in Sources */,
				CB0000090000000000000001 /* CombatOutcomeAndCardsViews.swift in Sources */,
				CB0000070000000000000001 /* EchoEncounterBridge.swift in Sources */,
				AA0000000000000000000002 /* EchoCombatBridge.swift in Sources */,
				EIV000010000000000000001 /* EnemyIntentView.swift in Sources */,
				FRV000010000000000000001 /* FateCardRevealView.swift in Sources */,
				R9TC00020000000000000001 /* RitualThemeConstants.swift in Sources */,
				R9CL00020000000000000001 /* CombatLogOverlay.swift in Sources */,
				DD0000020000000000000001 /* DragDropController.swift in Sources */,
				FR0000020000000000000001 /* FateRevealDirector.swift in Sources */,
				RA0000020000000000000001 /* ResonanceAtmosphereController.swift in Sources */,
				R5SN00020000000000000001 /* SealNode.swift in Sources */,
				R5RC00020000000000000001 /* RitualCircleNode.swift in Sources */,
				R5BF00020000000000000001 /* BonfireNode.swift in Sources */,
				R4ID00020000000000000001 /* IdolNode.swift in Sources */,
				R8AM00020000000000000001 /* AmuletNode.swift in Sources */,
				R8RR00020000000000000001 /* ResonanceRuneNode.swift in Sources */,
				GG0002010000000000000001 /* HeroSelectionView.swift in Sources */,
				CM00000100000000000000001 /* ContentManagerView.swift in Sources */,
				CM00000500000000000000001 /* ContentManagerComponents.swift in Sources */,
				CM00000300000000000000001 /* ContentManagerVM.swift in Sources */,
				UT00000000000010 /* Localization.swift in Sources */,
				UT00000000000050 /* Localization+AdvancedSystems.swift in Sources */,
				UT00000000000060 /* Localization+CoreAndRules.swift in Sources */,
				UT00000000000070 /* Localization+WorldAndNavigation.swift in Sources */,
				UT00000000000080 /* Localization+RemainingKeys.swift in Sources */,
				UT00000000000030 /* SafeImage.swift in Sources */,
				UT00000000000040 /* AssetRegistry.swift in Sources */,
				DS00000000000010 /* DesignSystem.swift in Sources */,
				PG00000100000000000000001 /* PlayerProfile.swift in Sources */,
				PG00000300000000000000001 /* ProfileManager.swift in Sources */,
				PG00000500000000000000001 /* AchievementDefinition.swift in Sources */,
				PG00000700000000000000001 /* AchievementEngine.swift in Sources */,
				PG00000900000000000000001 /* BestiaryView.swift in Sources */,
				PG00001100000000000000001 /* CreatureDetailView.swift in Sources */,
				PG00001300000000000000001 /* AchievementsView.swift in Sources */,
				C554D44FD5BB996A504E842D /* DispositionCombatResult.swift in Sources */,
				4A62B7903EAB9A19F55B061F /* DispositionCombatBridge.swift in Sources */,
				B9A7179091F517C5A8B715B9 /* DispositionCombatViewModel.swift in Sources */,
				MBDG00020000000000000001 /* ModifierBadgeNode.swift in Sources */,
				24FDDC6E399F926DABA01174 /* DispositionCombatScene.swift in Sources */,
				21FA6506632F6BC34AAFCF46 /* DispositionCombatScene+Layout.swift in Sources */,
				4298DB1B512B7A46A1B6B129 /* DispositionCombatScene+GameLoop.swift in Sources */,
				DCI000020000000000000001 /* DispositionCombatScene+CardInteraction.swift in Sources */,
				8835941EDB53C5A2FFF97D8C /* DispositionCombatSceneView.swift in Sources */,
			);
			runOnlyForDeploymentPostprocessing = 0;
		};
		BB0000050000000000000001 /* Sources */ = {
			isa = PBXSourcesBuildPhase;
			buildActionMask = 2147483647;
			files = (
				BB0001150000000000000001 /* SaveLoadTests.swift in Sources */,
				BB0004110000000000000001 /* AuditGateTests.swift in Sources */,
				BB00AAB10000000000000001 /* AuditArchitectureBoundaryGateTests.swift in Sources */,
				AB36A0010000000000000001 /* AuditArchitectureBoundaryGateTests+ExternalCombatAndMutations.swift in Sources */,
				AB36A0020000000000000001 /* AuditArchitectureBoundaryGateTests+DependenciesAndHygiene.swift in Sources */,
				AB36A0030000000000000001 /* AuditArchitectureBoundaryGateTests+BridgeCallsiteGates.swift in Sources */,
				AB36A0040000000000000001 /* AuditArchitectureBoundaryGateTests+LocaleGates.swift in Sources */,
				AB37B0010000000000000001 /* AuditGateTests+ArchitectureAndIsolation.swift in Sources */,
				AB37B0020000000000000001 /* AuditGateTests+StaticAndSerialization.swift in Sources */,
				AB37B0030000000000000001 /* AuditGateTests+LegacyAndDeterminism.swift in Sources */,
				AB37B0040000000000000001 /* AuditGateTests+AssetsAndRuntimeBoundaries.swift in Sources */,
				PG00001500000000000000001 /* ProfileGateTests.swift in Sources */,
				EXPRBF010000000000000001 /* ExpressionParserTests.swift in Sources */,
				TH00000300000000000000001 /* TestContentLoader.swift in Sources */,
				CT00000000000010 /* PackLoaderTests.swift in Sources */,
				CT00000000000020 /* ContentRegistryTests.swift in Sources */,
				CMT0000100000000000000001 /* ContentManagerTests.swift in Sources */,
				HR00000000000010 /* HeroRegistryTests.swift in Sources */,
				HP00000000000010 /* HeroPanelTests.swift in Sources */,
				01856FA4AED657E11739268F /* DesignSystemComplianceTests.swift in Sources */,
				CC000002000000000000001B /* ContrastComplianceTests.swift in Sources */,
				E9601DE7AB72AE3B9035899A /* CodeHygieneTests.swift in Sources */,
				CHGXPR010000000000000001 /* CodeHygieneTests+XcodeProjectStructure.swift in Sources */,
				CHGXPI010000000000000001 /* CodeHygieneTests+XcodeProjectIntegrity.swift in Sources */,
				6352A5DDAB8A087797D247C9 /* ContentValidationTests.swift in Sources */,
				C80DC6128F371177237472A1 /* ConditionValidatorTests.swift in Sources */,
				0869558992AD64C9C9AC00CB /* LocalizationValidatorTests.swift in Sources */,
				0A1C2D3E4F5A6B7C8D9E0F1A /* LocalizationCompletenessTests.swift in Sources */,
				8B5C529E75755A127084F62A /* SourcePathResolver.swift in Sources */,
				4748A720AAB2F6E8C7247419 /* DispositionCardPlayGateTests.swift in Sources */,
				1EA4518FD1D6F207BD1464B5 /* DispositionArchBoundaryGateTests.swift in Sources */,
				A17EABC43572E702B3A65946 /* DispositionSceneGateTests.swift in Sources */,
			);
			runOnlyForDeploymentPostprocessing = 0;
		};
		PES0010000000000PE000001 /* Sources */ = {
			isa = PBXSourcesBuildPhase;
			buildActionMask = 2147483647;
			files = (
				PEB0010000000000PE000001 /* PackEditorApp.swift in Sources */,
			);
			runOnlyForDeploymentPostprocessing = 0;
		};
/* End PBXSourcesBuildPhase section */

/* Begin PBXTargetDependency section */
		BB0002020000000000000001 /* PBXTargetDependency */ = {
			isa = PBXTargetDependency;
			target = AA0000300000000000000001 /* CardSampleGame */;
			targetProxy = BB0002010000000000000001 /* PBXContainerItemProxy */;
		};
/* End PBXTargetDependency section */

/* Begin PBXVariantGroup section */
		AA0000450000000000000001 /* Localizable.strings */ = {
			isa = PBXVariantGroup;
			children = (
				AA0000440000000000000001 /* en */,
				AA0000460000000000000001 /* ru */,
			);
			name = Localizable.strings;
			sourceTree = "<group>";
		};
/* End PBXVariantGroup section */

/* Begin XCBuildConfiguration section */
		AA0000360000000000000001 /* Debug */ = {
			isa = XCBuildConfiguration;
			buildSettings = {
				ALWAYS_SEARCH_USER_PATHS = NO;
				ASSETCATALOG_COMPILER_GENERATE_SWIFT_ASSET_SYMBOL_EXTENSIONS = YES;
				CLANG_ANALYZER_NONNULL = YES;
				CLANG_ANALYZER_NUMBER_OBJECT_CONVERSION = YES_AGGRESSIVE;
				CLANG_CXX_LANGUAGE_STANDARD = "gnu++20";
				CLANG_ENABLE_MODULES = YES;
				CLANG_ENABLE_OBJC_ARC = YES;
				CLANG_ENABLE_OBJC_WEAK = YES;
				CLANG_WARN_BLOCK_CAPTURE_AUTORELEASING = YES;
				CLANG_WARN_BOOL_CONVERSION = YES;
				CLANG_WARN_COMMA = YES;
				CLANG_WARN_CONSTANT_CONVERSION = YES;
				CLANG_WARN_DEPRECATED_OBJC_IMPLEMENTATIONS = YES;
				CLANG_WARN_DIRECT_OBJC_ISA_USAGE = YES_ERROR;
				CLANG_WARN_DOCUMENTATION_COMMENTS = YES;
				CLANG_WARN_EMPTY_BODY = YES;
				CLANG_WARN_ENUM_CONVERSION = YES;
				CLANG_WARN_INFINITE_RECURSION = YES;
				CLANG_WARN_INT_CONVERSION = YES;
				CLANG_WARN_NON_LITERAL_NULL_CONVERSION = YES;
				CLANG_WARN_OBJC_IMPLICIT_RETAIN_SELF = YES;
				CLANG_WARN_OBJC_LITERAL_CONVERSION = YES;
				CLANG_WARN_OBJC_ROOT_CLASS = YES_ERROR;
				CLANG_WARN_QUOTED_INCLUDE_IN_FRAMEWORK_HEADER = YES;
				CLANG_WARN_RANGE_LOOP_ANALYSIS = YES;
				CLANG_WARN_STRICT_PROTOTYPES = YES;
				CLANG_WARN_SUSPICIOUS_MOVE = YES;
				CLANG_WARN_UNGUARDED_AVAILABILITY = YES_AGGRESSIVE;
				CLANG_WARN_UNREACHABLE_CODE = YES;
				CLANG_WARN__DUPLICATE_METHOD_MATCH = YES;
				COPY_PHASE_STRIP = NO;
				DEBUG_INFORMATION_FORMAT = dwarf;
				ENABLE_STRICT_OBJC_MSGSEND = YES;
				ENABLE_TESTABILITY = YES;
				ENABLE_USER_SCRIPT_SANDBOXING = YES;
				GCC_C_LANGUAGE_STANDARD = gnu17;
				GCC_DYNAMIC_NO_PIC = NO;
				GCC_NO_COMMON_BLOCKS = YES;
				GCC_OPTIMIZATION_LEVEL = 0;
				GCC_PREPROCESSOR_DEFINITIONS = (
					"DEBUG=1",
					"$(inherited)",
				);
				GCC_WARN_64_TO_32_BIT_CONVERSION = YES;
				GCC_WARN_ABOUT_RETURN_TYPE = YES_ERROR;
				GCC_WARN_UNDECLARED_SELECTOR = YES;
				GCC_WARN_UNINITIALIZED_AUTOS = YES_AGGRESSIVE;
				GCC_WARN_UNUSED_FUNCTION = YES;
				GCC_WARN_UNUSED_VARIABLE = YES;
				IPHONEOS_DEPLOYMENT_TARGET = 16.0;
				LOCALIZATION_PREFERS_STRING_CATALOGS = YES;
				MTL_ENABLE_DEBUG_INFO = INCLUDE_SOURCE;
				MTL_FAST_MATH = YES;
				ONLY_ACTIVE_ARCH = YES;
				SDKROOT = iphoneos;
				SWIFT_ACTIVE_COMPILATION_CONDITIONS = "DEBUG $(inherited)";
				SWIFT_OPTIMIZATION_LEVEL = "-Onone";
			};
			name = Debug;
		};
		AA0000370000000000000001 /* Release */ = {
			isa = XCBuildConfiguration;
			buildSettings = {
				ALWAYS_SEARCH_USER_PATHS = NO;
				ASSETCATALOG_COMPILER_GENERATE_SWIFT_ASSET_SYMBOL_EXTENSIONS = YES;
				CLANG_ANALYZER_NONNULL = YES;
				CLANG_ANALYZER_NUMBER_OBJECT_CONVERSION = YES_AGGRESSIVE;
				CLANG_CXX_LANGUAGE_STANDARD = "gnu++20";
				CLANG_ENABLE_MODULES = YES;
				CLANG_ENABLE_OBJC_ARC = YES;
				CLANG_ENABLE_OBJC_WEAK = YES;
				CLANG_WARN_BLOCK_CAPTURE_AUTORELEASING = YES;
				CLANG_WARN_BOOL_CONVERSION = YES;
				CLANG_WARN_COMMA = YES;
				CLANG_WARN_CONSTANT_CONVERSION = YES;
				CLANG_WARN_DEPRECATED_OBJC_IMPLEMENTATIONS = YES;
				CLANG_WARN_DIRECT_OBJC_ISA_USAGE = YES_ERROR;
				CLANG_WARN_DOCUMENTATION_COMMENTS = YES;
				CLANG_WARN_EMPTY_BODY = YES;
				CLANG_WARN_ENUM_CONVERSION = YES;
				CLANG_WARN_INFINITE_RECURSION = YES;
				CLANG_WARN_INT_CONVERSION = YES;
				CLANG_WARN_NON_LITERAL_NULL_CONVERSION = YES;
				CLANG_WARN_OBJC_IMPLICIT_RETAIN_SELF = YES;
				CLANG_WARN_OBJC_LITERAL_CONVERSION = YES;
				CLANG_WARN_OBJC_ROOT_CLASS = YES_ERROR;
				CLANG_WARN_QUOTED_INCLUDE_IN_FRAMEWORK_HEADER = YES;
				CLANG_WARN_RANGE_LOOP_ANALYSIS = YES;
				CLANG_WARN_STRICT_PROTOTYPES = YES;
				CLANG_WARN_SUSPICIOUS_MOVE = YES;
				CLANG_WARN_UNGUARDED_AVAILABILITY = YES_AGGRESSIVE;
				CLANG_WARN_UNREACHABLE_CODE = YES;
				CLANG_WARN__DUPLICATE_METHOD_MATCH = YES;
				COPY_PHASE_STRIP = NO;
				DEBUG_INFORMATION_FORMAT = "dwarf-with-dsym";
				ENABLE_NS_ASSERTIONS = NO;
				ENABLE_STRICT_OBJC_MSGSEND = YES;
				ENABLE_USER_SCRIPT_SANDBOXING = YES;
				GCC_C_LANGUAGE_STANDARD = gnu17;
				GCC_NO_COMMON_BLOCKS = YES;
				GCC_WARN_64_TO_32_BIT_CONVERSION = YES;
				GCC_WARN_ABOUT_RETURN_TYPE = YES_ERROR;
				GCC_WARN_UNDECLARED_SELECTOR = YES;
				GCC_WARN_UNINITIALIZED_AUTOS = YES_AGGRESSIVE;
				GCC_WARN_UNUSED_FUNCTION = YES;
				GCC_WARN_UNUSED_VARIABLE = YES;
				IPHONEOS_DEPLOYMENT_TARGET = 16.0;
				LOCALIZATION_PREFERS_STRING_CATALOGS = YES;
				MTL_ENABLE_DEBUG_INFO = NO;
				MTL_FAST_MATH = YES;
				SDKROOT = iphoneos;
				SWIFT_COMPILATION_MODE = wholemodule;
				VALIDATE_PRODUCT = YES;
			};
			name = Release;
		};
		AA0000380000000000000001 /* Debug */ = {
			isa = XCBuildConfiguration;
			buildSettings = {
				ASSETCATALOG_COMPILER_APPICON_NAME = AppIcon;
				ASSETCATALOG_COMPILER_GLOBAL_ACCENT_COLOR_NAME = AccentColor;
				CODE_SIGN_ENTITLEMENTS = CardSampleGame.entitlements;
				CODE_SIGN_STYLE = Automatic;
				CURRENT_PROJECT_VERSION = 1;
				DEVELOPMENT_TEAM = "";
				ENABLE_PREVIEWS = YES;
				GENERATE_INFOPLIST_FILE = YES;
				INFOPLIST_KEY_CFBundleDisplayName = "Card Adventure";
				INFOPLIST_KEY_UIApplicationSceneManifest_Generation = YES;
				INFOPLIST_KEY_UIApplicationSupportsIndirectInputEvents = YES;
				INFOPLIST_KEY_UILaunchScreen_Generation = YES;
				INFOPLIST_KEY_UISupportedInterfaceOrientations = UIInterfaceOrientationPortrait;
				INFOPLIST_KEY_UISupportedInterfaceOrientations_iPad = "UIInterfaceOrientationPortrait UIInterfaceOrientationPortraitUpsideDown UIInterfaceOrientationLandscapeLeft UIInterfaceOrientationLandscapeRight";
				LD_RUNPATH_SEARCH_PATHS = (
					"$(inherited)",
					"@executable_path/Frameworks",
				);
				MARKETING_VERSION = 1.0;
				PRODUCT_BUNDLE_IDENTIFIER = com.cardgame.CardSampleGame;
				PRODUCT_NAME = "$(TARGET_NAME)";
				SWIFT_EMIT_LOC_STRINGS = YES;
				SWIFT_VERSION = 5.0;
				TARGETED_DEVICE_FAMILY = "1,2";
			};
			name = Debug;
		};
		AA0000390000000000000001 /* Release */ = {
			isa = XCBuildConfiguration;
			buildSettings = {
				ASSETCATALOG_COMPILER_APPICON_NAME = AppIcon;
				ASSETCATALOG_COMPILER_GLOBAL_ACCENT_COLOR_NAME = AccentColor;
				CODE_SIGN_ENTITLEMENTS = CardSampleGame.entitlements;
				CODE_SIGN_STYLE = Automatic;
				CURRENT_PROJECT_VERSION = 1;
				DEVELOPMENT_TEAM = "";
				ENABLE_PREVIEWS = YES;
				GENERATE_INFOPLIST_FILE = YES;
				INFOPLIST_KEY_CFBundleDisplayName = "Card Adventure";
				INFOPLIST_KEY_UIApplicationSceneManifest_Generation = YES;
				INFOPLIST_KEY_UIApplicationSupportsIndirectInputEvents = YES;
				INFOPLIST_KEY_UILaunchScreen_Generation = YES;
				INFOPLIST_KEY_UISupportedInterfaceOrientations = UIInterfaceOrientationPortrait;
				INFOPLIST_KEY_UISupportedInterfaceOrientations_iPad = "UIInterfaceOrientationPortrait UIInterfaceOrientationPortraitUpsideDown UIInterfaceOrientationLandscapeLeft UIInterfaceOrientationLandscapeRight";
				LD_RUNPATH_SEARCH_PATHS = (
					"$(inherited)",
					"@executable_path/Frameworks",
				);
				MARKETING_VERSION = 1.0;
				PRODUCT_BUNDLE_IDENTIFIER = com.cardgame.CardSampleGame;
				PRODUCT_NAME = "$(TARGET_NAME)";
				SWIFT_EMIT_LOC_STRINGS = YES;
				SWIFT_VERSION = 5.0;
				TARGETED_DEVICE_FAMILY = "1,2";
			};
			name = Release;
		};
		BB0000070000000000000001 /* Debug */ = {
			isa = XCBuildConfiguration;
			buildSettings = {
				BUNDLE_LOADER = "$(TEST_HOST)";
				CODE_SIGN_STYLE = Automatic;
				CURRENT_PROJECT_VERSION = 1;
				DEVELOPMENT_TEAM = "";
				GENERATE_INFOPLIST_FILE = YES;
				IPHONEOS_DEPLOYMENT_TARGET = 16.0;
				MARKETING_VERSION = 1.0;
				PRODUCT_BUNDLE_IDENTIFIER = com.cardgame.CardSampleGameTests;
				PRODUCT_NAME = "$(TARGET_NAME)";
				SWIFT_EMIT_LOC_STRINGS = NO;
				SWIFT_VERSION = 5.0;
				TARGETED_DEVICE_FAMILY = "1,2";
				TEST_HOST = "$(BUILT_PRODUCTS_DIR)/CardSampleGame.app/$(BUNDLE_EXECUTABLE_FOLDER_PATH)/CardSampleGame";
			};
			name = Debug;
		};
		BB0000080000000000000001 /* Release */ = {
			isa = XCBuildConfiguration;
			buildSettings = {
				BUNDLE_LOADER = "$(TEST_HOST)";
				CODE_SIGN_STYLE = Automatic;
				CURRENT_PROJECT_VERSION = 1;
				DEVELOPMENT_TEAM = "";
				GENERATE_INFOPLIST_FILE = YES;
				IPHONEOS_DEPLOYMENT_TARGET = 16.0;
				MARKETING_VERSION = 1.0;
				PRODUCT_BUNDLE_IDENTIFIER = com.cardgame.CardSampleGameTests;
				PRODUCT_NAME = "$(TARGET_NAME)";
				SWIFT_EMIT_LOC_STRINGS = NO;
				SWIFT_VERSION = 5.0;
				TARGETED_DEVICE_FAMILY = "1,2";
				TEST_HOST = "$(BUILT_PRODUCTS_DIR)/CardSampleGame.app/$(BUNDLE_EXECUTABLE_FOLDER_PATH)/CardSampleGame";
			};
			name = Release;
		};
		PED0010000000000PE000001 /* Debug */ = {
			isa = XCBuildConfiguration;
			buildSettings = {
				CODE_SIGN_STYLE = Automatic;
				COMBINE_HIDPI_IMAGES = YES;
				CURRENT_PROJECT_VERSION = 1;
				DEVELOPMENT_TEAM = "";
				ENABLE_PREVIEWS = YES;
				GENERATE_INFOPLIST_FILE = YES;
				INFOPLIST_KEY_NSMainStoryboardFile = "";
				INFOPLIST_KEY_NSPrincipalClass = NSApplication;
				LD_RUNPATH_SEARCH_PATHS = (
					"$(inherited)",
					"@executable_path/../Frameworks",
				);
				MACOSX_DEPLOYMENT_TARGET = 13.0;
				MARKETING_VERSION = 1.0;
				PRODUCT_BUNDLE_IDENTIFIER = com.cardgame.packeditor;
				PRODUCT_NAME = "$(TARGET_NAME)";
				SDKROOT = macosx;
				SWIFT_EMIT_LOC_STRINGS = YES;
				SWIFT_VERSION = 5.0;
			};
			name = Debug;
		};
		PED0020000000000PE000001 /* Release */ = {
			isa = XCBuildConfiguration;
			buildSettings = {
				CODE_SIGN_STYLE = Automatic;
				COMBINE_HIDPI_IMAGES = YES;
				CURRENT_PROJECT_VERSION = 1;
				DEVELOPMENT_TEAM = "";
				ENABLE_PREVIEWS = YES;
				GENERATE_INFOPLIST_FILE = YES;
				INFOPLIST_KEY_NSMainStoryboardFile = "";
				INFOPLIST_KEY_NSPrincipalClass = NSApplication;
				LD_RUNPATH_SEARCH_PATHS = (
					"$(inherited)",
					"@executable_path/../Frameworks",
				);
				MACOSX_DEPLOYMENT_TARGET = 13.0;
				MARKETING_VERSION = 1.0;
				PRODUCT_BUNDLE_IDENTIFIER = com.cardgame.packeditor;
				PRODUCT_NAME = "$(TARGET_NAME)";
				SDKROOT = macosx;
				SWIFT_EMIT_LOC_STRINGS = YES;
				SWIFT_VERSION = 5.0;
			};
			name = Release;
		};
/* End XCBuildConfiguration section */

/* Begin XCConfigurationList section */
		AA0000310000000000000001 /* Build configuration list for PBXNativeTarget "CardSampleGame" */ = {
			isa = XCConfigurationList;
			buildConfigurations = (
				AA0000380000000000000001 /* Debug */,
				AA0000390000000000000001 /* Release */,
			);
			defaultConfigurationIsVisible = 0;
			defaultConfigurationName = Release;
		};
		AA0000350000000000000001 /* Build configuration list for PBXProject "CardSampleGame" */ = {
			isa = XCConfigurationList;
			buildConfigurations = (
				AA0000360000000000000001 /* Debug */,
				AA0000370000000000000001 /* Release */,
			);
			defaultConfigurationIsVisible = 0;
			defaultConfigurationName = Release;
		};
		BB0000040000000000000001 /* Build configuration list for PBXNativeTarget "CardSampleGameTests" */ = {
			isa = XCConfigurationList;
			buildConfigurations = (
				BB0000070000000000000001 /* Debug */,
				BB0000080000000000000001 /* Release */,
			);
			defaultConfigurationIsVisible = 0;
			defaultConfigurationName = Release;
		};
		PEC0010000000000PE000001 /* Build configuration list for PBXNativeTarget "PackEditor" */ = {
			isa = XCConfigurationList;
			buildConfigurations = (
				PED0010000000000PE000001 /* Debug */,
				PED0020000000000PE000001 /* Release */,
			);
			defaultConfigurationIsVisible = 0;
			defaultConfigurationName = Release;
		};
/* End XCConfigurationList section */

/* Begin XCLocalSwiftPackageReference section */
		PEAPKG0000000000PE000001 /* XCLocalSwiftPackageReference "PackEditorApp" */ = {
			isa = XCLocalSwiftPackageReference;
			relativePath = Packages/PackEditorApp;
		};
		PKG0010000000000000000001 /* XCLocalSwiftPackageReference "TwilightEngine" */ = {
			isa = XCLocalSwiftPackageReference;
			relativePath = Packages/TwilightEngine;
		};
		PKG0012000000000000000001 /* XCLocalSwiftPackageReference "CoreHeroes" */ = {
			isa = XCLocalSwiftPackageReference;
			relativePath = Packages/CharacterPacks/CoreHeroes;
		};
		PKG0013000000000000000001 /* XCLocalSwiftPackageReference "TwilightMarchesActI" */ = {
			isa = XCLocalSwiftPackageReference;
			relativePath = Packages/StoryPacks/Season1/TwilightMarchesActI;
		};
		PKG0030000000000000000001 /* XCLocalSwiftPackageReference "PackEditorKit" */ = {
			isa = XCLocalSwiftPackageReference;
			relativePath = Packages/PackEditorKit;
		};
		PKG0040000000000000000001 /* XCLocalSwiftPackageReference "EchoEngine" */ = {
			isa = XCLocalSwiftPackageReference;
			relativePath = Packages/EchoEngine;
		};
		PKG0041000000000000000001 /* XCLocalSwiftPackageReference "EchoScenes" */ = {
			isa = XCLocalSwiftPackageReference;
			relativePath = Packages/EchoScenes;
		};
/* End XCLocalSwiftPackageReference section */

/* Begin XCSwiftPackageProductDependency section */
		PEAPPD0000000000PE000001 /* PackEditorApp */ = {
			isa = XCSwiftPackageProductDependency;
			productName = PackEditorApp;
		};
		PEPKG10000000000PE000001 /* TwilightEngine */ = {
			isa = XCSwiftPackageProductDependency;
			productName = TwilightEngine;
		};
		PEPKG20000000000PE000001 /* PackAuthoring */ = {
			isa = XCSwiftPackageProductDependency;
			productName = PackAuthoring;
		};
		PEPKG30000000000PE000001 /* PackEditorKit */ = {
			isa = XCSwiftPackageProductDependency;
			productName = PackEditorKit;
		};
		PKG0002000000000000000001 /* TwilightEngine */ = {
			isa = XCSwiftPackageProductDependency;
			productName = TwilightEngine;
		};
		PKG0014000000000000000001 /* CoreHeroesContent */ = {
			isa = XCSwiftPackageProductDependency;
			productName = CoreHeroesContent;
		};
		PKG0015000000000000000001 /* TwilightMarchesActIContent */ = {
			isa = XCSwiftPackageProductDependency;
			productName = TwilightMarchesActIContent;
		};
		PKG0016000000000000000001 /* CoreHeroesContent */ = {
			isa = XCSwiftPackageProductDependency;
			productName = CoreHeroesContent;
		};
		PKG0017000000000000000001 /* TwilightMarchesActIContent */ = {
			isa = XCSwiftPackageProductDependency;
			productName = TwilightMarchesActIContent;
		};
		PKG0023000000000000000001 /* PackAuthoring */ = {
			isa = XCSwiftPackageProductDependency;
			productName = PackAuthoring;
		};
		PKG0042000000000000000001 /* EchoEngine */ = {
			isa = XCSwiftPackageProductDependency;
			productName = EchoEngine;
		};
		PKG0043000000000000000001 /* EchoScenes */ = {
			isa = XCSwiftPackageProductDependency;
			productName = EchoScenes;
		};
/* End XCSwiftPackageProductDependency section */
	};
	rootObject = AA0000340000000000000001 /* Project object */;
}
